// !$*UTF8*$!
{
	archiveVersion = 1;
	classes = {
	};
	objectVersion = 50;
	objects = {

/* Begin PBXBuildFile section */
		041178EDE5810B618DB547A063D35B1F /* MockDustInfoService.swift in Sources */ = {isa = PBXBuildFile; fileRef = 2ED69B22F05A54CB9BA9B74800B0315B /* MockDustInfoService.swift */; };
		04A572D5E9209E88FC7B31057CCE14ED /* GeocoderManagerType.swift in Sources */ = {isa = PBXBuildFile; fileRef = 0C4940A5123686A4719A1384D7DF89EA /* GeocoderManagerType.swift */; };
		0902E7B6288B1F6B38A1FA941EF9D737 /* CALayer+.swift in Sources */ = {isa = PBXBuildFile; fileRef = AD13F7185E86398B09AE891F1343AA5E /* CALayer+.swift */; };
		0917DB9E9194EEB899B4F60DA22740D6 /* Notification+.swift in Sources */ = {isa = PBXBuildFile; fileRef = D95A001CD86310390C178DE4491E6570 /* Notification+.swift */; };
		094F84EF62C9907F1D9544F34E1B0613 /* TestDustInfoManager.swift in Sources */ = {isa = PBXBuildFile; fileRef = 426C701A827BC6DA8F3D6120768DD485 /* TestDustInfoManager.swift */; };
		0C6FE5F2FBFA0CC849F3B0EB0B3A6C3D /* DustObservatoryManager.swift in Sources */ = {isa = PBXBuildFile; fileRef = 75A186092B1BADAC944224E6C56830FE /* DustObservatoryManager.swift */; };
		0CD1740E330718AD9F6C5C529AD7B10F /* swiftgen.yml in Resources */ = {isa = PBXBuildFile; fileRef = FE84CBEDDE8ED4F39D8B0BA3C4F7A506 /* swiftgen.yml */; };
		0D7D9170D64C59CBFDF5B3B699E135B9 /* XMLError.swift in Sources */ = {isa = PBXBuildFile; fileRef = 50271B13372C2F87ABAADF29353AEDEC /* XMLError.swift */; };
		0F99D43AFB7714E3367A58D454482FC1 /* HTTPStatusCode.swift in Sources */ = {isa = PBXBuildFile; fileRef = 809DFB48CC77B219543B775E38C70D48 /* HTTPStatusCode.swift */; };
		101A02C9E2507574C9C3C458F04F73B0 /* DummyDustInfoService.swift in Sources */ = {isa = PBXBuildFile; fileRef = AE0671DD8371627430E075564C0E7979 /* DummyDustInfoService.swift */; };
		13DABA8D64DA1F3908824430DEBCB5ED /* Toast.swift in Sources */ = {isa = PBXBuildFile; fileRef = 757928E2CDD9423CB0AA2F81822DC8FF /* Toast.swift */; };
		143EA2EB38E9FEC47ADE3105ACBFCFD4 /* DustInfoServiceType.swift in Sources */ = {isa = PBXBuildFile; fileRef = E2F1B9F9201ADFBC9619BED293B7E3E5 /* DustInfoServiceType.swift */; };
		1F8405E32EEF66BD14AAC45BD82369DD /* NSLayoutAnchor+.swift in Sources */ = {isa = PBXBuildFile; fileRef = 978E9708A1C5C90982083446DDFDF57E /* NSLayoutAnchor+.swift */; };
		204861CD1D98F7238EA6235CF28AB641 /* GeoConverter.swift in Sources */ = {isa = PBXBuildFile; fileRef = 9DD3AAD051DF7FFF74B2A70DEBC077F4 /* GeoConverter.swift */; };
		204D5CCDCF0215098F02993D13C3EBFE /* .swiftlint.yml in Resources */ = {isa = PBXBuildFile; fileRef = 90760EFD0D5A2BDBAF4D75058A09EC0A /* .swiftlint.yml */; };
		20CA4CC9EEF0809549D22652D5C0C4D4 /* FeedbackListViewController.swift in Sources */ = {isa = PBXBuildFile; fileRef = E8438C43EE32ED8F13670899C1B1F531 /* FeedbackListViewController.swift */; };
		210EEBA5B5C8D62C530BA420A3E56CB3 /* TestDustObservatoryManager.swift in Sources */ = {isa = PBXBuildFile; fileRef = 0FEC29A250034221A5E0A804B42D47DE /* TestDustObservatoryManager.swift */; };
		254F4FA6169B39876343EB37D9DFD50F /* CoreData+User.swift in Sources */ = {isa = PBXBuildFile; fileRef = 608282B25B2C8A8C81584C48DAD15FA5 /* CoreData+User.swift */; };
		2857D1F7306B342456D836BA06F582AE /* DustResponse.swift in Sources */ = {isa = PBXBuildFile; fileRef = 83C98043155CF43D3E5E4605CB1A88BE /* DustResponse.swift */; };
		28C9DFA76618224E645C133EFD9B1794 /* StatisticsViewController.swift in Sources */ = {isa = PBXBuildFile; fileRef = 58AB4A60A90E8A065BBA6004FB187F89 /* StatisticsViewController.swift */; };
		2B8D866B39C9DD1EBE276B9E25957797 /* RatioGraphView.xib in Resources */ = {isa = PBXBuildFile; fileRef = 4D25EE7795836E28C1E93549BCCE5CF6 /* RatioGraphView.xib */; };
		2C7C0969F7006BB15F448796C3BAA4CB /* FeedbackListServiceType.swift in Sources */ = {isa = PBXBuildFile; fileRef = 893E408D113DF5AABDE273DB50A59452 /* FeedbackListServiceType.swift */; };
		2D1B78BB008EFE83A558370B3BB1C0FB /* CoreDataIntakeManagerType.swift in Sources */ = {isa = PBXBuildFile; fileRef = AD4EE57ED160AC6C9A7CD540C9BE6F42 /* CoreDataIntakeManagerType.swift */; };
		2E0344EDA34A627A756BC20F9B2A791F /* NSObject+.swift in Sources */ = {isa = PBXBuildFile; fileRef = 5DE7F648E3F1AFEF8F2E912807BD956C /* NSObject+.swift */; };
		2FB006573A9F00312586F360AB87E378 /* TestCoreDataService.swift in Sources */ = {isa = PBXBuildFile; fileRef = AF7978BCEC04CA2E0B289F8F7658832C /* TestCoreDataService.swift */; };
		2FE9EACCD90BFAE927F3513966DFB9E9 /* MockCoreDataUserManager.swift in Sources */ = {isa = PBXBuildFile; fileRef = C030BF13A08592DA68194155A6301DB1 /* MockCoreDataUserManager.swift */; };
		31BB13768CFE9F024ABAC13EDC375039 /* DummyNetworkManager.swift in Sources */ = {isa = PBXBuildFile; fileRef = A5B9B66402A9E9E9FCAA8D8E34A15E32 /* DummyNetworkManager.swift */; };
		39E12E1416980561A0B4853AFA96897D /* CoreDataManagerType.swift in Sources */ = {isa = PBXBuildFile; fileRef = E9140914E0E6FA48B11C35EA021DF402 /* CoreDataManagerType.swift */; };
		3A3311B6956D8744945D53D24522A353 /* MockCoreDataService.swift in Sources */ = {isa = PBXBuildFile; fileRef = 0342CD3C7D2B6E682A187DF1E9ADBF1E /* MockCoreDataService.swift */; };
		3A77C8B9693322DF25FF0762A1ECF2AE /* UnitTestREADME.md in Resources */ = {isa = PBXBuildFile; fileRef = 1BA0A52F0ED2A919EC586D53EA6365F7 /* UnitTestREADME.md */; };
		41057EA496BADCA9B72504DFC9FFA23B /* NSLayoutConstraint+.swift in Sources */ = {isa = PBXBuildFile; fileRef = 475FEB0148B502284938C322A1FCE657 /* NSLayoutConstraint+.swift */; };
		42B7E20210A334E844791CA1246D9530 /* ValueGraphViewDataSource.swift in Sources */ = {isa = PBXBuildFile; fileRef = 46148D231458F1D73D6644E885ACAF67 /* ValueGraphViewDataSource.swift */; };
		42C4D6D4F16243CDBAC5299CA6B6F409 /* DummyDustObservatoryManager.swift in Sources */ = {isa = PBXBuildFile; fileRef = 10A450A97E79B482C6E46E50515F9888 /* DummyDustObservatoryManager.swift */; };
		462D589089AD78A0602023722BA86D2C /* MockHealthKitService.swift in Sources */ = {isa = PBXBuildFile; fileRef = 00D9C06AFD48343B0C3E7B05C42671BC /* MockHealthKitService.swift */; };
		485C2BFFB3B3A55ECAA2EA3E5E665B3F /* Date+.swift in Sources */ = {isa = PBXBuildFile; fileRef = 804690DF390A0D47D42527A7CB7C6101 /* Date+.swift */; };
		4CE4896570D07C30AB896D1FD8149D1E /* LocationManager.swift in Sources */ = {isa = PBXBuildFile; fileRef = 15B06554BF855E43B5A5C172F404B7D5 /* LocationManager.swift */; };
		519B7F0016C2C381A823F4E7629D0A85 /* HealthKit.framework in Frameworks */ = {isa = PBXBuildFile; fileRef = 1E26FB8E681522D59A6D20304C6C35C8 /* HealthKit.framework */; };
		534D8B19FB980B4DD9E0CFEDE428E147 /* CoreDataServiceType.swift in Sources */ = {isa = PBXBuildFile; fileRef = D74B80120009C12DE2F13DEF9A00AEF0 /* CoreDataServiceType.swift */; };
		563A95DB8198B51C3DC0B7B6BE64DDA3 /* ValueGraphView.xib in Resources */ = {isa = PBXBuildFile; fileRef = 6BBF617E080BA66253C23B9EDB38263E /* ValueGraphView.xib */; };
		5754F10E842FB7206E831C013BC62DAE /* DustObservatoryManagerType.swift in Sources */ = {isa = PBXBuildFile; fileRef = 3DC209D25C37C66A4575AE2D9DF76130 /* DustObservatoryManagerType.swift */; };
		585EA738C1263AEEE97962712EA4788B /* ServiceErrorType.swift in Sources */ = {isa = PBXBuildFile; fileRef = DFACB8B8A628164CA222887EEA285687 /* ServiceErrorType.swift */; };
		58FABA83FEFC33CBA9C0A3DA3DE2BEEE /* CoreDataManager.swift in Sources */ = {isa = PBXBuildFile; fileRef = ED5E4B656EA720CF29B382D3FE7AE8ED /* CoreDataManager.swift */; };
		5BF160CCADAB359002B99C3FC6EEB91A /* HTTPError.swift in Sources */ = {isa = PBXBuildFile; fileRef = B1D6864AEA6750FFD363FB96B9D8B3A0 /* HTTPError.swift */; };
		5C7A02F9CEE3F4A4A79E457AFEDCEBAF /* Main.storyboard in Resources */ = {isa = PBXBuildFile; fileRef = EE1273B4F655106F72F602D38FC779D2 /* Main.storyboard */; };
		5D7AEAF00ACF84511AC381D39D0EC67E /* TestIntakeService.swift in Sources */ = {isa = PBXBuildFile; fileRef = 8E94357793256E8258A0F3F7DDBE6DB8 /* TestIntakeService.swift */; };
		5EE4CA05CA601AABFDC6F3D1989D135F /* RecommendCollectionViewCell.swift in Sources */ = {isa = PBXBuildFile; fileRef = 48BE6C39A1E9F23DBD0C1AF1B0E3DD9B /* RecommendCollectionViewCell.swift */; };
		5F5DC6B6EFC8FB4B7C9F42E962925929 /* CoreDataIntakeManager.swift in Sources */ = {isa = PBXBuildFile; fileRef = 2F56E46F34B3E2D3817AA29F91015C5C /* CoreDataIntakeManager.swift */; };
		5FDA8F214C6E9BDDA2C64DBB2ED640BD /* UIViewController+.swift in Sources */ = {isa = PBXBuildFile; fileRef = 911E3D8169E0F1D9CFF3A6A227748F01 /* UIViewController+.swift */; };
		61456BB8371C8910DFEA1F2E03CB6C81 /* ProgressIndicator.swift in Sources */ = {isa = PBXBuildFile; fileRef = F489B34F713CED4C59D8449DF165CA2C /* ProgressIndicator.swift */; };
		618DA42D0AAE01B72083D5BB17E8919C /* HealthKitManager.swift in Sources */ = {isa = PBXBuildFile; fileRef = 347A6FE85C32130023FDA3A74361CAB3 /* HealthKitManager.swift */; };
		61983521903384EDCC1ED4BA5F87BF04 /* RatioGraphViewDataSource.swift in Sources */ = {isa = PBXBuildFile; fileRef = 06C2D54C78218CF91694FD9E94E0D468 /* RatioGraphViewDataSource.swift */; };
		63E1084724B6FC24B6AC7F1C57CEDBFB /* Notification.Name+.swift in Sources */ = {isa = PBXBuildFile; fileRef = D4FF7D101FBB1B823A1C8D8B4D842060 /* Notification.Name+.swift */; };
		66B5FE3AF24D660C65650781493A76BA /* MockDustObservatoryManager.swift in Sources */ = {isa = PBXBuildFile; fileRef = B642BB98DC614672674ADA7E7FEAA0DD /* MockDustObservatoryManager.swift */; };
		67B90B88B78FC798FA44EB480AB2167A /* ObservatoryResponse.swift in Sources */ = {isa = PBXBuildFile; fileRef = AF4AD95023734A3CADFEB5F089113191 /* ObservatoryResponse.swift */; };
		6803B70E992E7F2C1A09B3CCA057B883 /* NetworkManagerType.swift in Sources */ = {isa = PBXBuildFile; fileRef = F655208064BCD5D09EC32B3646430324 /* NetworkManagerType.swift */; };
		6A3A385523A062DBF382732DF71B4A7F /* TestDustInfoService.swift in Sources */ = {isa = PBXBuildFile; fileRef = A1F56B7CE2ABD245DD340EE0A2C9DEFC /* TestDustInfoService.swift */; };
		71A3418C5387A0F14C9743BCCCB43BBC /* TestFeedbackListService.swift in Sources */ = {isa = PBXBuildFile; fileRef = 2F983596EF0FD18034F3E35108C70ECC /* TestFeedbackListService.swift */; };
		73E17575954CD283AB780AF418B0B695 /* JSONManager.swift in Sources */ = {isa = PBXBuildFile; fileRef = 5E5C390A35DCD90C43B0702BDC3C825C /* JSONManager.swift */; };
		740464EE62794055771F2E4C9D0035C0 /* Assets.xcassets in Resources */ = {isa = PBXBuildFile; fileRef = F4ABB05FB0A25453FC7A9EE002373931 /* Assets.xcassets */; };
		761345E0591820A820DBB44A79B1FB76 /* Assets.swift in Sources */ = {isa = PBXBuildFile; fileRef = 51F57EA71672D592C503198144E3648E /* Assets.swift */; };
		78460935F8D933BB0B289AF0A2352619 /* UIView+NSLayoutAnchor.swift in Sources */ = {isa = PBXBuildFile; fileRef = 98B4BE46BFB958F5BEA81116B5B5279F /* UIView+NSLayoutAnchor.swift */; };
		7B28D176B8026581EE3B56141483C34D /* HealthKitManagerType.swift in Sources */ = {isa = PBXBuildFile; fileRef = 80E2736AB0D4478F84705BDDA97BD8CA /* HealthKitManagerType.swift */; };
		81536FD4F73F47271F106C2EEB814960 /* DustManager.swift in Sources */ = {isa = PBXBuildFile; fileRef = BF4CAFFF2F8B581994F8CFE876638E4E /* DustManager.swift */; };
		81D20E9CADF01244ADFC634BACFD4A02 /* DummyJSONManager.swift in Sources */ = {isa = PBXBuildFile; fileRef = 3E18EF4EFB5BFEBF0FF294BACC38A595 /* DummyJSONManager.swift */; };
		8311DEFE3A71615C51B3BE1D582E79E0 /* DustInfoManagerType.swift in Sources */ = {isa = PBXBuildFile; fileRef = ED585E71752C3FCEFC3DB7DEAEAF68A2 /* DustInfoManagerType.swift */; };
		8A417846DD692018FCA21EF813914B1E /* MockHealthKitManager.swift in Sources */ = {isa = PBXBuildFile; fileRef = EE6287CE8EC60C4A3AD1C4B219CEF3F5 /* MockHealthKitManager.swift */; };
		8A850213B84E4BADA60BA0AFF9518D5D /* DustGrade.swift in Sources */ = {isa = PBXBuildFile; fileRef = D8EC047C4F060467C8A0D71A5763D757 /* DustGrade.swift */; };
		8FF34724E605CABA4F9FAA49F7E958DC /* XMLParsingType.swift in Sources */ = {isa = PBXBuildFile; fileRef = 771ADF487575031701FD3CE29CBA228C /* XMLParsingType.swift */; };
		902AEE393C167BFDE0698F2C1236F783 /* UIAlertController+.swift in Sources */ = {isa = PBXBuildFile; fileRef = 499FC240839E34C3B6FE55023AAF42C2 /* UIAlertController+.swift */; };
		903E208AE17937B16838933B4868B59E /* IntakeServiceType.swift in Sources */ = {isa = PBXBuildFile; fileRef = 2C28E309F3241211358B41BF2B80DD50 /* IntakeServiceType.swift */; };
		92FA4FA3264E8711AA9ECCEA1FB19171 /* SWXMLHash.swift in Sources */ = {isa = PBXBuildFile; fileRef = 3ED9F5C745EDCD59477C03590C70F9D2 /* SWXMLHash.swift */; };
		945F8AE930CB66E8CF13E3ADC970C3D4 /* DustInfoManager.swift in Sources */ = {isa = PBXBuildFile; fileRef = F9E7157DC9FD660275C049CF786F487E /* DustInfoManager.swift */; };
		959228DE936B1B4EB610C4992BB3F45C /* DataTerm.swift in Sources */ = {isa = PBXBuildFile; fileRef = DCB3A0C58F91C851019700A53DC3C53D /* DataTerm.swift */; };
		969D802D2C46D8BBCBD5A54468DE3B7D /* LocationTaskError.swift in Sources */ = {isa = PBXBuildFile; fileRef = 76E69A47910A3D0315E51E74FAE1239E /* LocationTaskError.swift */; };
		977ECFA384F7EE88E01C5B276680F78A /* TestHealthKitService.swift in Sources */ = {isa = PBXBuildFile; fileRef = 985BB182EE3791206435A2EB85840E17 /* TestHealthKitService.swift */; };
		98FA95AD469CE9B02B82BCE3C4F16F3E /* XMLManager.swift in Sources */ = {isa = PBXBuildFile; fileRef = 6DEEE5C27474765434A333169934EB80 /* XMLManager.swift */; };
		9960E4528C1A31B56BD1182E0A91AE8F /* LocationManagerType.swift in Sources */ = {isa = PBXBuildFile; fileRef = DB60A7D36168E1C32069A6F80E0EC0D4 /* LocationManagerType.swift */; };
		9DBFC7AB6704D4E8983F2F1DAF56E373 /* DustFeedback.swift in Sources */ = {isa = PBXBuildFile; fileRef = 7602A432174330BBC17B1E697D350626 /* DustFeedback.swift */; };
		9E6F27BA884D082B48A8C33F8088422D /* RatioGraphView.swift in Sources */ = {isa = PBXBuildFile; fileRef = 41ABD37F289096BED279C69EBF05CBBB /* RatioGraphView.swift */; };
		9F279A52C66E2F0C48EB4A13EDE3CE65 /* MockJSONManager.swift in Sources */ = {isa = PBXBuildFile; fileRef = C50389C80E73BBD8FFA4331D7EC43144 /* MockJSONManager.swift */; };
		A0221EFCD87D0BA93CDD31C167E4DF2E /* UIColor+.swift in Sources */ = {isa = PBXBuildFile; fileRef = DB9A6ED48D7730E8191DF882910D907E /* UIColor+.swift */; };
		A1C71E8BD3599B3BBE95696C2FEBA10D /* XMLIndexer+XMLIndexerDeserializable.swift in Sources */ = {isa = PBXBuildFile; fileRef = 6EF6A6BF012251BC2597AC59B17DA1EC /* XMLIndexer+XMLIndexerDeserializable.swift */; };
		A51E6DAD7010A2182F400DB983564D54 /* RecentDustInfo.swift in Sources */ = {isa = PBXBuildFile; fileRef = FEBB8C71A7FB362DC9A9A7D132534A56 /* RecentDustInfo.swift */; };
		A524CDA9285DDC778CC0CF4EB2F4F6C3 /* DummyDustInfoManager.swift in Sources */ = {isa = PBXBuildFile; fileRef = 50F5FF25E64FE0BB4F30FB013BE3C831 /* DummyDustInfoManager.swift */; };
		A7D775E7BD2742C9F215C05EC30481BE /* FeedbackListService.swift in Sources */ = {isa = PBXBuildFile; fileRef = 15C67504047F83769B8622AD0D05A620 /* FeedbackListService.swift */; };
		A91D83975CED5DB65ED352B523335AB2 /* LaunchScreen.storyboard in Resources */ = {isa = PBXBuildFile; fileRef = D764E2C19ACD93F21236E2C52D091FFB /* LaunchScreen.storyboard */; };
		A951150290C32A8CBDD522094B8398A0 /* GeocoderManager.swift in Sources */ = {isa = PBXBuildFile; fileRef = 8215D70BB6DCDAD324A3D700C35885F9 /* GeocoderManager.swift */; };
		AF5A997903507F5F9B1FF620F977876E /* Typealias.swift in Sources */ = {isa = PBXBuildFile; fileRef = BD765F536A1105FE2055510D17AF4578 /* Typealias.swift */; };
		B2BB14A56A22329527F75FC0D39915E0 /* Hour.swift in Sources */ = {isa = PBXBuildFile; fileRef = 768ED33DE8C563664122534CC0337E8E /* Hour.swift */; };
		B488A42E26961E356F434BEF339ABF8A /* MockDustInfoManager.swift in Sources */ = {isa = PBXBuildFile; fileRef = 2A86957F2DF71F8AA3D7F5948D81C3A4 /* MockDustInfoManager.swift */; };
		B500997103DB43D02E812611C3454782 /* Statistics.storyboard in Resources */ = {isa = PBXBuildFile; fileRef = DC70CCB69DBB1D392CC698DA0DC29071 /* Statistics.storyboard */; };
		BA45B98CB11CC8D859EBA76342CF6029 /* Common.storyboard in Resources */ = {isa = PBXBuildFile; fileRef = 837F021C44F34498596E7FCE85A20B51 /* Common.storyboard */; };
		BBBD3AE9B89959F369982ED61D92A484 /* DustManagerType.swift in Sources */ = {isa = PBXBuildFile; fileRef = A676EFF72285A1967BBDB66334753660 /* DustManagerType.swift */; };
		BCC0B3548859395D1A8AC4E8FEB98FC1 /* CoreDataUserManager.swift in Sources */ = {isa = PBXBuildFile; fileRef = C4634B7B2002DF4C7627AD504DEF69FF /* CoreDataUserManager.swift */; };
		BF5FC1431BDC92705CCF4D4560AF99BB /* XMLManagerType.swift in Sources */ = {isa = PBXBuildFile; fileRef = E4060A3D7997001798FC10629858A3AE /* XMLManagerType.swift */; };
		BF8FDD73C3CB256E7A640BE952DAB4ED /* HTTPMethod.swift in Sources */ = {isa = PBXBuildFile; fileRef = A7D1CBCB05A905AE4917A0CEA861699F /* HTTPMethod.swift */; };
		BFA9B24EA42B5531A4E033E71F4F8EDD /* String+.swift in Sources */ = {isa = PBXBuildFile; fileRef = 43A9E8FB49A9FF5D6049F1AA935B3EAD /* String+.swift */; };
		C227239079D47CDEC9F72FAEDA56B178 /* FeedbackListTableViewCell.swift in Sources */ = {isa = PBXBuildFile; fileRef = B059EEA2F5DED858EF5951E9018C8A75 /* FeedbackListTableViewCell.swift */; };
		C33546D723737ADFD171EBB0CD18C1BF /* NSLayoutDimension+.swift in Sources */ = {isa = PBXBuildFile; fileRef = C0BD575BEB17D9D2493F29578956C779 /* NSLayoutDimension+.swift */; };
		C921D4C99DA13AEB953E512F475F15C2 /* SharedInfo.swift in Sources */ = {isa = PBXBuildFile; fileRef = 72325220894EE5896332E4971553A6F7 /* SharedInfo.swift */; };
		CCBC032B52F1DABD1309EA3DA21FFD9C /* HealthKitService.swift in Sources */ = {isa = PBXBuildFile; fileRef = 2406BE24347CA0049E4B71E28E45D9E5 /* HealthKitService.swift */; };
		D0765E052D0AF866A0C2843180CF4547 /* DustFeedback.json in Resources */ = {isa = PBXBuildFile; fileRef = 35A803F31E8FA311980BA194EBD8B678 /* DustFeedback.json */; };
		D266A0E2725337BABF52594D5099A298 /* MockNetworkManager.swift in Sources */ = {isa = PBXBuildFile; fileRef = D976382D79F423DA692A7725F5CF5432 /* MockNetworkManager.swift */; };
		D43BB431919BE5B182944EBAA03278BA /* ResponseHeader.swift in Sources */ = {isa = PBXBuildFile; fileRef = EC7247CE1DC76053F18FE04A31CE4860 /* ResponseHeader.swift */; };
		D59B0C772EA94F7C83031FAC2782D678 /* CoreDataService.swift in Sources */ = {isa = PBXBuildFile; fileRef = AB9CACF98D7D17A42ED06FC4ABAEAF81 /* CoreDataService.swift */; };
		D6C73DD4C1CB895E18D09BF9FB9FBDA5 /* JSONManagerType.swift in Sources */ = {isa = PBXBuildFile; fileRef = 5C7A1E57AF58FC89CACB2E06F9BFA22B /* JSONManagerType.swift */; };
		DB84FFAEC8A44B1AF2B17E9E65186CC0 /* DateFormatter+.swift in Sources */ = {isa = PBXBuildFile; fileRef = B9B04B6C2CD4B334A519586D0E91DBCF /* DateFormatter+.swift */; };
		DC03132F456C5888B3D1EAE3CDFEBBD2 /* HealthKitServiceType.swift in Sources */ = {isa = PBXBuildFile; fileRef = E800F476B5CA88E5119389C2D43254EF /* HealthKitServiceType.swift */; };
		DCE1D84855AA9E770D56DBD295DE412E /* AppDelegate.swift in Sources */ = {isa = PBXBuildFile; fileRef = D208A0B65663B22067E6C7CE03E25453 /* AppDelegate.swift */; };
		DDF20BF1181CF217DC8739371363142A /* MainViewController.swift in Sources */ = {isa = PBXBuildFile; fileRef = 384B12B899B6BF360FA830E35534B006 /* MainViewController.swift */; };
		E0E840A70C31D3BA7716F9967CA20F51 /* NetworkManager.swift in Sources */ = {isa = PBXBuildFile; fileRef = 780C03610D5E1DB42CD5E068B4E4A656 /* NetworkManager.swift */; };
		E2806FDD8F1D3C4EA072CC99C7D145D4 /* DustInfoService.swift in Sources */ = {isa = PBXBuildFile; fileRef = 79B0B34F19342E62357963B77FBABF8C /* DustInfoService.swift */; };
		E58FADEFDCD685742F03D94196FDB227 /* ValueGraphView.swift in Sources */ = {isa = PBXBuildFile; fileRef = BDEA7F789E3D627A4E5FD6C9C99FB6E4 /* ValueGraphView.swift */; };
		E59BB0B0FBA7D57D24E6E247BE01272A /* Double+.swift in Sources */ = {isa = PBXBuildFile; fileRef = E5C8240AE4FF5A0BE37AAAE3E2784963 /* Double+.swift */; };
		E7863FA24D4CC1DD1C8809C51CE226CB /* CoreData+Intake.swift in Sources */ = {isa = PBXBuildFile; fileRef = 35887A35006CD23F2F658B61865C94EE /* CoreData+Intake.swift */; };
		E849F3EA4A87246BC5467C84EA0F566B /* Locale+.swift in Sources */ = {isa = PBXBuildFile; fileRef = BB149EF126DB25219545819089E8062F /* Locale+.swift */; };
		EF1E146C27E18234A79270C70FA9D14F /* UIImageView+.swift in Sources */ = {isa = PBXBuildFile; fileRef = BE68CF5C8CCE8F34FBB3ABED81BA164C /* UIImageView+.swift */; };
		F2B9A6C9CEBF51011FE2C037DFACC5D8 /* DustError.swift in Sources */ = {isa = PBXBuildFile; fileRef = 91DFB176E6D3CE407FBD2EA7289881AF /* DustError.swift */; };
		F2D3AE95826A8CCFAE41DC059811B739 /* IntakeService.swift in Sources */ = {isa = PBXBuildFile; fileRef = FF69953AFBEC417F615AA54D037E154C /* IntakeService.swift */; };
		F3820F2C235DD02A6E10AC9B4A2EAE00 /* CoreDataUserManagerType.swift in Sources */ = {isa = PBXBuildFile; fileRef = 6B4605DD86A9EC2056FDC543AF1DE88F /* CoreDataUserManagerType.swift */; };
		F3FEC903328E87702903080011099030 /* MockCoreDataIntakeManager.swift in Sources */ = {isa = PBXBuildFile; fileRef = 1644E56E811886FA59628BFFAB345E0C /* MockCoreDataIntakeManager.swift */; };
		F408ED0799CF004B53F4180BE8F1CACD /* UIView+.swift in Sources */ = {isa = PBXBuildFile; fileRef = 05FC303D1FA77029C0B18B8C19A66650 /* UIView+.swift */; };
		F6C1234488BC54FDB5C5D472D24EDC2D /* FineDust.xcdatamodeld in Sources */ = {isa = PBXBuildFile; fileRef = 17AFECFD5FB32629FADDDD4FA8975772 /* FineDust.xcdatamodeld */; };
		F726386EC2915DC663C9CF635154C286 /* DustStatusCode.swift in Sources */ = {isa = PBXBuildFile; fileRef = F10780943A97F514FA160307D17C959E /* DustStatusCode.swift */; };
		F7D73707461038D505CBB62AF328D9E2 /* Feedback.storyboard in Resources */ = {isa = PBXBuildFile; fileRef = E208DBDEC015D48168F788BB33917E01 /* Feedback.storyboard */; };
		F9FD41DC6CD16EC111527E3FBC9BDBC6 /* DummyCoreDataService.swift in Sources */ = {isa = PBXBuildFile; fileRef = 11172A4ADA09E036783C0030CF04375C /* DummyCoreDataService.swift */; };
		FCEA06ED189D9011AF454EBFFF6B0303 /* DummyHealthKitService.swift in Sources */ = {isa = PBXBuildFile; fileRef = E0C26B3B0593407113C2ED88D1A6DDA6 /* DummyHealthKitService.swift */; };
		FD5813C98B5F2778F973CCD0808BEF41 /* LocationObserver.swift in Sources */ = {isa = PBXBuildFile; fileRef = 648F2847BF0C37F32A03D356A9C8A1AE /* LocationObserver.swift */; };
/* End PBXBuildFile section */

/* Begin PBXContainerItemProxy section */
		1A6B3E344D43ED51722536A51D8E0970 /* PBXContainerItemProxy */ = {
			isa = PBXContainerItemProxy;
			containerPortal = 54C4C346C97282321391D3CDFE95CBC6 /* Project object */;
			proxyType = 1;
			remoteGlobalIDString = C359351F31356424279C6FAA7866E534;
			remoteInfo = FineDust;
		};
/* End PBXContainerItemProxy section */

/* Begin PBXFileReference section */
		00D9C06AFD48343B0C3E7B05C42671BC /* MockHealthKitService.swift */ = {isa = PBXFileReference; fileEncoding = 4; lastKnownFileType = sourcecode.swift; path = MockHealthKitService.swift; sourceTree = "<group>"; };
		0342CD3C7D2B6E682A187DF1E9ADBF1E /* MockCoreDataService.swift */ = {isa = PBXFileReference; fileEncoding = 4; lastKnownFileType = sourcecode.swift; path = MockCoreDataService.swift; sourceTree = "<group>"; };
		05FC303D1FA77029C0B18B8C19A66650 /* UIView+.swift */ = {isa = PBXFileReference; lastKnownFileType = sourcecode.swift; path = "UIView+.swift"; sourceTree = "<group>"; };
		067E449E7BAAA91C4EE4A2715980EAFD /* Base */ = {isa = PBXFileReference; lastKnownFileType = file.storyboard; name = Base; path = Base.lproj/LaunchScreen.storyboard; sourceTree = "<group>"; };
		06C2D54C78218CF91694FD9E94E0D468 /* RatioGraphViewDataSource.swift */ = {isa = PBXFileReference; fileEncoding = 4; lastKnownFileType = sourcecode.swift; path = RatioGraphViewDataSource.swift; sourceTree = "<group>"; };
		0C4940A5123686A4719A1384D7DF89EA /* GeocoderManagerType.swift */ = {isa = PBXFileReference; lastKnownFileType = sourcecode.swift; path = GeocoderManagerType.swift; sourceTree = "<group>"; };
		0FEC29A250034221A5E0A804B42D47DE /* TestDustObservatoryManager.swift */ = {isa = PBXFileReference; fileEncoding = 4; lastKnownFileType = sourcecode.swift; path = TestDustObservatoryManager.swift; sourceTree = "<group>"; };
		10A450A97E79B482C6E46E50515F9888 /* DummyDustObservatoryManager.swift */ = {isa = PBXFileReference; lastKnownFileType = sourcecode.swift; path = DummyDustObservatoryManager.swift; sourceTree = "<group>"; };
		11172A4ADA09E036783C0030CF04375C /* DummyCoreDataService.swift */ = {isa = PBXFileReference; lastKnownFileType = sourcecode.swift; path = DummyCoreDataService.swift; sourceTree = "<group>"; };
		149E1E1DBA2DF694E0AE33D493CDE8F9 /* Storyboard.swift */ = {isa = PBXFileReference; fileEncoding = 4; lastKnownFileType = sourcecode.swift; path = Storyboard.swift; sourceTree = "<group>"; };
		15B06554BF855E43B5A5C172F404B7D5 /* LocationManager.swift */ = {isa = PBXFileReference; lastKnownFileType = sourcecode.swift; path = LocationManager.swift; sourceTree = "<group>"; };
		15C67504047F83769B8622AD0D05A620 /* FeedbackListService.swift */ = {isa = PBXFileReference; lastKnownFileType = sourcecode.swift; path = FeedbackListService.swift; sourceTree = "<group>"; };
		1644E56E811886FA59628BFFAB345E0C /* MockCoreDataIntakeManager.swift */ = {isa = PBXFileReference; fileEncoding = 4; lastKnownFileType = sourcecode.swift; path = MockCoreDataIntakeManager.swift; sourceTree = "<group>"; };
		1BA0A52F0ED2A919EC586D53EA6365F7 /* UnitTestREADME.md */ = {isa = PBXFileReference; fileEncoding = 4; lastKnownFileType = net.daringfireball.markdown; path = UnitTestREADME.md; sourceTree = "<group>"; };
		1E26FB8E681522D59A6D20304C6C35C8 /* HealthKit.framework */ = {isa = PBXFileReference; lastKnownFileType = wrapper.framework; name = HealthKit.framework; path = System/Library/Frameworks/HealthKit.framework; sourceTree = SDKROOT; };
		2406BE24347CA0049E4B71E28E45D9E5 /* HealthKitService.swift */ = {isa = PBXFileReference; lastKnownFileType = sourcecode.swift; path = HealthKitService.swift; sourceTree = "<group>"; };
		254F9879FFF9396ECD229DAD5BAAA8F3 /* Info.plist */ = {isa = PBXFileReference; lastKnownFileType = text.plist.xml; path = Info.plist; sourceTree = "<group>"; };
		2A86957F2DF71F8AA3D7F5948D81C3A4 /* MockDustInfoManager.swift */ = {isa = PBXFileReference; fileEncoding = 4; lastKnownFileType = sourcecode.swift; path = MockDustInfoManager.swift; sourceTree = "<group>"; };
		2C28E309F3241211358B41BF2B80DD50 /* IntakeServiceType.swift */ = {isa = PBXFileReference; fileEncoding = 4; lastKnownFileType = sourcecode.swift; path = IntakeServiceType.swift; sourceTree = "<group>"; };
		2ED69B22F05A54CB9BA9B74800B0315B /* MockDustInfoService.swift */ = {isa = PBXFileReference; fileEncoding = 4; lastKnownFileType = sourcecode.swift; path = MockDustInfoService.swift; sourceTree = "<group>"; };
		2F56E46F34B3E2D3817AA29F91015C5C /* CoreDataIntakeManager.swift */ = {isa = PBXFileReference; lastKnownFileType = sourcecode.swift; path = CoreDataIntakeManager.swift; sourceTree = "<group>"; };
		2F983596EF0FD18034F3E35108C70ECC /* TestFeedbackListService.swift */ = {isa = PBXFileReference; lastKnownFileType = sourcecode.swift; path = TestFeedbackListService.swift; sourceTree = "<group>"; };
		347A6FE85C32130023FDA3A74361CAB3 /* HealthKitManager.swift */ = {isa = PBXFileReference; lastKnownFileType = sourcecode.swift; path = HealthKitManager.swift; sourceTree = "<group>"; };
		35887A35006CD23F2F658B61865C94EE /* CoreData+Intake.swift */ = {isa = PBXFileReference; lastKnownFileType = sourcecode.swift; path = "CoreData+Intake.swift"; sourceTree = "<group>"; };
		35A803F31E8FA311980BA194EBD8B678 /* DustFeedback.json */ = {isa = PBXFileReference; fileEncoding = 4; lastKnownFileType = text.json; path = DustFeedback.json; sourceTree = "<group>"; };
		384B12B899B6BF360FA830E35534B006 /* MainViewController.swift */ = {isa = PBXFileReference; lastKnownFileType = sourcecode.swift; path = MainViewController.swift; sourceTree = "<group>"; };
		3DC209D25C37C66A4575AE2D9DF76130 /* DustObservatoryManagerType.swift */ = {isa = PBXFileReference; fileEncoding = 4; lastKnownFileType = sourcecode.swift; path = DustObservatoryManagerType.swift; sourceTree = "<group>"; };
		3E18EF4EFB5BFEBF0FF294BACC38A595 /* DummyJSONManager.swift */ = {isa = PBXFileReference; lastKnownFileType = sourcecode.swift; path = DummyJSONManager.swift; sourceTree = "<group>"; };
		3ED9F5C745EDCD59477C03590C70F9D2 /* SWXMLHash.swift */ = {isa = PBXFileReference; fileEncoding = 4; lastKnownFileType = sourcecode.swift; path = SWXMLHash.swift; sourceTree = "<group>"; };
		41ABD37F289096BED279C69EBF05CBBB /* RatioGraphView.swift */ = {isa = PBXFileReference; fileEncoding = 4; lastKnownFileType = sourcecode.swift; path = RatioGraphView.swift; sourceTree = "<group>"; };
		426C701A827BC6DA8F3D6120768DD485 /* TestDustInfoManager.swift */ = {isa = PBXFileReference; fileEncoding = 4; lastKnownFileType = sourcecode.swift; path = TestDustInfoManager.swift; sourceTree = "<group>"; };
		43A9E8FB49A9FF5D6049F1AA935B3EAD /* String+.swift */ = {isa = PBXFileReference; lastKnownFileType = sourcecode.swift; path = "String+.swift"; sourceTree = "<group>"; };
		46148D231458F1D73D6644E885ACAF67 /* ValueGraphViewDataSource.swift */ = {isa = PBXFileReference; fileEncoding = 4; lastKnownFileType = sourcecode.swift; path = ValueGraphViewDataSource.swift; sourceTree = "<group>"; };
		475FEB0148B502284938C322A1FCE657 /* NSLayoutConstraint+.swift */ = {isa = PBXFileReference; lastKnownFileType = sourcecode.swift; path = "NSLayoutConstraint+.swift"; sourceTree = "<group>"; };
		48BE6C39A1E9F23DBD0C1AF1B0E3DD9B /* RecommendCollectionViewCell.swift */ = {isa = PBXFileReference; fileEncoding = 4; lastKnownFileType = sourcecode.swift; name = RecommendCollectionViewCell.swift; path = FineDust/Feedback/View/RecommendCollectionViewCell.swift; sourceTree = SOURCE_ROOT; };
		499FC240839E34C3B6FE55023AAF42C2 /* UIAlertController+.swift */ = {isa = PBXFileReference; lastKnownFileType = sourcecode.swift; path = "UIAlertController+.swift"; sourceTree = "<group>"; };
		4D25EE7795836E28C1E93549BCCE5CF6 /* RatioGraphView.xib */ = {isa = PBXFileReference; fileEncoding = 4; lastKnownFileType = file.xib; path = RatioGraphView.xib; sourceTree = "<group>"; };
		50271B13372C2F87ABAADF29353AEDEC /* XMLError.swift */ = {isa = PBXFileReference; lastKnownFileType = sourcecode.swift; path = XMLError.swift; sourceTree = "<group>"; };
		50F5FF25E64FE0BB4F30FB013BE3C831 /* DummyDustInfoManager.swift */ = {isa = PBXFileReference; lastKnownFileType = sourcecode.swift; path = DummyDustInfoManager.swift; sourceTree = "<group>"; };
		51F57EA71672D592C503198144E3648E /* Assets.swift */ = {isa = PBXFileReference; fileEncoding = 4; lastKnownFileType = sourcecode.swift; path = Assets.swift; sourceTree = "<group>"; };
		58AB4A60A90E8A065BBA6004FB187F89 /* StatisticsViewController.swift */ = {isa = PBXFileReference; fileEncoding = 4; lastKnownFileType = sourcecode.swift; path = StatisticsViewController.swift; sourceTree = "<group>"; };
		5C7A1E57AF58FC89CACB2E06F9BFA22B /* JSONManagerType.swift */ = {isa = PBXFileReference; lastKnownFileType = sourcecode.swift; path = JSONManagerType.swift; sourceTree = "<group>"; };
		5DE7F648E3F1AFEF8F2E912807BD956C /* NSObject+.swift */ = {isa = PBXFileReference; lastKnownFileType = sourcecode.swift; path = "NSObject+.swift"; sourceTree = "<group>"; };
		5E5C390A35DCD90C43B0702BDC3C825C /* JSONManager.swift */ = {isa = PBXFileReference; lastKnownFileType = sourcecode.swift; path = JSONManager.swift; sourceTree = "<group>"; };
		608282B25B2C8A8C81584C48DAD15FA5 /* CoreData+User.swift */ = {isa = PBXFileReference; lastKnownFileType = sourcecode.swift; path = "CoreData+User.swift"; sourceTree = "<group>"; };
		648F2847BF0C37F32A03D356A9C8A1AE /* LocationObserver.swift */ = {isa = PBXFileReference; lastKnownFileType = sourcecode.swift; path = LocationObserver.swift; sourceTree = "<group>"; };
		6B4605DD86A9EC2056FDC543AF1DE88F /* CoreDataUserManagerType.swift */ = {isa = PBXFileReference; fileEncoding = 4; lastKnownFileType = sourcecode.swift; path = CoreDataUserManagerType.swift; sourceTree = "<group>"; };
		6BBF617E080BA66253C23B9EDB38263E /* ValueGraphView.xib */ = {isa = PBXFileReference; fileEncoding = 4; lastKnownFileType = file.xib; path = ValueGraphView.xib; sourceTree = "<group>"; };
		6CB7A59C01A6BEA73951091DC6C6C60F /* FineDust.app */ = {isa = PBXFileReference; explicitFileType = wrapper.application; includeInIndex = 0; path = FineDust.app; sourceTree = BUILT_PRODUCTS_DIR; };
		6DEEE5C27474765434A333169934EB80 /* XMLManager.swift */ = {isa = PBXFileReference; lastKnownFileType = sourcecode.swift; path = XMLManager.swift; sourceTree = "<group>"; };
		6EF6A6BF012251BC2597AC59B17DA1EC /* XMLIndexer+XMLIndexerDeserializable.swift */ = {isa = PBXFileReference; fileEncoding = 4; lastKnownFileType = sourcecode.swift; path = "XMLIndexer+XMLIndexerDeserializable.swift"; sourceTree = "<group>"; };
		72325220894EE5896332E4971553A6F7 /* SharedInfo.swift */ = {isa = PBXFileReference; fileEncoding = 4; lastKnownFileType = sourcecode.swift; path = SharedInfo.swift; sourceTree = "<group>"; };
		757928E2CDD9423CB0AA2F81822DC8FF /* Toast.swift */ = {isa = PBXFileReference; lastKnownFileType = sourcecode.swift; path = Toast.swift; sourceTree = "<group>"; };
		75A186092B1BADAC944224E6C56830FE /* DustObservatoryManager.swift */ = {isa = PBXFileReference; fileEncoding = 4; lastKnownFileType = sourcecode.swift; path = DustObservatoryManager.swift; sourceTree = "<group>"; };
		7602A432174330BBC17B1E697D350626 /* DustFeedback.swift */ = {isa = PBXFileReference; lastKnownFileType = sourcecode.swift; name = DustFeedback.swift; path = FineDust/Feedback/DustFeedback.swift; sourceTree = SOURCE_ROOT; };
		768ED33DE8C563664122534CC0337E8E /* Hour.swift */ = {isa = PBXFileReference; lastKnownFileType = sourcecode.swift; path = Hour.swift; sourceTree = "<group>"; };
		76E69A47910A3D0315E51E74FAE1239E /* LocationTaskError.swift */ = {isa = PBXFileReference; lastKnownFileType = sourcecode.swift; path = LocationTaskError.swift; sourceTree = "<group>"; };
		771ADF487575031701FD3CE29CBA228C /* XMLParsingType.swift */ = {isa = PBXFileReference; lastKnownFileType = sourcecode.swift; path = XMLParsingType.swift; sourceTree = "<group>"; };
		780C03610D5E1DB42CD5E068B4E4A656 /* NetworkManager.swift */ = {isa = PBXFileReference; lastKnownFileType = sourcecode.swift; path = NetworkManager.swift; sourceTree = "<group>"; };
		79B0B34F19342E62357963B77FBABF8C /* DustInfoService.swift */ = {isa = PBXFileReference; fileEncoding = 4; lastKnownFileType = sourcecode.swift; path = DustInfoService.swift; sourceTree = "<group>"; };
		804690DF390A0D47D42527A7CB7C6101 /* Date+.swift */ = {isa = PBXFileReference; lastKnownFileType = sourcecode.swift; path = "Date+.swift"; sourceTree = "<group>"; };
		809DFB48CC77B219543B775E38C70D48 /* HTTPStatusCode.swift */ = {isa = PBXFileReference; fileEncoding = 4; lastKnownFileType = sourcecode.swift; path = HTTPStatusCode.swift; sourceTree = "<group>"; };
		80E2736AB0D4478F84705BDDA97BD8CA /* HealthKitManagerType.swift */ = {isa = PBXFileReference; lastKnownFileType = sourcecode.swift; path = HealthKitManagerType.swift; sourceTree = "<group>"; };
		8215D70BB6DCDAD324A3D700C35885F9 /* GeocoderManager.swift */ = {isa = PBXFileReference; lastKnownFileType = sourcecode.swift; path = GeocoderManager.swift; sourceTree = "<group>"; };
		82887C16FE58890774E3F9057F98EFDF /* Info.plist */ = {isa = PBXFileReference; lastKnownFileType = text.plist.xml; path = Info.plist; sourceTree = "<group>"; };
		837F021C44F34498596E7FCE85A20B51 /* Common.storyboard */ = {isa = PBXFileReference; lastKnownFileType = file.storyboard; path = Common.storyboard; sourceTree = "<group>"; };
		83C98043155CF43D3E5E4605CB1A88BE /* DustResponse.swift */ = {isa = PBXFileReference; fileEncoding = 4; lastKnownFileType = sourcecode.swift; path = DustResponse.swift; sourceTree = "<group>"; };
		893E408D113DF5AABDE273DB50A59452 /* FeedbackListServiceType.swift */ = {isa = PBXFileReference; lastKnownFileType = sourcecode.swift; path = FeedbackListServiceType.swift; sourceTree = "<group>"; };
		8E94357793256E8258A0F3F7DDBE6DB8 /* TestIntakeService.swift */ = {isa = PBXFileReference; fileEncoding = 4; lastKnownFileType = sourcecode.swift; path = TestIntakeService.swift; sourceTree = "<group>"; };
		90760EFD0D5A2BDBAF4D75058A09EC0A /* .swiftlint.yml */ = {isa = PBXFileReference; lastKnownFileType = text; path = .swiftlint.yml; sourceTree = "<group>"; };
		911E3D8169E0F1D9CFF3A6A227748F01 /* UIViewController+.swift */ = {isa = PBXFileReference; lastKnownFileType = sourcecode.swift; path = "UIViewController+.swift"; sourceTree = "<group>"; };
		91DFB176E6D3CE407FBD2EA7289881AF /* DustError.swift */ = {isa = PBXFileReference; fileEncoding = 4; lastKnownFileType = sourcecode.swift; name = DustError.swift; path = FineDust/Dust/DustError.swift; sourceTree = SOURCE_ROOT; };
		978E9708A1C5C90982083446DDFDF57E /* NSLayoutAnchor+.swift */ = {isa = PBXFileReference; lastKnownFileType = sourcecode.swift; path = "NSLayoutAnchor+.swift"; sourceTree = "<group>"; };
		985BB182EE3791206435A2EB85840E17 /* TestHealthKitService.swift */ = {isa = PBXFileReference; fileEncoding = 4; lastKnownFileType = sourcecode.swift; path = TestHealthKitService.swift; sourceTree = "<group>"; };
		986780C6CD66A004B310FDEEC0E52DE5 /* FineDustTests.xctest */ = {isa = PBXFileReference; explicitFileType = wrapper.cfbundle; includeInIndex = 0; path = FineDustTests.xctest; sourceTree = BUILT_PRODUCTS_DIR; };
		98B4BE46BFB958F5BEA81116B5B5279F /* UIView+NSLayoutAnchor.swift */ = {isa = PBXFileReference; lastKnownFileType = sourcecode.swift; path = "UIView+NSLayoutAnchor.swift"; sourceTree = "<group>"; };
		9DD3AAD051DF7FFF74B2A70DEBC077F4 /* GeoConverter.swift */ = {isa = PBXFileReference; lastKnownFileType = sourcecode.swift; path = GeoConverter.swift; sourceTree = "<group>"; };
		9FB0BC76B2D4F22A9A11E837F8E6FA5B /* Base */ = {isa = PBXFileReference; lastKnownFileType = file.storyboard; name = Base; path = Base.lproj/Main.storyboard; sourceTree = "<group>"; };
		A1F56B7CE2ABD245DD340EE0A2C9DEFC /* TestDustInfoService.swift */ = {isa = PBXFileReference; fileEncoding = 4; lastKnownFileType = sourcecode.swift; path = TestDustInfoService.swift; sourceTree = "<group>"; };
		A5B9B66402A9E9E9FCAA8D8E34A15E32 /* DummyNetworkManager.swift */ = {isa = PBXFileReference; lastKnownFileType = sourcecode.swift; path = DummyNetworkManager.swift; sourceTree = "<group>"; };
		A676EFF72285A1967BBDB66334753660 /* DustManagerType.swift */ = {isa = PBXFileReference; fileEncoding = 4; lastKnownFileType = sourcecode.swift; name = DustManagerType.swift; path = FineDust/Dust/DustManagerType.swift; sourceTree = SOURCE_ROOT; };
		A7D1CBCB05A905AE4917A0CEA861699F /* HTTPMethod.swift */ = {isa = PBXFileReference; lastKnownFileType = sourcecode.swift; path = HTTPMethod.swift; sourceTree = "<group>"; };
		AB9CACF98D7D17A42ED06FC4ABAEAF81 /* CoreDataService.swift */ = {isa = PBXFileReference; lastKnownFileType = sourcecode.swift; path = CoreDataService.swift; sourceTree = "<group>"; };
		AD13F7185E86398B09AE891F1343AA5E /* CALayer+.swift */ = {isa = PBXFileReference; lastKnownFileType = sourcecode.swift; path = "CALayer+.swift"; sourceTree = "<group>"; };
		AD4EE57ED160AC6C9A7CD540C9BE6F42 /* CoreDataIntakeManagerType.swift */ = {isa = PBXFileReference; fileEncoding = 4; lastKnownFileType = sourcecode.swift; path = CoreDataIntakeManagerType.swift; sourceTree = "<group>"; };
		AE0671DD8371627430E075564C0E7979 /* DummyDustInfoService.swift */ = {isa = PBXFileReference; lastKnownFileType = sourcecode.swift; path = DummyDustInfoService.swift; sourceTree = "<group>"; };
		AF4AD95023734A3CADFEB5F089113191 /* ObservatoryResponse.swift */ = {isa = PBXFileReference; lastKnownFileType = sourcecode.swift; path = ObservatoryResponse.swift; sourceTree = "<group>"; };
		AF7978BCEC04CA2E0B289F8F7658832C /* TestCoreDataService.swift */ = {isa = PBXFileReference; fileEncoding = 4; lastKnownFileType = sourcecode.swift; path = TestCoreDataService.swift; sourceTree = "<group>"; };
		B059EEA2F5DED858EF5951E9018C8A75 /* FeedbackListTableViewCell.swift */ = {isa = PBXFileReference; fileEncoding = 4; lastKnownFileType = sourcecode.swift; name = FeedbackListTableViewCell.swift; path = FineDust/Feedback/View/FeedbackListTableViewCell.swift; sourceTree = SOURCE_ROOT; };
		B1D6864AEA6750FFD363FB96B9D8B3A0 /* HTTPError.swift */ = {isa = PBXFileReference; fileEncoding = 4; lastKnownFileType = sourcecode.swift; path = HTTPError.swift; sourceTree = "<group>"; };
		B642BB98DC614672674ADA7E7FEAA0DD /* MockDustObservatoryManager.swift */ = {isa = PBXFileReference; fileEncoding = 4; lastKnownFileType = sourcecode.swift; path = MockDustObservatoryManager.swift; sourceTree = "<group>"; };
		B9B04B6C2CD4B334A519586D0E91DBCF /* DateFormatter+.swift */ = {isa = PBXFileReference; lastKnownFileType = sourcecode.swift; path = "DateFormatter+.swift"; sourceTree = "<group>"; };
		BB149EF126DB25219545819089E8062F /* Locale+.swift */ = {isa = PBXFileReference; lastKnownFileType = sourcecode.swift; path = "Locale+.swift"; sourceTree = "<group>"; };
		BD765F536A1105FE2055510D17AF4578 /* Typealias.swift */ = {isa = PBXFileReference; fileEncoding = 4; lastKnownFileType = sourcecode.swift; path = Typealias.swift; sourceTree = "<group>"; };
		BDEA7F789E3D627A4E5FD6C9C99FB6E4 /* ValueGraphView.swift */ = {isa = PBXFileReference; fileEncoding = 4; lastKnownFileType = sourcecode.swift; path = ValueGraphView.swift; sourceTree = "<group>"; };
		BE68CF5C8CCE8F34FBB3ABED81BA164C /* UIImageView+.swift */ = {isa = PBXFileReference; fileEncoding = 4; lastKnownFileType = sourcecode.swift; path = "UIImageView+.swift"; sourceTree = "<group>"; };
		BF4CAFFF2F8B581994F8CFE876638E4E /* DustManager.swift */ = {isa = PBXFileReference; fileEncoding = 4; lastKnownFileType = sourcecode.swift; name = DustManager.swift; path = FineDust/Dust/DustManager.swift; sourceTree = SOURCE_ROOT; };
		C030BF13A08592DA68194155A6301DB1 /* MockCoreDataUserManager.swift */ = {isa = PBXFileReference; fileEncoding = 4; lastKnownFileType = sourcecode.swift; path = MockCoreDataUserManager.swift; sourceTree = "<group>"; };
		C0BD575BEB17D9D2493F29578956C779 /* NSLayoutDimension+.swift */ = {isa = PBXFileReference; lastKnownFileType = sourcecode.swift; path = "NSLayoutDimension+.swift"; sourceTree = "<group>"; };
		C4634B7B2002DF4C7627AD504DEF69FF /* CoreDataUserManager.swift */ = {isa = PBXFileReference; lastKnownFileType = sourcecode.swift; path = CoreDataUserManager.swift; sourceTree = "<group>"; };
		C50389C80E73BBD8FFA4331D7EC43144 /* MockJSONManager.swift */ = {isa = PBXFileReference; fileEncoding = 4; lastKnownFileType = sourcecode.swift; path = MockJSONManager.swift; sourceTree = "<group>"; };
		D208A0B65663B22067E6C7CE03E25453 /* AppDelegate.swift */ = {isa = PBXFileReference; lastKnownFileType = sourcecode.swift; path = AppDelegate.swift; sourceTree = "<group>"; };
		D247F6F3851E8A9D8F03470A313986A4 /* FineDust.xcdatamodel */ = {isa = PBXFileReference; lastKnownFileType = wrapper.xcdatamodel; path = FineDust.xcdatamodel; sourceTree = "<group>"; };
		D4FF7D101FBB1B823A1C8D8B4D842060 /* Notification.Name+.swift */ = {isa = PBXFileReference; fileEncoding = 4; lastKnownFileType = sourcecode.swift; path = "Notification.Name+.swift"; sourceTree = "<group>"; };
		D74B80120009C12DE2F13DEF9A00AEF0 /* CoreDataServiceType.swift */ = {isa = PBXFileReference; fileEncoding = 4; lastKnownFileType = sourcecode.swift; path = CoreDataServiceType.swift; sourceTree = "<group>"; };
		D8EC047C4F060467C8A0D71A5763D757 /* DustGrade.swift */ = {isa = PBXFileReference; fileEncoding = 4; lastKnownFileType = sourcecode.swift; path = DustGrade.swift; sourceTree = "<group>"; };
		D95A001CD86310390C178DE4491E6570 /* Notification+.swift */ = {isa = PBXFileReference; lastKnownFileType = sourcecode.swift; path = "Notification+.swift"; sourceTree = "<group>"; };
		D976382D79F423DA692A7725F5CF5432 /* MockNetworkManager.swift */ = {isa = PBXFileReference; fileEncoding = 4; lastKnownFileType = sourcecode.swift; path = MockNetworkManager.swift; sourceTree = "<group>"; };
		DB60A7D36168E1C32069A6F80E0EC0D4 /* LocationManagerType.swift */ = {isa = PBXFileReference; lastKnownFileType = sourcecode.swift; path = LocationManagerType.swift; sourceTree = "<group>"; };
		DB9A6ED48D7730E8191DF882910D907E /* UIColor+.swift */ = {isa = PBXFileReference; lastKnownFileType = sourcecode.swift; path = "UIColor+.swift"; sourceTree = "<group>"; };
		DC70CCB69DBB1D392CC698DA0DC29071 /* Statistics.storyboard */ = {isa = PBXFileReference; fileEncoding = 4; lastKnownFileType = file.storyboard; path = Statistics.storyboard; sourceTree = "<group>"; };
		DC90C952E7EA68296C391AC855C57729 /* FineDust.entitlements */ = {isa = PBXFileReference; lastKnownFileType = text.plist.entitlements; path = FineDust.entitlements; sourceTree = "<group>"; };
		DCB3A0C58F91C851019700A53DC3C53D /* DataTerm.swift */ = {isa = PBXFileReference; lastKnownFileType = sourcecode.swift; path = DataTerm.swift; sourceTree = "<group>"; };
		DFACB8B8A628164CA222887EEA285687 /* ServiceErrorType.swift */ = {isa = PBXFileReference; fileEncoding = 4; lastKnownFileType = sourcecode.swift; path = ServiceErrorType.swift; sourceTree = "<group>"; };
		E0C26B3B0593407113C2ED88D1A6DDA6 /* DummyHealthKitService.swift */ = {isa = PBXFileReference; lastKnownFileType = sourcecode.swift; path = DummyHealthKitService.swift; sourceTree = "<group>"; };
		E208DBDEC015D48168F788BB33917E01 /* Feedback.storyboard */ = {isa = PBXFileReference; fileEncoding = 4; lastKnownFileType = file.storyboard; path = Feedback.storyboard; sourceTree = "<group>"; };
		E2F1B9F9201ADFBC9619BED293B7E3E5 /* DustInfoServiceType.swift */ = {isa = PBXFileReference; fileEncoding = 4; lastKnownFileType = sourcecode.swift; path = DustInfoServiceType.swift; sourceTree = "<group>"; };
		E4060A3D7997001798FC10629858A3AE /* XMLManagerType.swift */ = {isa = PBXFileReference; lastKnownFileType = sourcecode.swift; path = XMLManagerType.swift; sourceTree = "<group>"; };
		E5C8240AE4FF5A0BE37AAAE3E2784963 /* Double+.swift */ = {isa = PBXFileReference; lastKnownFileType = sourcecode.swift; path = "Double+.swift"; sourceTree = "<group>"; };
		E800F476B5CA88E5119389C2D43254EF /* HealthKitServiceType.swift */ = {isa = PBXFileReference; lastKnownFileType = sourcecode.swift; path = HealthKitServiceType.swift; sourceTree = "<group>"; };
		E8438C43EE32ED8F13670899C1B1F531 /* FeedbackListViewController.swift */ = {isa = PBXFileReference; lastKnownFileType = sourcecode.swift; path = FeedbackListViewController.swift; sourceTree = "<group>"; };
		E9140914E0E6FA48B11C35EA021DF402 /* CoreDataManagerType.swift */ = {isa = PBXFileReference; fileEncoding = 4; lastKnownFileType = sourcecode.swift; path = CoreDataManagerType.swift; sourceTree = "<group>"; };
		EC7247CE1DC76053F18FE04A31CE4860 /* ResponseHeader.swift */ = {isa = PBXFileReference; lastKnownFileType = sourcecode.swift; path = ResponseHeader.swift; sourceTree = "<group>"; };
		ED585E71752C3FCEFC3DB7DEAEAF68A2 /* DustInfoManagerType.swift */ = {isa = PBXFileReference; fileEncoding = 4; lastKnownFileType = sourcecode.swift; path = DustInfoManagerType.swift; sourceTree = "<group>"; };
		ED5E4B656EA720CF29B382D3FE7AE8ED /* CoreDataManager.swift */ = {isa = PBXFileReference; fileEncoding = 4; lastKnownFileType = sourcecode.swift; path = CoreDataManager.swift; sourceTree = "<group>"; };
		EE6287CE8EC60C4A3AD1C4B219CEF3F5 /* MockHealthKitManager.swift */ = {isa = PBXFileReference; fileEncoding = 4; lastKnownFileType = sourcecode.swift; path = MockHealthKitManager.swift; sourceTree = "<group>"; };
		F10780943A97F514FA160307D17C959E /* DustStatusCode.swift */ = {isa = PBXFileReference; fileEncoding = 4; lastKnownFileType = sourcecode.swift; name = DustStatusCode.swift; path = FineDust/Dust/DustStatusCode.swift; sourceTree = SOURCE_ROOT; };
		F489B34F713CED4C59D8449DF165CA2C /* ProgressIndicator.swift */ = {isa = PBXFileReference; lastKnownFileType = sourcecode.swift; path = ProgressIndicator.swift; sourceTree = "<group>"; };
		F4ABB05FB0A25453FC7A9EE002373931 /* Assets.xcassets */ = {isa = PBXFileReference; lastKnownFileType = folder.assetcatalog; path = Assets.xcassets; sourceTree = "<group>"; };
		F655208064BCD5D09EC32B3646430324 /* NetworkManagerType.swift */ = {isa = PBXFileReference; lastKnownFileType = sourcecode.swift; path = NetworkManagerType.swift; sourceTree = "<group>"; };
		F9E7157DC9FD660275C049CF786F487E /* DustInfoManager.swift */ = {isa = PBXFileReference; fileEncoding = 4; lastKnownFileType = sourcecode.swift; path = DustInfoManager.swift; sourceTree = "<group>"; };
		FE84CBEDDE8ED4F39D8B0BA3C4F7A506 /* swiftgen.yml */ = {isa = PBXFileReference; lastKnownFileType = text; path = swiftgen.yml; sourceTree = "<group>"; };
		FEBB8C71A7FB362DC9A9A7D132534A56 /* RecentDustInfo.swift */ = {isa = PBXFileReference; fileEncoding = 4; lastKnownFileType = sourcecode.swift; path = RecentDustInfo.swift; sourceTree = "<group>"; };
		FF69953AFBEC417F615AA54D037E154C /* IntakeService.swift */ = {isa = PBXFileReference; fileEncoding = 4; lastKnownFileType = sourcecode.swift; path = IntakeService.swift; sourceTree = "<group>"; };
/* End PBXFileReference section */

/* Begin PBXFrameworksBuildPhase section */
		6D2B679EF123BDF10961394D11352F24 /* Frameworks */ = {
			isa = PBXFrameworksBuildPhase;
			buildActionMask = 2147483647;
			files = (
				519B7F0016C2C381A823F4E7629D0A85 /* HealthKit.framework in Frameworks */,
			);
			runOnlyForDeploymentPostprocessing = 0;
		};
		E87754171430F44C0EC85EEBB4802850 /* Frameworks */ = {
			isa = PBXFrameworksBuildPhase;
			buildActionMask = 2147483647;
			files = (
			);
			runOnlyForDeploymentPostprocessing = 0;
		};
/* End PBXFrameworksBuildPhase section */

/* Begin PBXGroup section */
		010570675998A4B1D218BEBD271435D3 /* Statistics */ = {
			isa = PBXGroup;
			children = (
				210EE93514800517A8F4C0AED0A4BE35 /* Ratio Graph */,
				53A54E60DE3CB9FAEC67B9A153930A34 /* Value Graph */,
				FF69953AFBEC417F615AA54D037E154C /* IntakeService.swift */,
				2C28E309F3241211358B41BF2B80DD50 /* IntakeServiceType.swift */,
				DC70CCB69DBB1D392CC698DA0DC29071 /* Statistics.storyboard */,
				58AB4A60A90E8A065BBA6004FB187F89 /* StatisticsViewController.swift */,
			);
			path = Statistics;
			sourceTree = "<group>";
		};
		03539B93491D052777A42E866616EFFC = {
			isa = PBXGroup;
			children = (
				481AEAA395D9C3B4FF33E868D70E8D0B /* FineDust */,
				0E84DD7C0F0B4677567895878824A5A4 /* FineDustTests */,
				6FEB335CB38ABE1473DC1DA5339DF46B /* Frameworks */,
				249684EBDBAFA57925A702F7F2706E9E /* Products */,
				90760EFD0D5A2BDBAF4D75058A09EC0A /* .swiftlint.yml */,
				FE84CBEDDE8ED4F39D8B0BA3C4F7A506 /* swiftgen.yml */,
			);
			sourceTree = "<group>";
		};
		07A2D5AE5AA53222F7A4CD29100E6E05 /* Controller */ = {
			isa = PBXGroup;
			children = (
				384B12B899B6BF360FA830E35534B006 /* MainViewController.swift */,
			);
			path = Controller;
			sourceTree = "<group>";
		};
		0E84DD7C0F0B4677567895878824A5A4 /* FineDustTests */ = {
			isa = PBXGroup;
			children = (
				17C3D6266C5BE7EE77B5CFB27D0E0ABB /* Dummy */,
				8139D2AFF09C6FDA7EBB4647E5AD90D7 /* Mock */,
				449312F5D8CCA3F63B8DD1DA344FE2BC /* Test */,
				254F9879FFF9396ECD229DAD5BAAA8F3 /* Info.plist */,
				1BA0A52F0ED2A919EC586D53EA6365F7 /* UnitTestREADME.md */,
			);
			path = FineDustTests;
			sourceTree = "<group>";
		};
		10F15CFF826B6B000B3C9C0973EA612B /* Common */ = {
			isa = PBXGroup;
			children = (
				837F021C44F34498596E7FCE85A20B51 /* Common.storyboard */,
				768ED33DE8C563664122534CC0337E8E /* Hour.swift */,
				648F2847BF0C37F32A03D356A9C8A1AE /* LocationObserver.swift */,
				F489B34F713CED4C59D8449DF165CA2C /* ProgressIndicator.swift */,
				DFACB8B8A628164CA222887EEA285687 /* ServiceErrorType.swift */,
				757928E2CDD9423CB0AA2F81822DC8FF /* Toast.swift */,
				BD765F536A1105FE2055510D17AF4578 /* Typealias.swift */,
			);
			path = Common;
			sourceTree = "<group>";
		};
		17C3D6266C5BE7EE77B5CFB27D0E0ABB /* Dummy */ = {
			isa = PBXGroup;
			children = (
				11172A4ADA09E036783C0030CF04375C /* DummyCoreDataService.swift */,
				50F5FF25E64FE0BB4F30FB013BE3C831 /* DummyDustInfoManager.swift */,
				AE0671DD8371627430E075564C0E7979 /* DummyDustInfoService.swift */,
				10A450A97E79B482C6E46E50515F9888 /* DummyDustObservatoryManager.swift */,
				E0C26B3B0593407113C2ED88D1A6DDA6 /* DummyHealthKitService.swift */,
				3E18EF4EFB5BFEBF0FF294BACC38A595 /* DummyJSONManager.swift */,
				A5B9B66402A9E9E9FCAA8D8E34A15E32 /* DummyNetworkManager.swift */,
			);
			path = Dummy;
			sourceTree = "<group>";
		};
		1A732CBC6A82F5401C8E972D3296C7C0 /* Location */ = {
			isa = PBXGroup;
			children = (
				8215D70BB6DCDAD324A3D700C35885F9 /* GeocoderManager.swift */,
				0C4940A5123686A4719A1384D7DF89EA /* GeocoderManagerType.swift */,
				15B06554BF855E43B5A5C172F404B7D5 /* LocationManager.swift */,
				DB60A7D36168E1C32069A6F80E0EC0D4 /* LocationManagerType.swift */,
			);
			path = Location;
			sourceTree = "<group>";
		};
		210EE93514800517A8F4C0AED0A4BE35 /* Ratio Graph */ = {
			isa = PBXGroup;
			children = (
				41ABD37F289096BED279C69EBF05CBBB /* RatioGraphView.swift */,
				4D25EE7795836E28C1E93549BCCE5CF6 /* RatioGraphView.xib */,
				06C2D54C78218CF91694FD9E94E0D468 /* RatioGraphViewDataSource.swift */,
			);
			path = "Ratio Graph";
			sourceTree = "<group>";
		};
		249684EBDBAFA57925A702F7F2706E9E /* Products */ = {
			isa = PBXGroup;
			children = (
				6CB7A59C01A6BEA73951091DC6C6C60F /* FineDust.app */,
				986780C6CD66A004B310FDEEC0E52DE5 /* FineDustTests.xctest */,
			);
			name = Products;
			sourceTree = "<group>";
		};
		2F83400986839F304CBBA92DC52E3AD2 /* Core Data */ = {
			isa = PBXGroup;
			children = (
				35887A35006CD23F2F658B61865C94EE /* CoreData+Intake.swift */,
				608282B25B2C8A8C81584C48DAD15FA5 /* CoreData+User.swift */,
				2F56E46F34B3E2D3817AA29F91015C5C /* CoreDataIntakeManager.swift */,
				AD4EE57ED160AC6C9A7CD540C9BE6F42 /* CoreDataIntakeManagerType.swift */,
				ED5E4B656EA720CF29B382D3FE7AE8ED /* CoreDataManager.swift */,
				E9140914E0E6FA48B11C35EA021DF402 /* CoreDataManagerType.swift */,
				AB9CACF98D7D17A42ED06FC4ABAEAF81 /* CoreDataService.swift */,
				D74B80120009C12DE2F13DEF9A00AEF0 /* CoreDataServiceType.swift */,
				C4634B7B2002DF4C7627AD504DEF69FF /* CoreDataUserManager.swift */,
				6B4605DD86A9EC2056FDC543AF1DE88F /* CoreDataUserManagerType.swift */,
				17AFECFD5FB32629FADDDD4FA8975772 /* FineDust.xcdatamodeld */,
			);
			path = "Core Data";
			sourceTree = "<group>";
		};
		3B7D359C4F5B982A745C12A72E7FF2C3 /* SWXMLHash */ = {
			isa = PBXGroup;
			children = (
				3ED9F5C745EDCD59477C03590C70F9D2 /* SWXMLHash.swift */,
				6EF6A6BF012251BC2597AC59B17DA1EC /* XMLIndexer+XMLIndexerDeserializable.swift */,
			);
			path = SWXMLHash;
			sourceTree = "<group>";
		};
		449312F5D8CCA3F63B8DD1DA344FE2BC /* Test */ = {
			isa = PBXGroup;
			children = (
				AF7978BCEC04CA2E0B289F8F7658832C /* TestCoreDataService.swift */,
				426C701A827BC6DA8F3D6120768DD485 /* TestDustInfoManager.swift */,
				A1F56B7CE2ABD245DD340EE0A2C9DEFC /* TestDustInfoService.swift */,
				0FEC29A250034221A5E0A804B42D47DE /* TestDustObservatoryManager.swift */,
				2F983596EF0FD18034F3E35108C70ECC /* TestFeedbackListService.swift */,
				985BB182EE3791206435A2EB85840E17 /* TestHealthKitService.swift */,
				8E94357793256E8258A0F3F7DDBE6DB8 /* TestIntakeService.swift */,
			);
			path = Test;
			sourceTree = "<group>";
		};
		481AEAA395D9C3B4FF33E868D70E8D0B /* FineDust */ = {
			isa = PBXGroup;
			children = (
				10F15CFF826B6B000B3C9C0973EA612B /* Common */,
				2F83400986839F304CBBA92DC52E3AD2 /* Core Data */,
				F90893B611F0A8BF26DDCC2358A0891D /* Dust */,
				B3C2FE06B8909518407804448A15547A /* Extension */,
				98FC53B1C8D628A70A4BDB0A2693A42F /* Feedback */,
				5D59E8FBA59418EFF9F76EB07E738D2F /* HealthKit */,
				C88330A0EFA0B675152D24D29FE45F1D /* JSON */,
				1A732CBC6A82F5401C8E972D3296C7C0 /* Location */,
				6BD00A070861AD554C16D14235787222 /* Main */,
				8C212B1139E96B3BA74BF5B54AB9EF23 /* Model */,
				B2ACC9D9D6B0CB2A2D45D027C9177A26 /* Network */,
				99C815E84F2B6462022153ED674E25F2 /* Response */,
				3B7D359C4F5B982A745C12A72E7FF2C3 /* SWXMLHash */,
				010570675998A4B1D218BEBD271435D3 /* Statistics */,
				C5254E221717B2B3CDB72F67E9F3234C /* Supporting Files */,
				A9020D623D8916FA746D8E891134F78E /* SwiftGen */,
				DC90C952E7EA68296C391AC855C57729 /* FineDust.entitlements */,
				82887C16FE58890774E3F9057F98EFDF /* Info.plist */,
			);
			path = FineDust;
			sourceTree = "<group>";
		};
		53A54E60DE3CB9FAEC67B9A153930A34 /* Value Graph */ = {
			isa = PBXGroup;
			children = (
				BDEA7F789E3D627A4E5FD6C9C99FB6E4 /* ValueGraphView.swift */,
				6BBF617E080BA66253C23B9EDB38263E /* ValueGraphView.xib */,
				46148D231458F1D73D6644E885ACAF67 /* ValueGraphViewDataSource.swift */,
			);
			path = "Value Graph";
			sourceTree = "<group>";
		};
		5D59E8FBA59418EFF9F76EB07E738D2F /* HealthKit */ = {
			isa = PBXGroup;
			children = (
				347A6FE85C32130023FDA3A74361CAB3 /* HealthKitManager.swift */,
				80E2736AB0D4478F84705BDDA97BD8CA /* HealthKitManagerType.swift */,
				2406BE24347CA0049E4B71E28E45D9E5 /* HealthKitService.swift */,
				E800F476B5CA88E5119389C2D43254EF /* HealthKitServiceType.swift */,
			);
			path = HealthKit;
			sourceTree = "<group>";
		};
		6AC19CD7DDEBD8345E7C6A3745E98017 /* Controller */ = {
			isa = PBXGroup;
			children = (
				15C67504047F83769B8622AD0D05A620 /* FeedbackListService.swift */,
				E8438C43EE32ED8F13670899C1B1F531 /* FeedbackListViewController.swift */,
				893E408D113DF5AABDE273DB50A59452 /* FeedbackListServiceType.swift */,
			);
			path = Controller;
			sourceTree = "<group>";
		};
		6BD00A070861AD554C16D14235787222 /* Main */ = {
			isa = PBXGroup;
			children = (
				07A2D5AE5AA53222F7A4CD29100E6E05 /* Controller */,
				6C27DD5B3B700C34D7307711A4F1A1FD /* View */,
				EE1273B4F655106F72F602D38FC779D2 /* Main.storyboard */,
			);
			path = Main;
			sourceTree = "<group>";
		};
		6C27DD5B3B700C34D7307711A4F1A1FD /* View */ = {
			isa = PBXGroup;
			children = (
			);
			path = View;
			sourceTree = "<group>";
		};
		6FEB335CB38ABE1473DC1DA5339DF46B /* Frameworks */ = {
			isa = PBXGroup;
			children = (
				1E26FB8E681522D59A6D20304C6C35C8 /* HealthKit.framework */,
			);
			name = Frameworks;
			sourceTree = "<group>";
		};
		8139D2AFF09C6FDA7EBB4647E5AD90D7 /* Mock */ = {
			isa = PBXGroup;
			children = (
				1644E56E811886FA59628BFFAB345E0C /* MockCoreDataIntakeManager.swift */,
				0342CD3C7D2B6E682A187DF1E9ADBF1E /* MockCoreDataService.swift */,
				C030BF13A08592DA68194155A6301DB1 /* MockCoreDataUserManager.swift */,
				2A86957F2DF71F8AA3D7F5948D81C3A4 /* MockDustInfoManager.swift */,
				2ED69B22F05A54CB9BA9B74800B0315B /* MockDustInfoService.swift */,
				B642BB98DC614672674ADA7E7FEAA0DD /* MockDustObservatoryManager.swift */,
				EE6287CE8EC60C4A3AD1C4B219CEF3F5 /* MockHealthKitManager.swift */,
				00D9C06AFD48343B0C3E7B05C42671BC /* MockHealthKitService.swift */,
				C50389C80E73BBD8FFA4331D7EC43144 /* MockJSONManager.swift */,
				D976382D79F423DA692A7725F5CF5432 /* MockNetworkManager.swift */,
			);
			path = Mock;
			sourceTree = "<group>";
		};
		8C212B1139E96B3BA74BF5B54AB9EF23 /* Model */ = {
			isa = PBXGroup;
			children = (
				72325220894EE5896332E4971553A6F7 /* SharedInfo.swift */,
			);
			path = Model;
			sourceTree = "<group>";
		};
		98FC53B1C8D628A70A4BDB0A2693A42F /* Feedback */ = {
			isa = PBXGroup;
			children = (
				6AC19CD7DDEBD8345E7C6A3745E98017 /* Controller */,
				C683749A4618A81E1E0F1CF2A8180BCB /* View */,
				7602A432174330BBC17B1E697D350626 /* DustFeedback.swift */,
			);
			path = Feedback;
			sourceTree = "<group>";
		};
		99C815E84F2B6462022153ED674E25F2 /* Response */ = {
			isa = PBXGroup;
			children = (
				DCB3A0C58F91C851019700A53DC3C53D /* DataTerm.swift */,
				D8EC047C4F060467C8A0D71A5763D757 /* DustGrade.swift */,
				83C98043155CF43D3E5E4605CB1A88BE /* DustResponse.swift */,
				AF4AD95023734A3CADFEB5F089113191 /* ObservatoryResponse.swift */,
				EC7247CE1DC76053F18FE04A31CE4860 /* ResponseHeader.swift */,
				771ADF487575031701FD3CE29CBA228C /* XMLParsingType.swift */,
			);
			path = Response;
			sourceTree = "<group>";
		};
		A9020D623D8916FA746D8E891134F78E /* SwiftGen */ = {
			isa = PBXGroup;
			children = (
				51F57EA71672D592C503198144E3648E /* Assets.swift */,
				149E1E1DBA2DF694E0AE33D493CDE8F9 /* Storyboard.swift */,
			);
			path = SwiftGen;
			sourceTree = "<group>";
		};
		B2ACC9D9D6B0CB2A2D45D027C9177A26 /* Network */ = {
			isa = PBXGroup;
			children = (
				B1D6864AEA6750FFD363FB96B9D8B3A0 /* HTTPError.swift */,
				A7D1CBCB05A905AE4917A0CEA861699F /* HTTPMethod.swift */,
				809DFB48CC77B219543B775E38C70D48 /* HTTPStatusCode.swift */,
				780C03610D5E1DB42CD5E068B4E4A656 /* NetworkManager.swift */,
				F655208064BCD5D09EC32B3646430324 /* NetworkManagerType.swift */,
			);
			path = Network;
			sourceTree = "<group>";
		};
		B3C2FE06B8909518407804448A15547A /* Extension */ = {
			isa = PBXGroup;
			children = (
				AD13F7185E86398B09AE891F1343AA5E /* CALayer+.swift */,
				804690DF390A0D47D42527A7CB7C6101 /* Date+.swift */,
				B9B04B6C2CD4B334A519586D0E91DBCF /* DateFormatter+.swift */,
				E5C8240AE4FF5A0BE37AAAE3E2784963 /* Double+.swift */,
				BB149EF126DB25219545819089E8062F /* Locale+.swift */,
				978E9708A1C5C90982083446DDFDF57E /* NSLayoutAnchor+.swift */,
				475FEB0148B502284938C322A1FCE657 /* NSLayoutConstraint+.swift */,
				C0BD575BEB17D9D2493F29578956C779 /* NSLayoutDimension+.swift */,
				5DE7F648E3F1AFEF8F2E912807BD956C /* NSObject+.swift */,
				D95A001CD86310390C178DE4491E6570 /* Notification+.swift */,
				D4FF7D101FBB1B823A1C8D8B4D842060 /* Notification.Name+.swift */,
				43A9E8FB49A9FF5D6049F1AA935B3EAD /* String+.swift */,
				499FC240839E34C3B6FE55023AAF42C2 /* UIAlertController+.swift */,
				DB9A6ED48D7730E8191DF882910D907E /* UIColor+.swift */,
				BE68CF5C8CCE8F34FBB3ABED81BA164C /* UIImageView+.swift */,
				05FC303D1FA77029C0B18B8C19A66650 /* UIView+.swift */,
				98B4BE46BFB958F5BEA81116B5B5279F /* UIView+NSLayoutAnchor.swift */,
				911E3D8169E0F1D9CFF3A6A227748F01 /* UIViewController+.swift */,
			);
			path = Extension;
			sourceTree = "<group>";
		};
		C5254E221717B2B3CDB72F67E9F3234C /* Supporting Files */ = {
			isa = PBXGroup;
			children = (
				D208A0B65663B22067E6C7CE03E25453 /* AppDelegate.swift */,
				F4ABB05FB0A25453FC7A9EE002373931 /* Assets.xcassets */,
				9DD3AAD051DF7FFF74B2A70DEBC077F4 /* GeoConverter.swift */,
				D764E2C19ACD93F21236E2C52D091FFB /* LaunchScreen.storyboard */,
				76E69A47910A3D0315E51E74FAE1239E /* LocationTaskError.swift */,
			);
			path = "Supporting Files";
			sourceTree = "<group>";
		};
		C683749A4618A81E1E0F1CF2A8180BCB /* View */ = {
			isa = PBXGroup;
			children = (
				E208DBDEC015D48168F788BB33917E01 /* Feedback.storyboard */,
				B059EEA2F5DED858EF5951E9018C8A75 /* FeedbackListTableViewCell.swift */,
				48BE6C39A1E9F23DBD0C1AF1B0E3DD9B /* RecommendCollectionViewCell.swift */,
			);
			path = View;
			sourceTree = "<group>";
		};
		C88330A0EFA0B675152D24D29FE45F1D /* JSON */ = {
			isa = PBXGroup;
			children = (
				35A803F31E8FA311980BA194EBD8B678 /* DustFeedback.json */,
				5E5C390A35DCD90C43B0702BDC3C825C /* JSONManager.swift */,
				5C7A1E57AF58FC89CACB2E06F9BFA22B /* JSONManagerType.swift */,
			);
			path = JSON;
			sourceTree = "<group>";
		};
		F90893B611F0A8BF26DDCC2358A0891D /* Dust */ = {
			isa = PBXGroup;
			children = (
				91DFB176E6D3CE407FBD2EA7289881AF /* DustError.swift */,
				F9E7157DC9FD660275C049CF786F487E /* DustInfoManager.swift */,
				ED585E71752C3FCEFC3DB7DEAEAF68A2 /* DustInfoManagerType.swift */,
				79B0B34F19342E62357963B77FBABF8C /* DustInfoService.swift */,
				E2F1B9F9201ADFBC9619BED293B7E3E5 /* DustInfoServiceType.swift */,
				BF4CAFFF2F8B581994F8CFE876638E4E /* DustManager.swift */,
				A676EFF72285A1967BBDB66334753660 /* DustManagerType.swift */,
				75A186092B1BADAC944224E6C56830FE /* DustObservatoryManager.swift */,
				3DC209D25C37C66A4575AE2D9DF76130 /* DustObservatoryManagerType.swift */,
				F10780943A97F514FA160307D17C959E /* DustStatusCode.swift */,
				FEBB8C71A7FB362DC9A9A7D132534A56 /* RecentDustInfo.swift */,
				50271B13372C2F87ABAADF29353AEDEC /* XMLError.swift */,
				6DEEE5C27474765434A333169934EB80 /* XMLManager.swift */,
				E4060A3D7997001798FC10629858A3AE /* XMLManagerType.swift */,
			);
			path = Dust;
			sourceTree = "<group>";
		};
/* End PBXGroup section */

/* Begin PBXNativeTarget section */
		C359351F31356424279C6FAA7866E534 /* FineDust */ = {
			isa = PBXNativeTarget;
			buildConfigurationList = 8F00085DE92C2EA2B2186C1D4894EE65 /* Build configuration list for PBXNativeTarget "FineDust" */;
			buildPhases = (
				825464EA5E4F501155DA8B8D147034BC /* Sources */,
				6D2B679EF123BDF10961394D11352F24 /* Frameworks */,
				51B3C28C7598053C0285EFFA1543C4F4 /* Resources */,
				7228FB920B244F6FEED29E43DBB069BD /* ShellScript */,
			);
			buildRules = (
			);
			dependencies = (
			);
			name = FineDust;
			productName = FineDust;
			productReference = 6CB7A59C01A6BEA73951091DC6C6C60F /* FineDust.app */;
			productType = "com.apple.product-type.application";
		};
		FC670917DDB46DEF5B008F67A5D341D0 /* FineDustTests */ = {
			isa = PBXNativeTarget;
			buildConfigurationList = 817692B8CF28B7C46B6F2323E4248D6C /* Build configuration list for PBXNativeTarget "FineDustTests" */;
			buildPhases = (
				B2A27D1E2A5A7D7E39E74D3B5D2D6AF8 /* Sources */,
				E87754171430F44C0EC85EEBB4802850 /* Frameworks */,
				B0FB61B8DDA5BA2B81EA081952928FD8 /* Resources */,
			);
			buildRules = (
			);
			dependencies = (
				C82ACCCC55F7C1E4DC2CE9E5CCD729AC /* PBXTargetDependency */,
			);
			name = FineDustTests;
			productName = FineDustTests;
			productReference = 986780C6CD66A004B310FDEEC0E52DE5 /* FineDustTests.xctest */;
			productType = "com.apple.product-type.bundle.unit-test";
		};
/* End PBXNativeTarget section */

/* Begin PBXProject section */
		54C4C346C97282321391D3CDFE95CBC6 /* Project object */ = {
			isa = PBXProject;
			attributes = {
				LastSwiftUpdateCheck = 1010;
				LastUpgradeCheck = 1010;
				ORGANIZATIONNAME = boostcamp3rd;
				TargetAttributes = {
					C359351F31356424279C6FAA7866E534 = {
						CreatedOnToolsVersion = 10.1;
						SystemCapabilities = {
							com.apple.BackgroundModes = {
								enabled = 0;
							};
							com.apple.HealthKit = {
								enabled = 1;
							};
						};
					};
					FC670917DDB46DEF5B008F67A5D341D0 = {
						CreatedOnToolsVersion = 10.1;
						TestTargetID = C359351F31356424279C6FAA7866E534;
					};
				};
			};
			buildConfigurationList = 76AB648CF61AD2E93BA56CCC29DD2E21 /* Build configuration list for PBXProject "FineDust" */;
			compatibilityVersion = "Xcode 9.3";
			developmentRegion = en;
			hasScannedForEncodings = 0;
			knownRegions = (
				en,
				Base,
			);
			mainGroup = 03539B93491D052777A42E866616EFFC;
			productRefGroup = 249684EBDBAFA57925A702F7F2706E9E /* Products */;
			projectDirPath = "";
			projectRoot = "";
			targets = (
				C359351F31356424279C6FAA7866E534 /* FineDust */,
				FC670917DDB46DEF5B008F67A5D341D0 /* FineDustTests */,
			);
		};
/* End PBXProject section */

/* Begin PBXResourcesBuildPhase section */
		51B3C28C7598053C0285EFFA1543C4F4 /* Resources */ = {
			isa = PBXResourcesBuildPhase;
			buildActionMask = 2147483647;
			files = (
				204D5CCDCF0215098F02993D13C3EBFE /* .swiftlint.yml in Resources */,
				740464EE62794055771F2E4C9D0035C0 /* Assets.xcassets in Resources */,
				BA45B98CB11CC8D859EBA76342CF6029 /* Common.storyboard in Resources */,
				D0765E052D0AF866A0C2843180CF4547 /* DustFeedback.json in Resources */,
				F7D73707461038D505CBB62AF328D9E2 /* Feedback.storyboard in Resources */,
				A91D83975CED5DB65ED352B523335AB2 /* LaunchScreen.storyboard in Resources */,
				5C7A02F9CEE3F4A4A79E457AFEDCEBAF /* Main.storyboard in Resources */,
				2B8D866B39C9DD1EBE276B9E25957797 /* RatioGraphView.xib in Resources */,
				B500997103DB43D02E812611C3454782 /* Statistics.storyboard in Resources */,
				563A95DB8198B51C3DC0B7B6BE64DDA3 /* ValueGraphView.xib in Resources */,
				0CD1740E330718AD9F6C5C529AD7B10F /* swiftgen.yml in Resources */,
			);
			runOnlyForDeploymentPostprocessing = 0;
		};
		B0FB61B8DDA5BA2B81EA081952928FD8 /* Resources */ = {
			isa = PBXResourcesBuildPhase;
			buildActionMask = 2147483647;
			files = (
				3A77C8B9693322DF25FF0762A1ECF2AE /* UnitTestREADME.md in Resources */,
			);
			runOnlyForDeploymentPostprocessing = 0;
		};
/* End PBXResourcesBuildPhase section */

/* Begin PBXShellScriptBuildPhase section */
		7228FB920B244F6FEED29E43DBB069BD /* ShellScript */ = {
			isa = PBXShellScriptBuildPhase;
			buildActionMask = 2147483647;
			files = (
			);
			inputFileListPaths = (
			);
			inputPaths = (
			);
			outputFileListPaths = (
			);
			outputPaths = (
			);
			runOnlyForDeploymentPostprocessing = 0;
			shellPath = /bin/sh;
			shellScript = "if which swiftlint >/dev/null; then\nswiftlint\nelse\necho \"warning: SwiftLint not installed, download from https://github.com/realm/SwiftLint\"\nfi\n";
		};
/* End PBXShellScriptBuildPhase section */

/* Begin PBXSourcesBuildPhase section */
		825464EA5E4F501155DA8B8D147034BC /* Sources */ = {
			isa = PBXSourcesBuildPhase;
			buildActionMask = 2147483647;
			files = (
				DCE1D84855AA9E770D56DBD295DE412E /* AppDelegate.swift in Sources */,
				761345E0591820A820DBB44A79B1FB76 /* Assets.swift in Sources */,
				0902E7B6288B1F6B38A1FA941EF9D737 /* CALayer+.swift in Sources */,
				E7863FA24D4CC1DD1C8809C51CE226CB /* CoreData+Intake.swift in Sources */,
				254F4FA6169B39876343EB37D9DFD50F /* CoreData+User.swift in Sources */,
				5F5DC6B6EFC8FB4B7C9F42E962925929 /* CoreDataIntakeManager.swift in Sources */,
				2D1B78BB008EFE83A558370B3BB1C0FB /* CoreDataIntakeManagerType.swift in Sources */,
				58FABA83FEFC33CBA9C0A3DA3DE2BEEE /* CoreDataManager.swift in Sources */,
				39E12E1416980561A0B4853AFA96897D /* CoreDataManagerType.swift in Sources */,
				D59B0C772EA94F7C83031FAC2782D678 /* CoreDataService.swift in Sources */,
				534D8B19FB980B4DD9E0CFEDE428E147 /* CoreDataServiceType.swift in Sources */,
				BCC0B3548859395D1A8AC4E8FEB98FC1 /* CoreDataUserManager.swift in Sources */,
				F3820F2C235DD02A6E10AC9B4A2EAE00 /* CoreDataUserManagerType.swift in Sources */,
				959228DE936B1B4EB610C4992BB3F45C /* DataTerm.swift in Sources */,
				485C2BFFB3B3A55ECAA2EA3E5E665B3F /* Date+.swift in Sources */,
				DB84FFAEC8A44B1AF2B17E9E65186CC0 /* DateFormatter+.swift in Sources */,
				E59BB0B0FBA7D57D24E6E247BE01272A /* Double+.swift in Sources */,
				F2B9A6C9CEBF51011FE2C037DFACC5D8 /* DustError.swift in Sources */,
				9DBFC7AB6704D4E8983F2F1DAF56E373 /* DustFeedback.swift in Sources */,
				8A850213B84E4BADA60BA0AFF9518D5D /* DustGrade.swift in Sources */,
				945F8AE930CB66E8CF13E3ADC970C3D4 /* DustInfoManager.swift in Sources */,
				8311DEFE3A71615C51B3BE1D582E79E0 /* DustInfoManagerType.swift in Sources */,
				E2806FDD8F1D3C4EA072CC99C7D145D4 /* DustInfoService.swift in Sources */,
				143EA2EB38E9FEC47ADE3105ACBFCFD4 /* DustInfoServiceType.swift in Sources */,
				81536FD4F73F47271F106C2EEB814960 /* DustManager.swift in Sources */,
				BBBD3AE9B89959F369982ED61D92A484 /* DustManagerType.swift in Sources */,
				0C6FE5F2FBFA0CC849F3B0EB0B3A6C3D /* DustObservatoryManager.swift in Sources */,
				5754F10E842FB7206E831C013BC62DAE /* DustObservatoryManagerType.swift in Sources */,
				2857D1F7306B342456D836BA06F582AE /* DustResponse.swift in Sources */,
				F726386EC2915DC663C9CF635154C286 /* DustStatusCode.swift in Sources */,
				A7D775E7BD2742C9F215C05EC30481BE /* FeedbackListService.swift in Sources */,
				C227239079D47CDEC9F72FAEDA56B178 /* FeedbackListTableViewCell.swift in Sources */,
				20CA4CC9EEF0809549D22652D5C0C4D4 /* FeedbackListViewController.swift in Sources */,
				2C7C0969F7006BB15F448796C3BAA4CB /* FeedbackListServiceType.swift in Sources */,
				F6C1234488BC54FDB5C5D472D24EDC2D /* FineDust.xcdatamodeld in Sources */,
				204861CD1D98F7238EA6235CF28AB641 /* GeoConverter.swift in Sources */,
				A951150290C32A8CBDD522094B8398A0 /* GeocoderManager.swift in Sources */,
				04A572D5E9209E88FC7B31057CCE14ED /* GeocoderManagerType.swift in Sources */,
				5BF160CCADAB359002B99C3FC6EEB91A /* HTTPError.swift in Sources */,
				BF8FDD73C3CB256E7A640BE952DAB4ED /* HTTPMethod.swift in Sources */,
				0F99D43AFB7714E3367A58D454482FC1 /* HTTPStatusCode.swift in Sources */,
				618DA42D0AAE01B72083D5BB17E8919C /* HealthKitManager.swift in Sources */,
				7B28D176B8026581EE3B56141483C34D /* HealthKitManagerType.swift in Sources */,
				CCBC032B52F1DABD1309EA3DA21FFD9C /* HealthKitService.swift in Sources */,
				DC03132F456C5888B3D1EAE3CDFEBBD2 /* HealthKitServiceType.swift in Sources */,
				B2BB14A56A22329527F75FC0D39915E0 /* Hour.swift in Sources */,
				F2D3AE95826A8CCFAE41DC059811B739 /* IntakeService.swift in Sources */,
				903E208AE17937B16838933B4868B59E /* IntakeServiceType.swift in Sources */,
				73E17575954CD283AB780AF418B0B695 /* JSONManager.swift in Sources */,
				D6C73DD4C1CB895E18D09BF9FB9FBDA5 /* JSONManagerType.swift in Sources */,
				E849F3EA4A87246BC5467C84EA0F566B /* Locale+.swift in Sources */,
				4CE4896570D07C30AB896D1FD8149D1E /* LocationManager.swift in Sources */,
				9960E4528C1A31B56BD1182E0A91AE8F /* LocationManagerType.swift in Sources */,
				FD5813C98B5F2778F973CCD0808BEF41 /* LocationObserver.swift in Sources */,
				969D802D2C46D8BBCBD5A54468DE3B7D /* LocationTaskError.swift in Sources */,
				DDF20BF1181CF217DC8739371363142A /* MainViewController.swift in Sources */,
				1F8405E32EEF66BD14AAC45BD82369DD /* NSLayoutAnchor+.swift in Sources */,
				41057EA496BADCA9B72504DFC9FFA23B /* NSLayoutConstraint+.swift in Sources */,
				C33546D723737ADFD171EBB0CD18C1BF /* NSLayoutDimension+.swift in Sources */,
				2E0344EDA34A627A756BC20F9B2A791F /* NSObject+.swift in Sources */,
				E0E840A70C31D3BA7716F9967CA20F51 /* NetworkManager.swift in Sources */,
				6803B70E992E7F2C1A09B3CCA057B883 /* NetworkManagerType.swift in Sources */,
				0917DB9E9194EEB899B4F60DA22740D6 /* Notification+.swift in Sources */,
				63E1084724B6FC24B6AC7F1C57CEDBFB /* Notification.Name+.swift in Sources */,
				67B90B88B78FC798FA44EB480AB2167A /* ObservatoryResponse.swift in Sources */,
				61456BB8371C8910DFEA1F2E03CB6C81 /* ProgressIndicator.swift in Sources */,
				9E6F27BA884D082B48A8C33F8088422D /* RatioGraphView.swift in Sources */,
				61983521903384EDCC1ED4BA5F87BF04 /* RatioGraphViewDataSource.swift in Sources */,
				A51E6DAD7010A2182F400DB983564D54 /* RecentDustInfo.swift in Sources */,
				5EE4CA05CA601AABFDC6F3D1989D135F /* RecommendCollectionViewCell.swift in Sources */,
				D43BB431919BE5B182944EBAA03278BA /* ResponseHeader.swift in Sources */,
				92FA4FA3264E8711AA9ECCEA1FB19171 /* SWXMLHash.swift in Sources */,
				585EA738C1263AEEE97962712EA4788B /* ServiceErrorType.swift in Sources */,
				C921D4C99DA13AEB953E512F475F15C2 /* SharedInfo.swift in Sources */,
				28C9DFA76618224E645C133EFD9B1794 /* StatisticsViewController.swift in Sources */,
				BFA9B24EA42B5531A4E033E71F4F8EDD /* String+.swift in Sources */,
				13DABA8D64DA1F3908824430DEBCB5ED /* Toast.swift in Sources */,
				AF5A997903507F5F9B1FF620F977876E /* Typealias.swift in Sources */,
				902AEE393C167BFDE0698F2C1236F783 /* UIAlertController+.swift in Sources */,
				A0221EFCD87D0BA93CDD31C167E4DF2E /* UIColor+.swift in Sources */,
				EF1E146C27E18234A79270C70FA9D14F /* UIImageView+.swift in Sources */,
				F408ED0799CF004B53F4180BE8F1CACD /* UIView+.swift in Sources */,
				78460935F8D933BB0B289AF0A2352619 /* UIView+NSLayoutAnchor.swift in Sources */,
				5FDA8F214C6E9BDDA2C64DBB2ED640BD /* UIViewController+.swift in Sources */,
				E58FADEFDCD685742F03D94196FDB227 /* ValueGraphView.swift in Sources */,
				42B7E20210A334E844791CA1246D9530 /* ValueGraphViewDataSource.swift in Sources */,
				0D7D9170D64C59CBFDF5B3B699E135B9 /* XMLError.swift in Sources */,
				A1C71E8BD3599B3BBE95696C2FEBA10D /* XMLIndexer+XMLIndexerDeserializable.swift in Sources */,
				98FA95AD469CE9B02B82BCE3C4F16F3E /* XMLManager.swift in Sources */,
				BF5FC1431BDC92705CCF4D4560AF99BB /* XMLManagerType.swift in Sources */,
				8FF34724E605CABA4F9FAA49F7E958DC /* XMLParsingType.swift in Sources */,
			);
			runOnlyForDeploymentPostprocessing = 0;
		};
		B2A27D1E2A5A7D7E39E74D3B5D2D6AF8 /* Sources */ = {
			isa = PBXSourcesBuildPhase;
			buildActionMask = 2147483647;
			files = (
				F9FD41DC6CD16EC111527E3FBC9BDBC6 /* DummyCoreDataService.swift in Sources */,
				A524CDA9285DDC778CC0CF4EB2F4F6C3 /* DummyDustInfoManager.swift in Sources */,
				101A02C9E2507574C9C3C458F04F73B0 /* DummyDustInfoService.swift in Sources */,
				42C4D6D4F16243CDBAC5299CA6B6F409 /* DummyDustObservatoryManager.swift in Sources */,
				FCEA06ED189D9011AF454EBFFF6B0303 /* DummyHealthKitService.swift in Sources */,
				81D20E9CADF01244ADFC634BACFD4A02 /* DummyJSONManager.swift in Sources */,
				31BB13768CFE9F024ABAC13EDC375039 /* DummyNetworkManager.swift in Sources */,
				F3FEC903328E87702903080011099030 /* MockCoreDataIntakeManager.swift in Sources */,
				3A3311B6956D8744945D53D24522A353 /* MockCoreDataService.swift in Sources */,
				2FE9EACCD90BFAE927F3513966DFB9E9 /* MockCoreDataUserManager.swift in Sources */,
				B488A42E26961E356F434BEF339ABF8A /* MockDustInfoManager.swift in Sources */,
				041178EDE5810B618DB547A063D35B1F /* MockDustInfoService.swift in Sources */,
				66B5FE3AF24D660C65650781493A76BA /* MockDustObservatoryManager.swift in Sources */,
				8A417846DD692018FCA21EF813914B1E /* MockHealthKitManager.swift in Sources */,
				462D589089AD78A0602023722BA86D2C /* MockHealthKitService.swift in Sources */,
				9F279A52C66E2F0C48EB4A13EDE3CE65 /* MockJSONManager.swift in Sources */,
				D266A0E2725337BABF52594D5099A298 /* MockNetworkManager.swift in Sources */,
				2FB006573A9F00312586F360AB87E378 /* TestCoreDataService.swift in Sources */,
				094F84EF62C9907F1D9544F34E1B0613 /* TestDustInfoManager.swift in Sources */,
				6A3A385523A062DBF382732DF71B4A7F /* TestDustInfoService.swift in Sources */,
				210EEBA5B5C8D62C530BA420A3E56CB3 /* TestDustObservatoryManager.swift in Sources */,
				71A3418C5387A0F14C9743BCCCB43BBC /* TestFeedbackListService.swift in Sources */,
				977ECFA384F7EE88E01C5B276680F78A /* TestHealthKitService.swift in Sources */,
				5D7AEAF00ACF84511AC381D39D0EC67E /* TestIntakeService.swift in Sources */,
			);
			runOnlyForDeploymentPostprocessing = 0;
		};
/* End PBXSourcesBuildPhase section */

/* Begin PBXTargetDependency section */
		C82ACCCC55F7C1E4DC2CE9E5CCD729AC /* PBXTargetDependency */ = {
			isa = PBXTargetDependency;
			target = C359351F31356424279C6FAA7866E534 /* FineDust */;
			targetProxy = 1A6B3E344D43ED51722536A51D8E0970 /* PBXContainerItemProxy */;
		};
/* End PBXTargetDependency section */

/* Begin PBXVariantGroup section */
		D764E2C19ACD93F21236E2C52D091FFB /* LaunchScreen.storyboard */ = {
			isa = PBXVariantGroup;
			children = (
				067E449E7BAAA91C4EE4A2715980EAFD /* Base */,
			);
			name = LaunchScreen.storyboard;
			sourceTree = "<group>";
		};
		EE1273B4F655106F72F602D38FC779D2 /* Main.storyboard */ = {
			isa = PBXVariantGroup;
			children = (
				9FB0BC76B2D4F22A9A11E837F8E6FA5B /* Base */,
			);
			name = Main.storyboard;
			sourceTree = "<group>";
		};
/* End PBXVariantGroup section */

/* Begin XCBuildConfiguration section */
		0D55646CCC95D68B755CE5C9C9012C1F /* Debug */ = {
			isa = XCBuildConfiguration;
			buildSettings = {
				ALWAYS_SEARCH_USER_PATHS = NO;
				CLANG_ANALYZER_NONNULL = YES;
				CLANG_ANALYZER_NUMBER_OBJECT_CONVERSION = YES_AGGRESSIVE;
				CLANG_CXX_LANGUAGE_STANDARD = "gnu++14";
				CLANG_CXX_LIBRARY = "libc++";
				CLANG_ENABLE_MODULES = YES;
				CLANG_ENABLE_OBJC_ARC = YES;
				CLANG_ENABLE_OBJC_WEAK = YES;
				CLANG_WARN_BLOCK_CAPTURE_AUTORELEASING = YES;
				CLANG_WARN_BOOL_CONVERSION = YES;
				CLANG_WARN_COMMA = YES;
				CLANG_WARN_CONSTANT_CONVERSION = YES;
				CLANG_WARN_DEPRECATED_OBJC_IMPLEMENTATIONS = YES;
				CLANG_WARN_DIRECT_OBJC_ISA_USAGE = YES_ERROR;
				CLANG_WARN_DOCUMENTATION_COMMENTS = YES;
				CLANG_WARN_EMPTY_BODY = YES;
				CLANG_WARN_ENUM_CONVERSION = YES;
				CLANG_WARN_INFINITE_RECURSION = YES;
				CLANG_WARN_INT_CONVERSION = YES;
				CLANG_WARN_NON_LITERAL_NULL_CONVERSION = YES;
				CLANG_WARN_OBJC_IMPLICIT_RETAIN_SELF = YES;
				CLANG_WARN_OBJC_LITERAL_CONVERSION = YES;
				CLANG_WARN_OBJC_ROOT_CLASS = YES_ERROR;
				CLANG_WARN_RANGE_LOOP_ANALYSIS = YES;
				CLANG_WARN_STRICT_PROTOTYPES = YES;
				CLANG_WARN_SUSPICIOUS_MOVE = YES;
				CLANG_WARN_UNGUARDED_AVAILABILITY = YES_AGGRESSIVE;
				CLANG_WARN_UNREACHABLE_CODE = YES;
				CLANG_WARN__DUPLICATE_METHOD_MATCH = YES;
				CODE_SIGN_IDENTITY = "iPhone Developer";
				COPY_PHASE_STRIP = NO;
				DEBUG_INFORMATION_FORMAT = dwarf;
				ENABLE_STRICT_OBJC_MSGSEND = YES;
				ENABLE_TESTABILITY = YES;
				GCC_C_LANGUAGE_STANDARD = gnu11;
				GCC_DYNAMIC_NO_PIC = NO;
				GCC_NO_COMMON_BLOCKS = YES;
				GCC_OPTIMIZATION_LEVEL = 0;
				GCC_PREPROCESSOR_DEFINITIONS = (
					"DEBUG=1",
					"$(inherited)",
				);
				GCC_WARN_64_TO_32_BIT_CONVERSION = YES;
				GCC_WARN_ABOUT_RETURN_TYPE = YES_ERROR;
				GCC_WARN_UNDECLARED_SELECTOR = YES;
				GCC_WARN_UNINITIALIZED_AUTOS = YES_AGGRESSIVE;
				GCC_WARN_UNUSED_FUNCTION = YES;
				GCC_WARN_UNUSED_VARIABLE = YES;
				IPHONEOS_DEPLOYMENT_TARGET = 11.0;
				MTL_ENABLE_DEBUG_INFO = INCLUDE_SOURCE;
				MTL_FAST_MATH = YES;
				ONLY_ACTIVE_ARCH = YES;
				SDKROOT = iphoneos;
				SWIFT_ACTIVE_COMPILATION_CONDITIONS = DEBUG;
				SWIFT_OPTIMIZATION_LEVEL = "-Onone";
			};
			name = Debug;
		};
		31A568A58C1334B2A5028262683C9B8D /* Debug */ = {
			isa = XCBuildConfiguration;
			buildSettings = {
				BUNDLE_LOADER = "$(TEST_HOST)";
				CODE_SIGN_STYLE = Automatic;
				DEVELOPMENT_TEAM = H79MF628K3;
				INFOPLIST_FILE = FineDustTests/Info.plist;
				IPHONEOS_DEPLOYMENT_TARGET = 12.1;
				LD_RUNPATH_SEARCH_PATHS = (
					"$(inherited)",
					"@executable_path/Frameworks",
					"@loader_path/Frameworks",
				);
				PRODUCT_BUNDLE_IDENTIFIER = kr.co.boostcamp3rd.FineDustTests;
				PRODUCT_NAME = "$(TARGET_NAME)";
				SWIFT_VERSION = 4.2;
				TARGETED_DEVICE_FAMILY = "1,2";
				TEST_HOST = "$(BUILT_PRODUCTS_DIR)/FineDust.app/FineDust";
			};
			name = Debug;
		};
		7F6FE804E817FE0B139A95336C65A9B3 /* Release */ = {
			isa = XCBuildConfiguration;
			buildSettings = {
				ALWAYS_SEARCH_USER_PATHS = NO;
				CLANG_ANALYZER_NONNULL = YES;
				CLANG_ANALYZER_NUMBER_OBJECT_CONVERSION = YES_AGGRESSIVE;
				CLANG_CXX_LANGUAGE_STANDARD = "gnu++14";
				CLANG_CXX_LIBRARY = "libc++";
				CLANG_ENABLE_MODULES = YES;
				CLANG_ENABLE_OBJC_ARC = YES;
				CLANG_ENABLE_OBJC_WEAK = YES;
				CLANG_WARN_BLOCK_CAPTURE_AUTORELEASING = YES;
				CLANG_WARN_BOOL_CONVERSION = YES;
				CLANG_WARN_COMMA = YES;
				CLANG_WARN_CONSTANT_CONVERSION = YES;
				CLANG_WARN_DEPRECATED_OBJC_IMPLEMENTATIONS = YES;
				CLANG_WARN_DIRECT_OBJC_ISA_USAGE = YES_ERROR;
				CLANG_WARN_DOCUMENTATION_COMMENTS = YES;
				CLANG_WARN_EMPTY_BODY = YES;
				CLANG_WARN_ENUM_CONVERSION = YES;
				CLANG_WARN_INFINITE_RECURSION = YES;
				CLANG_WARN_INT_CONVERSION = YES;
				CLANG_WARN_NON_LITERAL_NULL_CONVERSION = YES;
				CLANG_WARN_OBJC_IMPLICIT_RETAIN_SELF = YES;
				CLANG_WARN_OBJC_LITERAL_CONVERSION = YES;
				CLANG_WARN_OBJC_ROOT_CLASS = YES_ERROR;
				CLANG_WARN_RANGE_LOOP_ANALYSIS = YES;
				CLANG_WARN_STRICT_PROTOTYPES = YES;
				CLANG_WARN_SUSPICIOUS_MOVE = YES;
				CLANG_WARN_UNGUARDED_AVAILABILITY = YES_AGGRESSIVE;
				CLANG_WARN_UNREACHABLE_CODE = YES;
				CLANG_WARN__DUPLICATE_METHOD_MATCH = YES;
				CODE_SIGN_IDENTITY = "iPhone Developer";
				COPY_PHASE_STRIP = NO;
				DEBUG_INFORMATION_FORMAT = "dwarf-with-dsym";
				ENABLE_NS_ASSERTIONS = NO;
				ENABLE_STRICT_OBJC_MSGSEND = YES;
				GCC_C_LANGUAGE_STANDARD = gnu11;
				GCC_NO_COMMON_BLOCKS = YES;
				GCC_WARN_64_TO_32_BIT_CONVERSION = YES;
				GCC_WARN_ABOUT_RETURN_TYPE = YES_ERROR;
				GCC_WARN_UNDECLARED_SELECTOR = YES;
				GCC_WARN_UNINITIALIZED_AUTOS = YES_AGGRESSIVE;
				GCC_WARN_UNUSED_FUNCTION = YES;
				GCC_WARN_UNUSED_VARIABLE = YES;
				IPHONEOS_DEPLOYMENT_TARGET = 11.0;
				MTL_ENABLE_DEBUG_INFO = NO;
				MTL_FAST_MATH = YES;
				SDKROOT = iphoneos;
				SWIFT_COMPILATION_MODE = wholemodule;
				SWIFT_OPTIMIZATION_LEVEL = "-O";
				VALIDATE_PRODUCT = YES;
			};
			name = Release;
		};
		BC40E531EFF08EFBBA68D28952F6DCFA /* Release */ = {
			isa = XCBuildConfiguration;
			buildSettings = {
				BUNDLE_LOADER = "$(TEST_HOST)";
				CODE_SIGN_STYLE = Automatic;
				DEVELOPMENT_TEAM = H79MF628K3;
				INFOPLIST_FILE = FineDustTests/Info.plist;
				IPHONEOS_DEPLOYMENT_TARGET = 12.1;
				LD_RUNPATH_SEARCH_PATHS = (
					"$(inherited)",
					"@executable_path/Frameworks",
					"@loader_path/Frameworks",
				);
				PRODUCT_BUNDLE_IDENTIFIER = kr.co.boostcamp3rd.FineDustTests;
				PRODUCT_NAME = "$(TARGET_NAME)";
				SWIFT_VERSION = 4.2;
				TARGETED_DEVICE_FAMILY = "1,2";
				TEST_HOST = "$(BUILT_PRODUCTS_DIR)/FineDust.app/FineDust";
			};
			name = Release;
		};
		DE8F4696B51F4C9747D985CC9765375B /* Release */ = {
			isa = XCBuildConfiguration;
			buildSettings = {
				ASSETCATALOG_COMPILER_APPICON_NAME = AppIcon;
				CODE_SIGN_ENTITLEMENTS = FineDust/FineDust.entitlements;
				CODE_SIGN_IDENTITY = "iPhone Developer";
				CODE_SIGN_STYLE = Automatic;
				DEVELOPMENT_TEAM = H79MF628K3;
				INFOPLIST_FILE = FineDust/Info.plist;
				IPHONEOS_DEPLOYMENT_TARGET = 11.0;
				LD_RUNPATH_SEARCH_PATHS = (
					"$(inherited)",
					"@executable_path/Frameworks",
				);
				PRODUCT_BUNDLE_IDENTIFIER = kr.co.boostcamp3rd.FineDust;
				PRODUCT_NAME = "$(TARGET_NAME)";
				PROVISIONING_PROFILE_SPECIFIER = "";
				SWIFT_VERSION = 4.2;
				TARGETED_DEVICE_FAMILY = 1;
			};
			name = Release;
		};
		E56408CD67CACF8A0E4588BFF2593817 /* Debug */ = {
			isa = XCBuildConfiguration;
			buildSettings = {
				ASSETCATALOG_COMPILER_APPICON_NAME = AppIcon;
				CODE_SIGN_ENTITLEMENTS = FineDust/FineDust.entitlements;
				CODE_SIGN_IDENTITY = "iPhone Developer";
				CODE_SIGN_STYLE = Automatic;
				DEVELOPMENT_TEAM = H79MF628K3;
				INFOPLIST_FILE = FineDust/Info.plist;
				IPHONEOS_DEPLOYMENT_TARGET = 11.0;
				LD_RUNPATH_SEARCH_PATHS = (
					"$(inherited)",
					"@executable_path/Frameworks",
				);
				PRODUCT_BUNDLE_IDENTIFIER = kr.co.boostcamp3rd.FineDust;
				PRODUCT_NAME = "$(TARGET_NAME)";
				PROVISIONING_PROFILE_SPECIFIER = "";
				SWIFT_VERSION = 4.2;
				TARGETED_DEVICE_FAMILY = 1;
			};
			name = Debug;
		};
/* End XCBuildConfiguration section */

/* Begin XCConfigurationList section */
		76AB648CF61AD2E93BA56CCC29DD2E21 /* Build configuration list for PBXProject "FineDust" */ = {
			isa = XCConfigurationList;
			buildConfigurations = (
				0D55646CCC95D68B755CE5C9C9012C1F /* Debug */,
				7F6FE804E817FE0B139A95336C65A9B3 /* Release */,
			);
			defaultConfigurationIsVisible = 0;
			defaultConfigurationName = Release;
		};
		817692B8CF28B7C46B6F2323E4248D6C /* Build configuration list for PBXNativeTarget "FineDustTests" */ = {
			isa = XCConfigurationList;
			buildConfigurations = (
				31A568A58C1334B2A5028262683C9B8D /* Debug */,
				BC40E531EFF08EFBBA68D28952F6DCFA /* Release */,
			);
			defaultConfigurationIsVisible = 0;
			defaultConfigurationName = Release;
		};
		8F00085DE92C2EA2B2186C1D4894EE65 /* Build configuration list for PBXNativeTarget "FineDust" */ = {
			isa = XCConfigurationList;
			buildConfigurations = (
				E56408CD67CACF8A0E4588BFF2593817 /* Debug */,
				DE8F4696B51F4C9747D985CC9765375B /* Release */,
			);
			defaultConfigurationIsVisible = 0;
			defaultConfigurationName = Release;
		};
/* End XCConfigurationList section */

/* Begin XCVersionGroup section */
		17AFECFD5FB32629FADDDD4FA8975772 /* FineDust.xcdatamodeld */ = {
			isa = XCVersionGroup;
			children = (
				D247F6F3851E8A9D8F03470A313986A4 /* FineDust.xcdatamodel */,
			);
			currentVersion = D247F6F3851E8A9D8F03470A313986A4 /* FineDust.xcdatamodel */;
			path = FineDust.xcdatamodeld;
			sourceTree = "<group>";
			versionGroupType = wrapper.xcdatamodel;
		};
/* End XCVersionGroup section */
	};
	rootObject = 54C4C346C97282321391D3CDFE95CBC6 /* Project object */;
}
