// !$*UTF8*$!
{
	archiveVersion = 1;
	classes = {
	};
	objectVersion = 50;
	objects = {

/* Begin PBXBuildFile section */
		192CDA8D21F5ED9C000CE35D /* Network.swift in Sources */ = {isa = PBXBuildFile; fileRef = 192CDA8C21F5ED9C000CE35D /* Network.swift */; };
		192CDA8F21F5EDFC000CE35D /* NSObject+.swift in Sources */ = {isa = PBXBuildFile; fileRef = 192CDA8E21F5EDFC000CE35D /* NSObject+.swift */; };
		192CDA9121F5EE04000CE35D /* UIViewController+.swift in Sources */ = {isa = PBXBuildFile; fileRef = 192CDA9021F5EE04000CE35D /* UIViewController+.swift */; };
		192CDA9321F5EE09000CE35D /* UIView+.swift in Sources */ = {isa = PBXBuildFile; fileRef = 192CDA9221F5EE09000CE35D /* UIView+.swift */; };
		192CDA9521F5EE11000CE35D /* UIAlertController+.swift in Sources */ = {isa = PBXBuildFile; fileRef = 192CDA9421F5EE11000CE35D /* UIAlertController+.swift */; };
		192CDA9721F5EE17000CE35D /* UIColor+.swift in Sources */ = {isa = PBXBuildFile; fileRef = 192CDA9621F5EE17000CE35D /* UIColor+.swift */; };
		192CDA9921F5EE1E000CE35D /* String+.swift in Sources */ = {isa = PBXBuildFile; fileRef = 192CDA9821F5EE1E000CE35D /* String+.swift */; };
		192CDA9F21F603A9000CE35D /* API.swift in Sources */ = {isa = PBXBuildFile; fileRef = 192CDA9E21F603A9000CE35D /* API.swift */; };
		192CDAA121F603C5000CE35D /* API+FineDust.swift in Sources */ = {isa = PBXBuildFile; fileRef = 192CDAA021F603C5000CE35D /* API+FineDust.swift */; };
		192CDAA521F6046D000CE35D /* MainViewController.swift in Sources */ = {isa = PBXBuildFile; fileRef = 192CDAA421F6046D000CE35D /* MainViewController.swift */; };
		192CDAA721F60914000CE35D /* Date+.swift in Sources */ = {isa = PBXBuildFile; fileRef = 192CDAA621F60914000CE35D /* Date+.swift */; };
		192CDAAA21F61D0C000CE35D /* GeoConverter.swift in Sources */ = {isa = PBXBuildFile; fileRef = 192CDAA921F61D0C000CE35D /* GeoConverter.swift */; };
		192CDAAC21F61F35000CE35D /* GeoInfo.swift in Sources */ = {isa = PBXBuildFile; fileRef = 192CDAAB21F61F35000CE35D /* GeoInfo.swift */; };
		192CDAAF21F623ED000CE35D /* ObservatoryResponse.swift in Sources */ = {isa = PBXBuildFile; fileRef = 192CDAAE21F623ED000CE35D /* ObservatoryResponse.swift */; };
		192CDAB121F627A3000CE35D /* NSLayoutConstraint+.swift in Sources */ = {isa = PBXBuildFile; fileRef = 192CDAB021F627A3000CE35D /* NSLayoutConstraint+.swift */; };
		192CDAB321F628C9000CE35D /* NSLayoutAnchor+.swift in Sources */ = {isa = PBXBuildFile; fileRef = 192CDAB221F628C9000CE35D /* NSLayoutAnchor+.swift */; };
		192CDAB521F62A5D000CE35D /* UIView+NSLayoutAnchor.swift in Sources */ = {isa = PBXBuildFile; fileRef = 192CDAB421F62A5D000CE35D /* UIView+NSLayoutAnchor.swift */; };
		192CDAC021F6B242000CE35D /* Statistics.storyboard in Resources */ = {isa = PBXBuildFile; fileRef = 192CDABF21F6B242000CE35D /* Statistics.storyboard */; };
		192CDAC221F6B24D000CE35D /* Feedback.storyboard in Resources */ = {isa = PBXBuildFile; fileRef = 192CDAC121F6B24D000CE35D /* Feedback.storyboard */; };
		192CDAC521F6B2DF000CE35D /* Common.storyboard in Resources */ = {isa = PBXBuildFile; fileRef = 192CDAC421F6B2DF000CE35D /* Common.storyboard */; };
		192CDAC921F6B61D000CE35D /* StatisticsViewController.swift in Sources */ = {isa = PBXBuildFile; fileRef = 192CDAC821F6B61D000CE35D /* StatisticsViewController.swift */; };
		192CDACD21F6C85C000CE35D /* ValueGraphView.swift in Sources */ = {isa = PBXBuildFile; fileRef = 192CDACC21F6C85C000CE35D /* ValueGraphView.swift */; };
		192CDACF21F6C865000CE35D /* RatioGraphView.swift in Sources */ = {isa = PBXBuildFile; fileRef = 192CDACE21F6C865000CE35D /* RatioGraphView.swift */; };
		192CDAD121F6C874000CE35D /* ValueGraphView.xib in Resources */ = {isa = PBXBuildFile; fileRef = 192CDAD021F6C874000CE35D /* ValueGraphView.xib */; };
		192CDAD321F6C87E000CE35D /* RatioGraphView.xib in Resources */ = {isa = PBXBuildFile; fileRef = 192CDAD221F6C87E000CE35D /* RatioGraphView.xib */; };
		192CDADF21F6EA03000CE35D /* NSLayoutDimension+.swift in Sources */ = {isa = PBXBuildFile; fileRef = 192CDADE21F6EA03000CE35D /* NSLayoutDimension+.swift */; };
		192CDAE121F6F5B2000CE35D /* CALayer+.swift in Sources */ = {isa = PBXBuildFile; fileRef = 192CDAE021F6F5B2000CE35D /* CALayer+.swift */; };
		192CDAE521F70169000CE35D /* Storyboard.swift in Sources */ = {isa = PBXBuildFile; fileRef = 192CDAE421F70169000CE35D /* Storyboard.swift */; };
		1949B09921F5EB3200B22915 /* AppDelegate.swift in Sources */ = {isa = PBXBuildFile; fileRef = 1949B09821F5EB3200B22915 /* AppDelegate.swift */; };
		1949B09E21F5EB3200B22915 /* Main.storyboard in Resources */ = {isa = PBXBuildFile; fileRef = 1949B09C21F5EB3200B22915 /* Main.storyboard */; };
		1949B0A121F5EB3200B22915 /* FineDust.xcdatamodeld in Sources */ = {isa = PBXBuildFile; fileRef = 1949B09F21F5EB3200B22915 /* FineDust.xcdatamodeld */; };
		1949B0A321F5EB3600B22915 /* Assets.xcassets in Resources */ = {isa = PBXBuildFile; fileRef = 1949B0A221F5EB3600B22915 /* Assets.xcassets */; };
		1949B0A621F5EB3600B22915 /* LaunchScreen.storyboard in Resources */ = {isa = PBXBuildFile; fileRef = 1949B0A421F5EB3600B22915 /* LaunchScreen.storyboard */; };
		1949B0AF21F5EB9F00B22915 /* .swiftlint.yml in Resources */ = {isa = PBXBuildFile; fileRef = 1949B0AE21F5EB9F00B22915 /* .swiftlint.yml */; };
		199C198E21F8275700ED439F /* (null) in Sources */ = {isa = PBXBuildFile; };
		199C199021F8276100ED439F /* (null) in Sources */ = {isa = PBXBuildFile; };
		199C199221F82BBF00ED439F /* DataTerm.swift in Sources */ = {isa = PBXBuildFile; fileRef = 199C199121F82BBF00ED439F /* DataTerm.swift */; };
		199C19A821F9441200ED439F /* swiftgen.yml in Resources */ = {isa = PBXBuildFile; fileRef = 199C19A721F9441200ED439F /* swiftgen.yml */; };
		AFF183A721F97BDB00C600C1 /* FeedbackListTableViewCell.swift in Sources */ = {isa = PBXBuildFile; fileRef = AFF183A521F97BDB00C600C1 /* FeedbackListTableViewCell.swift */; };
		AFF183A821F97BDB00C600C1 /* FeedbackCollectionViewCell.swift in Sources */ = {isa = PBXBuildFile; fileRef = AFF183A621F97BDB00C600C1 /* FeedbackCollectionViewCell.swift */; };
		AFF183AB21F97C8D00C600C1 /* Grade.swift in Sources */ = {isa = PBXBuildFile; fileRef = AFF183A921F97C8D00C600C1 /* Grade.swift */; };
		AFF183AC21F97C8D00C600C1 /* FineDustResponse.swift in Sources */ = {isa = PBXBuildFile; fileRef = AFF183AA21F97C8D00C600C1 /* FineDustResponse.swift */; };
		AFF183AE21F97DE600C600C1 /* FeedbackListViewController.swift in Sources */ = {isa = PBXBuildFile; fileRef = AFF183AD21F97DE600C600C1 /* FeedbackListViewController.swift */; };
		AFF183B021F97E6E00C600C1 /* UIImageView+.swift in Sources */ = {isa = PBXBuildFile; fileRef = AFF183AF21F97E6E00C600C1 /* UIImageView+.swift */; };
/* End PBXBuildFile section */

/* Begin PBXFileReference section */
		192CDA8C21F5ED9C000CE35D /* Network.swift */ = {isa = PBXFileReference; lastKnownFileType = sourcecode.swift; path = Network.swift; sourceTree = "<group>"; };
		192CDA8E21F5EDFC000CE35D /* NSObject+.swift */ = {isa = PBXFileReference; lastKnownFileType = sourcecode.swift; path = "NSObject+.swift"; sourceTree = "<group>"; };
		192CDA9021F5EE04000CE35D /* UIViewController+.swift */ = {isa = PBXFileReference; lastKnownFileType = sourcecode.swift; path = "UIViewController+.swift"; sourceTree = "<group>"; };
		192CDA9221F5EE09000CE35D /* UIView+.swift */ = {isa = PBXFileReference; lastKnownFileType = sourcecode.swift; path = "UIView+.swift"; sourceTree = "<group>"; };
		192CDA9421F5EE11000CE35D /* UIAlertController+.swift */ = {isa = PBXFileReference; lastKnownFileType = sourcecode.swift; path = "UIAlertController+.swift"; sourceTree = "<group>"; };
		192CDA9621F5EE17000CE35D /* UIColor+.swift */ = {isa = PBXFileReference; lastKnownFileType = sourcecode.swift; path = "UIColor+.swift"; sourceTree = "<group>"; };
		192CDA9821F5EE1E000CE35D /* String+.swift */ = {isa = PBXFileReference; lastKnownFileType = sourcecode.swift; path = "String+.swift"; sourceTree = "<group>"; };
		192CDA9E21F603A9000CE35D /* API.swift */ = {isa = PBXFileReference; lastKnownFileType = sourcecode.swift; path = API.swift; sourceTree = "<group>"; };
		192CDAA021F603C5000CE35D /* API+FineDust.swift */ = {isa = PBXFileReference; lastKnownFileType = sourcecode.swift; path = "API+FineDust.swift"; sourceTree = "<group>"; };
		192CDAA421F6046D000CE35D /* MainViewController.swift */ = {isa = PBXFileReference; lastKnownFileType = sourcecode.swift; path = MainViewController.swift; sourceTree = "<group>"; };
		192CDAA621F60914000CE35D /* Date+.swift */ = {isa = PBXFileReference; lastKnownFileType = sourcecode.swift; path = "Date+.swift"; sourceTree = "<group>"; };
		192CDAA921F61D0C000CE35D /* GeoConverter.swift */ = {isa = PBXFileReference; lastKnownFileType = sourcecode.swift; path = GeoConverter.swift; sourceTree = "<group>"; };
		192CDAAB21F61F35000CE35D /* GeoInfo.swift */ = {isa = PBXFileReference; lastKnownFileType = sourcecode.swift; path = GeoInfo.swift; sourceTree = "<group>"; };
		192CDAAE21F623ED000CE35D /* ObservatoryResponse.swift */ = {isa = PBXFileReference; lastKnownFileType = sourcecode.swift; path = ObservatoryResponse.swift; sourceTree = "<group>"; };
		192CDAB021F627A3000CE35D /* NSLayoutConstraint+.swift */ = {isa = PBXFileReference; lastKnownFileType = sourcecode.swift; path = "NSLayoutConstraint+.swift"; sourceTree = "<group>"; };
		192CDAB221F628C9000CE35D /* NSLayoutAnchor+.swift */ = {isa = PBXFileReference; lastKnownFileType = sourcecode.swift; path = "NSLayoutAnchor+.swift"; sourceTree = "<group>"; };
		192CDAB421F62A5D000CE35D /* UIView+NSLayoutAnchor.swift */ = {isa = PBXFileReference; lastKnownFileType = sourcecode.swift; path = "UIView+NSLayoutAnchor.swift"; sourceTree = "<group>"; };
		192CDABF21F6B242000CE35D /* Statistics.storyboard */ = {isa = PBXFileReference; lastKnownFileType = file.storyboard; path = Statistics.storyboard; sourceTree = "<group>"; };
		192CDAC121F6B24D000CE35D /* Feedback.storyboard */ = {isa = PBXFileReference; lastKnownFileType = file.storyboard; path = Feedback.storyboard; sourceTree = "<group>"; };
		192CDAC421F6B2DF000CE35D /* Common.storyboard */ = {isa = PBXFileReference; lastKnownFileType = file.storyboard; path = Common.storyboard; sourceTree = "<group>"; };
		192CDAC821F6B61D000CE35D /* StatisticsViewController.swift */ = {isa = PBXFileReference; lastKnownFileType = sourcecode.swift; path = StatisticsViewController.swift; sourceTree = "<group>"; };
		192CDACC21F6C85C000CE35D /* ValueGraphView.swift */ = {isa = PBXFileReference; lastKnownFileType = sourcecode.swift; path = ValueGraphView.swift; sourceTree = "<group>"; };
		192CDACE21F6C865000CE35D /* RatioGraphView.swift */ = {isa = PBXFileReference; lastKnownFileType = sourcecode.swift; path = RatioGraphView.swift; sourceTree = "<group>"; };
		192CDAD021F6C874000CE35D /* ValueGraphView.xib */ = {isa = PBXFileReference; lastKnownFileType = file.xib; path = ValueGraphView.xib; sourceTree = "<group>"; };
		192CDAD221F6C87E000CE35D /* RatioGraphView.xib */ = {isa = PBXFileReference; lastKnownFileType = file.xib; path = RatioGraphView.xib; sourceTree = "<group>"; };
		192CDADE21F6EA03000CE35D /* NSLayoutDimension+.swift */ = {isa = PBXFileReference; lastKnownFileType = sourcecode.swift; path = "NSLayoutDimension+.swift"; sourceTree = "<group>"; };
		192CDAE021F6F5B2000CE35D /* CALayer+.swift */ = {isa = PBXFileReference; lastKnownFileType = sourcecode.swift; path = "CALayer+.swift"; sourceTree = "<group>"; };
		192CDAE421F70169000CE35D /* Storyboard.swift */ = {isa = PBXFileReference; lastKnownFileType = sourcecode.swift; path = Storyboard.swift; sourceTree = "<group>"; };
		1949B09521F5EB3200B22915 /* FineDust.app */ = {isa = PBXFileReference; explicitFileType = wrapper.application; includeInIndex = 0; path = FineDust.app; sourceTree = BUILT_PRODUCTS_DIR; };
		1949B09821F5EB3200B22915 /* AppDelegate.swift */ = {isa = PBXFileReference; lastKnownFileType = sourcecode.swift; path = AppDelegate.swift; sourceTree = "<group>"; };
		1949B09D21F5EB3200B22915 /* Base */ = {isa = PBXFileReference; lastKnownFileType = file.storyboard; name = Base; path = Base.lproj/Main.storyboard; sourceTree = "<group>"; };
		1949B0A021F5EB3200B22915 /* FineDust.xcdatamodel */ = {isa = PBXFileReference; lastKnownFileType = wrapper.xcdatamodel; path = FineDust.xcdatamodel; sourceTree = "<group>"; };
		1949B0A221F5EB3600B22915 /* Assets.xcassets */ = {isa = PBXFileReference; lastKnownFileType = folder.assetcatalog; path = Assets.xcassets; sourceTree = "<group>"; };
		1949B0A521F5EB3600B22915 /* Base */ = {isa = PBXFileReference; lastKnownFileType = file.storyboard; name = Base; path = Base.lproj/LaunchScreen.storyboard; sourceTree = "<group>"; };
		1949B0A721F5EB3600B22915 /* Info.plist */ = {isa = PBXFileReference; lastKnownFileType = text.plist.xml; path = Info.plist; sourceTree = "<group>"; };
		1949B0AE21F5EB9F00B22915 /* .swiftlint.yml */ = {isa = PBXFileReference; lastKnownFileType = text; path = .swiftlint.yml; sourceTree = "<group>"; };
		199C199121F82BBF00ED439F /* DataTerm.swift */ = {isa = PBXFileReference; lastKnownFileType = sourcecode.swift; path = DataTerm.swift; sourceTree = "<group>"; };
		199C19A721F9441200ED439F /* swiftgen.yml */ = {isa = PBXFileReference; lastKnownFileType = text; path = swiftgen.yml; sourceTree = "<group>"; };
		AFF183A521F97BDB00C600C1 /* FeedbackListTableViewCell.swift */ = {isa = PBXFileReference; fileEncoding = 4; lastKnownFileType = sourcecode.swift; name = FeedbackListTableViewCell.swift; path = FineDust/Feedback/View/FeedbackListTableViewCell.swift; sourceTree = SOURCE_ROOT; };
		AFF183A621F97BDB00C600C1 /* FeedbackCollectionViewCell.swift */ = {isa = PBXFileReference; fileEncoding = 4; lastKnownFileType = sourcecode.swift; name = FeedbackCollectionViewCell.swift; path = FineDust/Feedback/View/FeedbackCollectionViewCell.swift; sourceTree = SOURCE_ROOT; };
		AFF183A921F97C8D00C600C1 /* Grade.swift */ = {isa = PBXFileReference; fileEncoding = 4; lastKnownFileType = sourcecode.swift; path = Grade.swift; sourceTree = "<group>"; };
		AFF183AA21F97C8D00C600C1 /* FineDustResponse.swift */ = {isa = PBXFileReference; fileEncoding = 4; lastKnownFileType = sourcecode.swift; path = FineDustResponse.swift; sourceTree = "<group>"; };
		AFF183AD21F97DE600C600C1 /* FeedbackListViewController.swift */ = {isa = PBXFileReference; fileEncoding = 4; lastKnownFileType = sourcecode.swift; path = FeedbackListViewController.swift; sourceTree = "<group>"; };
		AFF183AF21F97E6E00C600C1 /* UIImageView+.swift */ = {isa = PBXFileReference; fileEncoding = 4; lastKnownFileType = sourcecode.swift; path = "UIImageView+.swift"; sourceTree = "<group>"; };
/* End PBXFileReference section */

/* Begin PBXFrameworksBuildPhase section */
		1949B09221F5EB3200B22915 /* Frameworks */ = {
			isa = PBXFrameworksBuildPhase;
			buildActionMask = 2147483647;
			files = (
			);
			runOnlyForDeploymentPostprocessing = 0;
		};
/* End PBXFrameworksBuildPhase section */

/* Begin PBXGroup section */
		192CDAA821F60A1C000CE35D /* HealthKit */ = {
			isa = PBXGroup;
			children = (
			);
			path = HealthKit;
			sourceTree = "<group>";
		};
		192CDAAD21F623DC000CE35D /* Response */ = {
			isa = PBXGroup;
			children = (
				AFF183AA21F97C8D00C600C1 /* FineDustResponse.swift */,
				AFF183A921F97C8D00C600C1 /* Grade.swift */,
				199C199121F82BBF00ED439F /* DataTerm.swift */,
				192CDAAE21F623ED000CE35D /* ObservatoryResponse.swift */,
			);
			path = Response;
			sourceTree = "<group>";
		};
		192CDAB621F6B1D0000CE35D /* Main */ = {
			isa = PBXGroup;
			children = (
				1949B09C21F5EB3200B22915 /* Main.storyboard */,
				192CDABE21F6B212000CE35D /* View */,
				192CDABD21F6B20F000CE35D /* Controller */,
			);
			path = Main;
			sourceTree = "<group>";
		};
		192CDAB721F6B1DD000CE35D /* Statistics */ = {
			isa = PBXGroup;
			children = (
				192CDABF21F6B242000CE35D /* Statistics.storyboard */,
				192CDABA21F6B204000CE35D /* View */,
				192CDAB921F6B200000CE35D /* Controller */,
			);
			path = Statistics;
			sourceTree = "<group>";
		};
		192CDAB821F6B1F2000CE35D /* Feedback */ = {
			isa = PBXGroup;
			children = (
				192CDAC121F6B24D000CE35D /* Feedback.storyboard */,
				192CDAC321F6B296000CE35D /* View */,
				192CDABB21F6B208000CE35D /* Controller */,
			);
			path = Feedback;
			sourceTree = "<group>";
		};
		192CDAB921F6B200000CE35D /* Controller */ = {
			isa = PBXGroup;
			children = (
				192CDAC821F6B61D000CE35D /* StatisticsViewController.swift */,
			);
			path = Controller;
			sourceTree = "<group>";
		};
		192CDABA21F6B204000CE35D /* View */ = {
			isa = PBXGroup;
			children = (
				192CDAD421F6D7E9000CE35D /* Value Graph */,
				192CDAD521F6D7EE000CE35D /* Ratio Graph */,
			);
			path = View;
			sourceTree = "<group>";
		};
		192CDABB21F6B208000CE35D /* Controller */ = {
			isa = PBXGroup;
			children = (
				AFF183AD21F97DE600C600C1 /* FeedbackListViewController.swift */,
			);
			path = Controller;
			sourceTree = "<group>";
		};
		192CDABD21F6B20F000CE35D /* Controller */ = {
			isa = PBXGroup;
			children = (
				192CDAA421F6046D000CE35D /* MainViewController.swift */,
			);
			path = Controller;
			sourceTree = "<group>";
		};
		192CDABE21F6B212000CE35D /* View */ = {
			isa = PBXGroup;
			children = (
			);
			path = View;
			sourceTree = "<group>";
		};
		192CDAC321F6B296000CE35D /* View */ = {
			isa = PBXGroup;
			children = (
				AFF183A621F97BDB00C600C1 /* FeedbackCollectionViewCell.swift */,
				AFF183A521F97BDB00C600C1 /* FeedbackListTableViewCell.swift */,
			);
			path = View;
			sourceTree = "<group>";
		};
		192CDAD421F6D7E9000CE35D /* Value Graph */ = {
			isa = PBXGroup;
			children = (
				192CDAD021F6C874000CE35D /* ValueGraphView.xib */,
				192CDACC21F6C85C000CE35D /* ValueGraphView.swift */,
			);
			path = "Value Graph";
			sourceTree = "<group>";
		};
		192CDAD521F6D7EE000CE35D /* Ratio Graph */ = {
			isa = PBXGroup;
			children = (
				192CDAD221F6C87E000CE35D /* RatioGraphView.xib */,
				192CDACE21F6C865000CE35D /* RatioGraphView.swift */,
			);
			path = "Ratio Graph";
			sourceTree = "<group>";
		};
		1949B08C21F5EB3200B22915 = {
			isa = PBXGroup;
			children = (
				199C19A721F9441200ED439F /* swiftgen.yml */,
				1949B0AE21F5EB9F00B22915 /* .swiftlint.yml */,
				1949B09721F5EB3200B22915 /* FineDust */,
				1949B09621F5EB3200B22915 /* Products */,
			);
			sourceTree = "<group>";
		};
		1949B09621F5EB3200B22915 /* Products */ = {
			isa = PBXGroup;
			children = (
				1949B09521F5EB3200B22915 /* FineDust.app */,
			);
			name = Products;
			sourceTree = "<group>";
		};
		1949B09721F5EB3200B22915 /* FineDust */ = {
			isa = PBXGroup;
			children = (
				1949B0A721F5EB3600B22915 /* Info.plist */,
				1949B0B221F5EBB900B22915 /* Common */,
				192CDAA821F60A1C000CE35D /* HealthKit */,
				1949B0B421F5EBC900B22915 /* Core Data */,
				1949B0B021F5EBB000B22915 /* Network */,
				192CDAAD21F623DC000CE35D /* Response */,
				1949B0B121F5EBB500B22915 /* Model */,
				192CDAB621F6B1D0000CE35D /* Main */,
				192CDAB721F6B1DD000CE35D /* Statistics */,
				192CDAB821F6B1F2000CE35D /* Feedback */,
				1949B0B521F5EBD900B22915 /* Supporting Files */,
				1949B0B321F5EBC200B22915 /* Extension */,
			);
			path = FineDust;
			sourceTree = "<group>";
		};
		1949B0B021F5EBB000B22915 /* Network */ = {
			isa = PBXGroup;
			children = (
				192CDA8C21F5ED9C000CE35D /* Network.swift */,
				192CDA9E21F603A9000CE35D /* API.swift */,
				192CDAA021F603C5000CE35D /* API+FineDust.swift */,
			);
			path = Network;
			sourceTree = "<group>";
		};
		1949B0B121F5EBB500B22915 /* Model */ = {
			isa = PBXGroup;
			children = (
				192CDAAB21F61F35000CE35D /* GeoInfo.swift */,
			);
			path = Model;
			sourceTree = "<group>";
		};
		1949B0B221F5EBB900B22915 /* Common */ = {
			isa = PBXGroup;
			children = (
				192CDAC421F6B2DF000CE35D /* Common.storyboard */,
				192CDAE421F70169000CE35D /* Storyboard.swift */,
			);
			path = Common;
			sourceTree = "<group>";
		};
		1949B0B321F5EBC200B22915 /* Extension */ = {
			isa = PBXGroup;
			children = (
				192CDA8E21F5EDFC000CE35D /* NSObject+.swift */,
				AFF183AF21F97E6E00C600C1 /* UIImageView+.swift */,
				192CDA9021F5EE04000CE35D /* UIViewController+.swift */,
				192CDA9221F5EE09000CE35D /* UIView+.swift */,
				192CDAB421F62A5D000CE35D /* UIView+NSLayoutAnchor.swift */,
				192CDA9421F5EE11000CE35D /* UIAlertController+.swift */,
				192CDA9621F5EE17000CE35D /* UIColor+.swift */,
				192CDA9821F5EE1E000CE35D /* String+.swift */,
				192CDAA621F60914000CE35D /* Date+.swift */,
				192CDAB021F627A3000CE35D /* NSLayoutConstraint+.swift */,
				192CDAB221F628C9000CE35D /* NSLayoutAnchor+.swift */,
				192CDADE21F6EA03000CE35D /* NSLayoutDimension+.swift */,
				192CDAE021F6F5B2000CE35D /* CALayer+.swift */,
			);
			path = Extension;
			sourceTree = "<group>";
		};
		1949B0B421F5EBC900B22915 /* Core Data */ = {
			isa = PBXGroup;
			children = (
				1949B09F21F5EB3200B22915 /* FineDust.xcdatamodeld */,
			);
			path = "Core Data";
			sourceTree = "<group>";
		};
		1949B0B521F5EBD900B22915 /* Supporting Files */ = {
			isa = PBXGroup;
			children = (
				199C19A921F944BD00ED439F /* SwiftGen */,
				1949B0A421F5EB3600B22915 /* LaunchScreen.storyboard */,
				1949B09821F5EB3200B22915 /* AppDelegate.swift */,
				192CDAA921F61D0C000CE35D /* GeoConverter.swift */,
				1949B0A221F5EB3600B22915 /* Assets.xcassets */,
			);
			path = "Supporting Files";
			sourceTree = "<group>";
		};
		199C19A921F944BD00ED439F /* SwiftGen */ = {
			isa = PBXGroup;
			children = (
			);
			path = SwiftGen;
			sourceTree = "<group>";
		};
/* End PBXGroup section */

/* Begin PBXNativeTarget section */
		1949B09421F5EB3200B22915 /* FineDust */ = {
			isa = PBXNativeTarget;
			buildConfigurationList = 1949B0AA21F5EB3600B22915 /* Build configuration list for PBXNativeTarget "FineDust" */;
			buildPhases = (
				1949B09121F5EB3200B22915 /* Sources */,
				1949B09221F5EB3200B22915 /* Frameworks */,
				1949B09321F5EB3200B22915 /* Resources */,
				1949B0AD21F5EB8700B22915 /* ShellScript */,
			);
			buildRules = (
			);
			dependencies = (
			);
			name = FineDust;
			productName = FineDust;
			productReference = 1949B09521F5EB3200B22915 /* FineDust.app */;
			productType = "com.apple.product-type.application";
		};
/* End PBXNativeTarget section */

/* Begin PBXProject section */
		1949B08D21F5EB3200B22915 /* Project object */ = {
			isa = PBXProject;
			attributes = {
				LastSwiftUpdateCheck = 1010;
				LastUpgradeCheck = 1010;
				ORGANIZATIONNAME = boostcamp3rd;
				TargetAttributes = {
					1949B09421F5EB3200B22915 = {
						CreatedOnToolsVersion = 10.1;
						SystemCapabilities = {
							com.apple.BackgroundModes = {
								enabled = 0;
							};
						};
					};
				};
			};
			buildConfigurationList = 1949B09021F5EB3200B22915 /* Build configuration list for PBXProject "FineDust" */;
			compatibilityVersion = "Xcode 9.3";
			developmentRegion = en;
			hasScannedForEncodings = 0;
			knownRegions = (
				en,
				Base,
			);
			mainGroup = 1949B08C21F5EB3200B22915;
			productRefGroup = 1949B09621F5EB3200B22915 /* Products */;
			projectDirPath = "";
			projectRoot = "";
			targets = (
				1949B09421F5EB3200B22915 /* FineDust */,
			);
		};
/* End PBXProject section */

/* Begin PBXResourcesBuildPhase section */
		1949B09321F5EB3200B22915 /* Resources */ = {
			isa = PBXResourcesBuildPhase;
			buildActionMask = 2147483647;
			files = (
				192CDAD321F6C87E000CE35D /* RatioGraphView.xib in Resources */,
				199C19A821F9441200ED439F /* swiftgen.yml in Resources */,
				1949B0AF21F5EB9F00B22915 /* .swiftlint.yml in Resources */,
				1949B0A621F5EB3600B22915 /* LaunchScreen.storyboard in Resources */,
				1949B0A321F5EB3600B22915 /* Assets.xcassets in Resources */,
				192CDAC521F6B2DF000CE35D /* Common.storyboard in Resources */,
				192CDAC021F6B242000CE35D /* Statistics.storyboard in Resources */,
				192CDAD121F6C874000CE35D /* ValueGraphView.xib in Resources */,
				1949B09E21F5EB3200B22915 /* Main.storyboard in Resources */,
				192CDAC221F6B24D000CE35D /* Feedback.storyboard in Resources */,
			);
			runOnlyForDeploymentPostprocessing = 0;
		};
/* End PBXResourcesBuildPhase section */

/* Begin PBXShellScriptBuildPhase section */
		1949B0AD21F5EB8700B22915 /* ShellScript */ = {
			isa = PBXShellScriptBuildPhase;
			buildActionMask = 2147483647;
			files = (
			);
			inputFileListPaths = (
			);
			inputPaths = (
			);
			outputFileListPaths = (
			);
			outputPaths = (
			);
			runOnlyForDeploymentPostprocessing = 0;
			shellPath = /bin/sh;
			shellScript = "if which swiftlint >/dev/null; then\nswiftlint\nelse\necho \"warning: SwiftLint not installed, download from https://github.com/realm/SwiftLint\"\nfi\n";
		};
/* End PBXShellScriptBuildPhase section */

/* Begin PBXSourcesBuildPhase section */
		1949B09121F5EB3200B22915 /* Sources */ = {
			isa = PBXSourcesBuildPhase;
			buildActionMask = 2147483647;
			files = (
				192CDAAA21F61D0C000CE35D /* GeoConverter.swift in Sources */,
				199C199221F82BBF00ED439F /* DataTerm.swift in Sources */,
				AFF183AC21F97C8D00C600C1 /* FineDustResponse.swift in Sources */,
				192CDAA521F6046D000CE35D /* MainViewController.swift in Sources */,
				192CDADF21F6EA03000CE35D /* NSLayoutDimension+.swift in Sources */,
				192CDA9521F5EE11000CE35D /* UIAlertController+.swift in Sources */,
				AFF183B021F97E6E00C600C1 /* UIImageView+.swift in Sources */,
				192CDA8F21F5EDFC000CE35D /* NSObject+.swift in Sources */,
				192CDA9921F5EE1E000CE35D /* String+.swift in Sources */,
				192CDACD21F6C85C000CE35D /* ValueGraphView.swift in Sources */,
				AFF183A821F97BDB00C600C1 /* FeedbackCollectionViewCell.swift in Sources */,
				192CDAE521F70169000CE35D /* Storyboard.swift in Sources */,
				192CDACF21F6C865000CE35D /* RatioGraphView.swift in Sources */,
				192CDAA121F603C5000CE35D /* API+FineDust.swift in Sources */,
				199C199021F8276100ED439F /* (null) in Sources */,
				AFF183A721F97BDB00C600C1 /* FeedbackListTableViewCell.swift in Sources */,
				192CDA9321F5EE09000CE35D /* UIView+.swift in Sources */,
				199C198E21F8275700ED439F /* (null) in Sources */,
				192CDAAF21F623ED000CE35D /* ObservatoryResponse.swift in Sources */,
				192CDA9121F5EE04000CE35D /* UIViewController+.swift in Sources */,
				1949B09921F5EB3200B22915 /* AppDelegate.swift in Sources */,
				AFF183AB21F97C8D00C600C1 /* Grade.swift in Sources */,
				192CDAE121F6F5B2000CE35D /* CALayer+.swift in Sources */,
				192CDAB321F628C9000CE35D /* NSLayoutAnchor+.swift in Sources */,
				192CDAC921F6B61D000CE35D /* StatisticsViewController.swift in Sources */,
				AFF183AE21F97DE600C600C1 /* FeedbackListViewController.swift in Sources */,
				192CDA8D21F5ED9C000CE35D /* Network.swift in Sources */,
				1949B0A121F5EB3200B22915 /* FineDust.xcdatamodeld in Sources */,
				192CDAA721F60914000CE35D /* Date+.swift in Sources */,
				192CDA9F21F603A9000CE35D /* API.swift in Sources */,
				192CDAB521F62A5D000CE35D /* UIView+NSLayoutAnchor.swift in Sources */,
				192CDA9721F5EE17000CE35D /* UIColor+.swift in Sources */,
				192CDAAC21F61F35000CE35D /* GeoInfo.swift in Sources */,
				192CDAB121F627A3000CE35D /* NSLayoutConstraint+.swift in Sources */,
			);
			runOnlyForDeploymentPostprocessing = 0;
		};
/* End PBXSourcesBuildPhase section */

/* Begin PBXVariantGroup section */
		1949B09C21F5EB3200B22915 /* Main.storyboard */ = {
			isa = PBXVariantGroup;
			children = (
				1949B09D21F5EB3200B22915 /* Base */,
			);
			name = Main.storyboard;
			sourceTree = "<group>";
		};
		1949B0A421F5EB3600B22915 /* LaunchScreen.storyboard */ = {
			isa = PBXVariantGroup;
			children = (
				1949B0A521F5EB3600B22915 /* Base */,
			);
			name = LaunchScreen.storyboard;
			sourceTree = "<group>";
		};
/* End PBXVariantGroup section */

/* Begin XCBuildConfiguration section */
		1949B0A821F5EB3600B22915 /* Debug */ = {
			isa = XCBuildConfiguration;
			buildSettings = {
				ALWAYS_SEARCH_USER_PATHS = NO;
				CLANG_ANALYZER_NONNULL = YES;
				CLANG_ANALYZER_NUMBER_OBJECT_CONVERSION = YES_AGGRESSIVE;
				CLANG_CXX_LANGUAGE_STANDARD = "gnu++14";
				CLANG_CXX_LIBRARY = "libc++";
				CLANG_ENABLE_MODULES = YES;
				CLANG_ENABLE_OBJC_ARC = YES;
				CLANG_ENABLE_OBJC_WEAK = YES;
				CLANG_WARN_BLOCK_CAPTURE_AUTORELEASING = YES;
				CLANG_WARN_BOOL_CONVERSION = YES;
				CLANG_WARN_COMMA = YES;
				CLANG_WARN_CONSTANT_CONVERSION = YES;
				CLANG_WARN_DEPRECATED_OBJC_IMPLEMENTATIONS = YES;
				CLANG_WARN_DIRECT_OBJC_ISA_USAGE = YES_ERROR;
				CLANG_WARN_DOCUMENTATION_COMMENTS = YES;
				CLANG_WARN_EMPTY_BODY = YES;
				CLANG_WARN_ENUM_CONVERSION = YES;
				CLANG_WARN_INFINITE_RECURSION = YES;
				CLANG_WARN_INT_CONVERSION = YES;
				CLANG_WARN_NON_LITERAL_NULL_CONVERSION = YES;
				CLANG_WARN_OBJC_IMPLICIT_RETAIN_SELF = YES;
				CLANG_WARN_OBJC_LITERAL_CONVERSION = YES;
				CLANG_WARN_OBJC_ROOT_CLASS = YES_ERROR;
				CLANG_WARN_RANGE_LOOP_ANALYSIS = YES;
				CLANG_WARN_STRICT_PROTOTYPES = YES;
				CLANG_WARN_SUSPICIOUS_MOVE = YES;
				CLANG_WARN_UNGUARDED_AVAILABILITY = YES_AGGRESSIVE;
				CLANG_WARN_UNREACHABLE_CODE = YES;
				CLANG_WARN__DUPLICATE_METHOD_MATCH = YES;
				CODE_SIGN_IDENTITY = "iPhone Developer";
				COPY_PHASE_STRIP = NO;
				DEBUG_INFORMATION_FORMAT = dwarf;
				ENABLE_STRICT_OBJC_MSGSEND = YES;
				ENABLE_TESTABILITY = YES;
				GCC_C_LANGUAGE_STANDARD = gnu11;
				GCC_DYNAMIC_NO_PIC = NO;
				GCC_NO_COMMON_BLOCKS = YES;
				GCC_OPTIMIZATION_LEVEL = 0;
				GCC_PREPROCESSOR_DEFINITIONS = (
					"DEBUG=1",
					"$(inherited)",
				);
				GCC_WARN_64_TO_32_BIT_CONVERSION = YES;
				GCC_WARN_ABOUT_RETURN_TYPE = YES_ERROR;
				GCC_WARN_UNDECLARED_SELECTOR = YES;
				GCC_WARN_UNINITIALIZED_AUTOS = YES_AGGRESSIVE;
				GCC_WARN_UNUSED_FUNCTION = YES;
				GCC_WARN_UNUSED_VARIABLE = YES;
				IPHONEOS_DEPLOYMENT_TARGET = 11;
				MTL_ENABLE_DEBUG_INFO = INCLUDE_SOURCE;
				MTL_FAST_MATH = YES;
				ONLY_ACTIVE_ARCH = YES;
				SDKROOT = iphoneos;
				SWIFT_ACTIVE_COMPILATION_CONDITIONS = DEBUG;
				SWIFT_OPTIMIZATION_LEVEL = "-Onone";
			};
			name = Debug;
		};
		1949B0A921F5EB3600B22915 /* Release */ = {
			isa = XCBuildConfiguration;
			buildSettings = {
				ALWAYS_SEARCH_USER_PATHS = NO;
				CLANG_ANALYZER_NONNULL = YES;
				CLANG_ANALYZER_NUMBER_OBJECT_CONVERSION = YES_AGGRESSIVE;
				CLANG_CXX_LANGUAGE_STANDARD = "gnu++14";
				CLANG_CXX_LIBRARY = "libc++";
				CLANG_ENABLE_MODULES = YES;
				CLANG_ENABLE_OBJC_ARC = YES;
				CLANG_ENABLE_OBJC_WEAK = YES;
				CLANG_WARN_BLOCK_CAPTURE_AUTORELEASING = YES;
				CLANG_WARN_BOOL_CONVERSION = YES;
				CLANG_WARN_COMMA = YES;
				CLANG_WARN_CONSTANT_CONVERSION = YES;
				CLANG_WARN_DEPRECATED_OBJC_IMPLEMENTATIONS = YES;
				CLANG_WARN_DIRECT_OBJC_ISA_USAGE = YES_ERROR;
				CLANG_WARN_DOCUMENTATION_COMMENTS = YES;
				CLANG_WARN_EMPTY_BODY = YES;
				CLANG_WARN_ENUM_CONVERSION = YES;
				CLANG_WARN_INFINITE_RECURSION = YES;
				CLANG_WARN_INT_CONVERSION = YES;
				CLANG_WARN_NON_LITERAL_NULL_CONVERSION = YES;
				CLANG_WARN_OBJC_IMPLICIT_RETAIN_SELF = YES;
				CLANG_WARN_OBJC_LITERAL_CONVERSION = YES;
				CLANG_WARN_OBJC_ROOT_CLASS = YES_ERROR;
				CLANG_WARN_RANGE_LOOP_ANALYSIS = YES;
				CLANG_WARN_STRICT_PROTOTYPES = YES;
				CLANG_WARN_SUSPICIOUS_MOVE = YES;
				CLANG_WARN_UNGUARDED_AVAILABILITY = YES_AGGRESSIVE;
				CLANG_WARN_UNREACHABLE_CODE = YES;
				CLANG_WARN__DUPLICATE_METHOD_MATCH = YES;
				CODE_SIGN_IDENTITY = "iPhone Developer";
				COPY_PHASE_STRIP = NO;
				DEBUG_INFORMATION_FORMAT = "dwarf-with-dsym";
				ENABLE_NS_ASSERTIONS = NO;
				ENABLE_STRICT_OBJC_MSGSEND = YES;
				GCC_C_LANGUAGE_STANDARD = gnu11;
				GCC_NO_COMMON_BLOCKS = YES;
				GCC_WARN_64_TO_32_BIT_CONVERSION = YES;
				GCC_WARN_ABOUT_RETURN_TYPE = YES_ERROR;
				GCC_WARN_UNDECLARED_SELECTOR = YES;
				GCC_WARN_UNINITIALIZED_AUTOS = YES_AGGRESSIVE;
				GCC_WARN_UNUSED_FUNCTION = YES;
				GCC_WARN_UNUSED_VARIABLE = YES;
				IPHONEOS_DEPLOYMENT_TARGET = 11;
				MTL_ENABLE_DEBUG_INFO = NO;
				MTL_FAST_MATH = YES;
				SDKROOT = iphoneos;
				SWIFT_COMPILATION_MODE = wholemodule;
				SWIFT_OPTIMIZATION_LEVEL = "-O";
				VALIDATE_PRODUCT = YES;
			};
			name = Release;
		};
		1949B0AB21F5EB3600B22915 /* Debug */ = {
			isa = XCBuildConfiguration;
			buildSettings = {
				ASSETCATALOG_COMPILER_APPICON_NAME = AppIcon;
				CODE_SIGN_STYLE = Automatic;
				DEVELOPMENT_TEAM = H79MF628K3;
				INFOPLIST_FILE = FineDust/Info.plist;
				IPHONEOS_DEPLOYMENT_TARGET = 11;
				LD_RUNPATH_SEARCH_PATHS = (
					"$(inherited)",
					"@executable_path/Frameworks",
				);
				PRODUCT_BUNDLE_IDENTIFIER = co.kr.boostcamp3rd.FineDust;
				PRODUCT_NAME = "$(TARGET_NAME)";
				SWIFT_VERSION = 4.2;
				TARGETED_DEVICE_FAMILY = 1;
			};
			name = Debug;
		};
		1949B0AC21F5EB3600B22915 /* Release */ = {
			isa = XCBuildConfiguration;
			buildSettings = {
				ASSETCATALOG_COMPILER_APPICON_NAME = AppIcon;
				CODE_SIGN_STYLE = Automatic;
				DEVELOPMENT_TEAM = H79MF628K3;
				INFOPLIST_FILE = FineDust/Info.plist;
				IPHONEOS_DEPLOYMENT_TARGET = 11;
				LD_RUNPATH_SEARCH_PATHS = (
					"$(inherited)",
					"@executable_path/Frameworks",
				);
				PRODUCT_BUNDLE_IDENTIFIER = co.kr.boostcamp3rd.FineDust;
				PRODUCT_NAME = "$(TARGET_NAME)";
				SWIFT_VERSION = 4.2;
				TARGETED_DEVICE_FAMILY = 1;
			};
			name = Release;
		};
/* End XCBuildConfiguration section */

/* Begin XCConfigurationList section */
		1949B09021F5EB3200B22915 /* Build configuration list for PBXProject "FineDust" */ = {
			isa = XCConfigurationList;
			buildConfigurations = (
				1949B0A821F5EB3600B22915 /* Debug */,
				1949B0A921F5EB3600B22915 /* Release */,
			);
			defaultConfigurationIsVisible = 0;
			defaultConfigurationName = Release;
		};
		1949B0AA21F5EB3600B22915 /* Build configuration list for PBXNativeTarget "FineDust" */ = {
			isa = XCConfigurationList;
			buildConfigurations = (
				1949B0AB21F5EB3600B22915 /* Debug */,
				1949B0AC21F5EB3600B22915 /* Release */,
			);
			defaultConfigurationIsVisible = 0;
			defaultConfigurationName = Release;
		};
/* End XCConfigurationList section */

/* Begin XCVersionGroup section */
		1949B09F21F5EB3200B22915 /* FineDust.xcdatamodeld */ = {
			isa = XCVersionGroup;
			children = (
				1949B0A021F5EB3200B22915 /* FineDust.xcdatamodel */,
			);
			currentVersion = 1949B0A021F5EB3200B22915 /* FineDust.xcdatamodel */;
			path = FineDust.xcdatamodeld;
			sourceTree = "<group>";
			versionGroupType = wrapper.xcdatamodel;
		};
/* End XCVersionGroup section */
	};
	rootObject = 1949B08D21F5EB3200B22915 /* Project object */;
}
