// !$*UTF8*$!
{
	archiveVersion = 1;
	classes = {
	};
	objectVersion = 50;
	objects = {

/* Begin PBXBuildFile section */
		0340ABA98AAE5B4F754E2E330CD05303 /* Grade.swift in Sources */ = {isa = PBXBuildFile; fileRef = 17E654EDC242A66C1EC19FE34A7991FF /* Grade.swift */; };
		0902E7B6288B1F6B38A1FA941EF9D737 /* CALayer+.swift in Sources */ = {isa = PBXBuildFile; fileRef = AD13F7185E86398B09AE891F1343AA5E /* CALayer+.swift */; };
		0A6CD6CC5EF0CB96915A1717214C71DB /* ValueGraphView.swift in Sources */ = {isa = PBXBuildFile; fileRef = 404F34397AB2620EFA2BD9E023064BF9 /* ValueGraphView.swift */; };
		0CD1740E330718AD9F6C5C529AD7B10F /* swiftgen.yml in Resources */ = {isa = PBXBuildFile; fileRef = FE84CBEDDE8ED4F39D8B0BA3C4F7A506 /* swiftgen.yml */; };
		19AF279021FAD625000DDF9E /* Notification.Name+.swift in Sources */ = {isa = PBXBuildFile; fileRef = 19AF278F21FAD625000DDF9E /* Notification.Name+.swift */; };
		19AF279821FAF4AB000DDF9E /* ProgressIndicator.swift in Sources */ = {isa = PBXBuildFile; fileRef = 19AF279721FAF4AB000DDF9E /* ProgressIndicator.swift */; };
		1F8405E32EEF66BD14AAC45BD82369DD /* NSLayoutAnchor+.swift in Sources */ = {isa = PBXBuildFile; fileRef = 978E9708A1C5C90982083446DDFDF57E /* NSLayoutAnchor+.swift */; };
		204861CD1D98F7238EA6235CF28AB641 /* GeoConverter.swift in Sources */ = {isa = PBXBuildFile; fileRef = 9DD3AAD051DF7FFF74B2A70DEBC077F4 /* GeoConverter.swift */; };
		204B29640C67AFB04114BBFBF8CD2FA0 /* FeedbackCollectionViewCell.swift in Sources */ = {isa = PBXBuildFile; fileRef = AC7653C776E1A3E19A919FF1CA3E8B01 /* FeedbackCollectionViewCell.swift */; };
		204D5CCDCF0215098F02993D13C3EBFE /* .swiftlint.yml in Resources */ = {isa = PBXBuildFile; fileRef = 90760EFD0D5A2BDBAF4D75058A09EC0A /* .swiftlint.yml */; };
		20BE30616C402C6AE0C7FAB843808747 /* FineDustHK.swift in Sources */ = {isa = PBXBuildFile; fileRef = 07EDFAF0DF8D1A91CF045DFB46C9217C /* FineDustHK.swift */; };
		20CA4CC9EEF0809549D22652D5C0C4D4 /* FeedbackListViewController.swift in Sources */ = {isa = PBXBuildFile; fileRef = E8438C43EE32ED8F13670899C1B1F531 /* FeedbackListViewController.swift */; };
		23072DBB84A18FD77FCE8A5D0BA39883 /* RatioGraphView.xib in Resources */ = {isa = PBXBuildFile; fileRef = 24FFACFCD6E51584FC511AB3F6734B3C /* RatioGraphView.xib */; };
		232662E5D1D5338B147FF05959D797E1 /* FineDustInfo.swift in Sources */ = {isa = PBXBuildFile; fileRef = 6647CE1606E3F04A904663D01E53B70C /* FineDustInfo.swift */; };
		29A289A83A4898356104FF9E3E9EB1F9 /* RatioGraphViewDelegate.swift in Sources */ = {isa = PBXBuildFile; fileRef = 9BC232264EA056BE9DD192A0E0CD37DA /* RatioGraphViewDelegate.swift */; };
		2E0344EDA34A627A756BC20F9B2A791F /* NSObject+.swift in Sources */ = {isa = PBXBuildFile; fileRef = 5DE7F648E3F1AFEF8F2E912807BD956C /* NSObject+.swift */; };
		3A89DBC74C55C2198ADB55DFFC957511 /* ValueGraphView.xib in Resources */ = {isa = PBXBuildFile; fileRef = 78DE7E5C7B780CC106B8E11859B67759 /* ValueGraphView.xib */; };
		3D136B981C1EC99B4D6488FCAC846E16 /* StatisticsViewController.swift in Sources */ = {isa = PBXBuildFile; fileRef = 10F8F9F0BB8AECA24E182EBED21006A1 /* StatisticsViewController.swift */; };
		41057EA496BADCA9B72504DFC9FFA23B /* NSLayoutConstraint+.swift in Sources */ = {isa = PBXBuildFile; fileRef = 475FEB0148B502284938C322A1FCE657 /* NSLayoutConstraint+.swift */; };
		485C2BFFB3B3A55ECAA2EA3E5E665B3F /* Date+.swift in Sources */ = {isa = PBXBuildFile; fileRef = 804690DF390A0D47D42527A7CB7C6101 /* Date+.swift */; };
		5C7A02F9CEE3F4A4A79E457AFEDCEBAF /* Main.storyboard in Resources */ = {isa = PBXBuildFile; fileRef = EE1273B4F655106F72F602D38FC779D2 /* Main.storyboard */; };
		5FDA8F214C6E9BDDA2C64DBB2ED640BD /* UIViewController+.swift in Sources */ = {isa = PBXBuildFile; fileRef = 911E3D8169E0F1D9CFF3A6A227748F01 /* UIViewController+.swift */; };
		67B90B88B78FC798FA44EB480AB2167A /* ObservatoryResponse.swift in Sources */ = {isa = PBXBuildFile; fileRef = AF4AD95023734A3CADFEB5F089113191 /* ObservatoryResponse.swift */; };
		740464EE62794055771F2E4C9D0035C0 /* Assets.xcassets in Resources */ = {isa = PBXBuildFile; fileRef = F4ABB05FB0A25453FC7A9EE002373931 /* Assets.xcassets */; };
		761345E0591820A820DBB44A79B1FB76 /* Assets.swift in Sources */ = {isa = PBXBuildFile; fileRef = 51F57EA71672D592C503198144E3648E /* Assets.swift */; };
		78460935F8D933BB0B289AF0A2352619 /* UIView+NSLayoutAnchor.swift in Sources */ = {isa = PBXBuildFile; fileRef = 98B4BE46BFB958F5BEA81116B5B5279F /* UIView+NSLayoutAnchor.swift */; };
		902AEE393C167BFDE0698F2C1236F783 /* UIAlertController+.swift in Sources */ = {isa = PBXBuildFile; fileRef = 499FC240839E34C3B6FE55023AAF42C2 /* UIAlertController+.swift */; };
		959228DE936B1B4EB610C4992BB3F45C /* DataTerm.swift in Sources */ = {isa = PBXBuildFile; fileRef = DCB3A0C58F91C851019700A53DC3C53D /* DataTerm.swift */; };
		985C8431533A0B199E9938798F4B225C /* API.swift in Sources */ = {isa = PBXBuildFile; fileRef = 235AB303D49A333807A979D37516363E /* API.swift */; };
		9B87020C83CE101BD244F0BFF6F082BE /* FineDustResponse.swift in Sources */ = {isa = PBXBuildFile; fileRef = 6D2A9DF5E234F0ACFA0BA27369F27AB6 /* FineDustResponse.swift */; };
		9C21C55458FC610F7CA4A5A0C74647BD /* RatioGraphView.swift in Sources */ = {isa = PBXBuildFile; fileRef = 5C1A5681695EF53FED3A78954492680E /* RatioGraphView.swift */; };
		A0221EFCD87D0BA93CDD31C167E4DF2E /* UIColor+.swift in Sources */ = {isa = PBXBuildFile; fileRef = DB9A6ED48D7730E8191DF882910D907E /* UIColor+.swift */; };
		A91D83975CED5DB65ED352B523335AB2 /* LaunchScreen.storyboard in Resources */ = {isa = PBXBuildFile; fileRef = D764E2C19ACD93F21236E2C52D091FFB /* LaunchScreen.storyboard */; };
		AF73755646D309F02637E4EE66CD23C5 /* Feedback.storyboard in Resources */ = {isa = PBXBuildFile; fileRef = 907A79A2E70A8E037ABE9DC8A9E81490 /* Feedback.storyboard */; };
		B500997103DB43D02E812611C3454782 /* Statistics.storyboard in Resources */ = {isa = PBXBuildFile; fileRef = DC70CCB69DBB1D392CC698DA0DC29071 /* Statistics.storyboard */; };
		BA45B98CB11CC8D859EBA76342CF6029 /* Common.storyboard in Resources */ = {isa = PBXBuildFile; fileRef = 837F021C44F34498596E7FCE85A20B51 /* Common.storyboard */; };
		BD5CD8B8D765B77C2BE845AAFB2C42B0 /* Network.swift in Sources */ = {isa = PBXBuildFile; fileRef = 15B738736AAAF1EF22743A4F13EB1C98 /* Network.swift */; };
		BFA9B24EA42B5531A4E033E71F4F8EDD /* String+.swift in Sources */ = {isa = PBXBuildFile; fileRef = 43A9E8FB49A9FF5D6049F1AA935B3EAD /* String+.swift */; };
		C227239079D47CDEC9F72FAEDA56B178 /* FeedbackListTableViewCell.swift in Sources */ = {isa = PBXBuildFile; fileRef = B059EEA2F5DED858EF5951E9018C8A75 /* FeedbackListTableViewCell.swift */; };
		C33546D723737ADFD171EBB0CD18C1BF /* NSLayoutDimension+.swift in Sources */ = {isa = PBXBuildFile; fileRef = C0BD575BEB17D9D2493F29578956C779 /* NSLayoutDimension+.swift */; };
		DCE1D84855AA9E770D56DBD295DE412E /* AppDelegate.swift in Sources */ = {isa = PBXBuildFile; fileRef = D208A0B65663B22067E6C7CE03E25453 /* AppDelegate.swift */; };
		DDF20BF1181CF217DC8739371363142A /* MainViewController.swift in Sources */ = {isa = PBXBuildFile; fileRef = 384B12B899B6BF360FA830E35534B006 /* MainViewController.swift */; };
		EF1E146C27E18234A79270C70FA9D14F /* UIImageView+.swift in Sources */ = {isa = PBXBuildFile; fileRef = BE68CF5C8CCE8F34FBB3ABED81BA164C /* UIImageView+.swift */; };
		F25981E03638955CA115F83012353666 /* API+FineDust.swift in Sources */ = {isa = PBXBuildFile; fileRef = D13602279EADEC6C9B2D17E00176B298 /* API+FineDust.swift */; };
		F408ED0799CF004B53F4180BE8F1CACD /* UIView+.swift in Sources */ = {isa = PBXBuildFile; fileRef = 05FC303D1FA77029C0B18B8C19A66650 /* UIView+.swift */; };
		F6C1234488BC54FDB5C5D472D24EDC2D /* FineDust.xcdatamodeld in Sources */ = {isa = PBXBuildFile; fileRef = 17AFECFD5FB32629FADDDD4FA8975772 /* FineDust.xcdatamodeld */; };
		FA70CD246623C9206F4CE2C0FAD7AB47 /* ValueGraphViewDelegate.swift in Sources */ = {isa = PBXBuildFile; fileRef = 25EFE2DF09F5F59424280903F831C1B3 /* ValueGraphViewDelegate.swift */; };
		FD2BDBBAA3B5982381BFD1376572451D /* GeoInfo.swift in Sources */ = {isa = PBXBuildFile; fileRef = CEDC11CBF6CF397C8B884B856EB0695C /* GeoInfo.swift */; };
/* End PBXBuildFile section */

/* Begin PBXFileReference section */
		05FC303D1FA77029C0B18B8C19A66650 /* UIView+.swift */ = {isa = PBXFileReference; lastKnownFileType = sourcecode.swift; path = "UIView+.swift"; sourceTree = "<group>"; };
		067E449E7BAAA91C4EE4A2715980EAFD /* Base */ = {isa = PBXFileReference; lastKnownFileType = file.storyboard; name = Base; path = Base.lproj/LaunchScreen.storyboard; sourceTree = "<group>"; };
		07EDFAF0DF8D1A91CF045DFB46C9217C /* FineDustHK.swift */ = {isa = PBXFileReference; lastKnownFileType = sourcecode.swift; path = FineDustHK.swift; sourceTree = "<group>"; };
		10F8F9F0BB8AECA24E182EBED21006A1 /* StatisticsViewController.swift */ = {isa = PBXFileReference; lastKnownFileType = sourcecode.swift; path = StatisticsViewController.swift; sourceTree = "<group>"; };
		149E1E1DBA2DF694E0AE33D493CDE8F9 /* Storyboard.swift */ = {isa = PBXFileReference; fileEncoding = 4; lastKnownFileType = sourcecode.swift; path = Storyboard.swift; sourceTree = "<group>"; };
		15B738736AAAF1EF22743A4F13EB1C98 /* Network.swift */ = {isa = PBXFileReference; lastKnownFileType = sourcecode.swift; path = Network.swift; sourceTree = "<group>"; };
		17E654EDC242A66C1EC19FE34A7991FF /* Grade.swift */ = {isa = PBXFileReference; fileEncoding = 4; lastKnownFileType = sourcecode.swift; path = Grade.swift; sourceTree = "<group>"; };
		19AF278F21FAD625000DDF9E /* Notification.Name+.swift */ = {isa = PBXFileReference; fileEncoding = 4; lastKnownFileType = sourcecode.swift; path = "Notification.Name+.swift"; sourceTree = "<group>"; };
		19AF279721FAF4AB000DDF9E /* ProgressIndicator.swift */ = {isa = PBXFileReference; lastKnownFileType = sourcecode.swift; path = ProgressIndicator.swift; sourceTree = "<group>"; };
		235AB303D49A333807A979D37516363E /* API.swift */ = {isa = PBXFileReference; lastKnownFileType = sourcecode.swift; path = API.swift; sourceTree = "<group>"; };
		24FFACFCD6E51584FC511AB3F6734B3C /* RatioGraphView.xib */ = {isa = PBXFileReference; lastKnownFileType = file.xib; path = RatioGraphView.xib; sourceTree = "<group>"; };
		25EFE2DF09F5F59424280903F831C1B3 /* ValueGraphViewDelegate.swift */ = {isa = PBXFileReference; lastKnownFileType = sourcecode.swift; path = ValueGraphViewDelegate.swift; sourceTree = "<group>"; };
		384B12B899B6BF360FA830E35534B006 /* MainViewController.swift */ = {isa = PBXFileReference; lastKnownFileType = sourcecode.swift; path = MainViewController.swift; sourceTree = "<group>"; };
		404F34397AB2620EFA2BD9E023064BF9 /* ValueGraphView.swift */ = {isa = PBXFileReference; lastKnownFileType = sourcecode.swift; path = ValueGraphView.swift; sourceTree = "<group>"; };
		43A9E8FB49A9FF5D6049F1AA935B3EAD /* String+.swift */ = {isa = PBXFileReference; lastKnownFileType = sourcecode.swift; path = "String+.swift"; sourceTree = "<group>"; };
		475FEB0148B502284938C322A1FCE657 /* NSLayoutConstraint+.swift */ = {isa = PBXFileReference; lastKnownFileType = sourcecode.swift; path = "NSLayoutConstraint+.swift"; sourceTree = "<group>"; };
		499FC240839E34C3B6FE55023AAF42C2 /* UIAlertController+.swift */ = {isa = PBXFileReference; lastKnownFileType = sourcecode.swift; path = "UIAlertController+.swift"; sourceTree = "<group>"; };
		51F57EA71672D592C503198144E3648E /* Assets.swift */ = {isa = PBXFileReference; fileEncoding = 4; lastKnownFileType = sourcecode.swift; path = Assets.swift; sourceTree = "<group>"; };
		5C1A5681695EF53FED3A78954492680E /* RatioGraphView.swift */ = {isa = PBXFileReference; lastKnownFileType = sourcecode.swift; path = RatioGraphView.swift; sourceTree = "<group>"; };
		5DE7F648E3F1AFEF8F2E912807BD956C /* NSObject+.swift */ = {isa = PBXFileReference; lastKnownFileType = sourcecode.swift; path = "NSObject+.swift"; sourceTree = "<group>"; };
		6647CE1606E3F04A904663D01E53B70C /* FineDustInfo.swift */ = {isa = PBXFileReference; fileEncoding = 4; lastKnownFileType = sourcecode.swift; path = FineDustInfo.swift; sourceTree = "<group>"; };
		6CB7A59C01A6BEA73951091DC6C6C60F /* FineDust.app */ = {isa = PBXFileReference; explicitFileType = wrapper.application; includeInIndex = 0; path = FineDust.app; sourceTree = BUILT_PRODUCTS_DIR; };
		6D2A9DF5E234F0ACFA0BA27369F27AB6 /* FineDustResponse.swift */ = {isa = PBXFileReference; fileEncoding = 4; lastKnownFileType = sourcecode.swift; path = FineDustResponse.swift; sourceTree = "<group>"; };
		78DE7E5C7B780CC106B8E11859B67759 /* ValueGraphView.xib */ = {isa = PBXFileReference; lastKnownFileType = file.xib; path = ValueGraphView.xib; sourceTree = "<group>"; };
		804690DF390A0D47D42527A7CB7C6101 /* Date+.swift */ = {isa = PBXFileReference; lastKnownFileType = sourcecode.swift; path = "Date+.swift"; sourceTree = "<group>"; };
		82887C16FE58890774E3F9057F98EFDF /* Info.plist */ = {isa = PBXFileReference; lastKnownFileType = text.plist.xml; path = Info.plist; sourceTree = "<group>"; };
		837F021C44F34498596E7FCE85A20B51 /* Common.storyboard */ = {isa = PBXFileReference; lastKnownFileType = file.storyboard; path = Common.storyboard; sourceTree = "<group>"; };
		90760EFD0D5A2BDBAF4D75058A09EC0A /* .swiftlint.yml */ = {isa = PBXFileReference; lastKnownFileType = text; path = .swiftlint.yml; sourceTree = "<group>"; };
		907A79A2E70A8E037ABE9DC8A9E81490 /* Feedback.storyboard */ = {isa = PBXFileReference; lastKnownFileType = file.storyboard; path = Feedback.storyboard; sourceTree = "<group>"; };
		911E3D8169E0F1D9CFF3A6A227748F01 /* UIViewController+.swift */ = {isa = PBXFileReference; lastKnownFileType = sourcecode.swift; path = "UIViewController+.swift"; sourceTree = "<group>"; };
		978E9708A1C5C90982083446DDFDF57E /* NSLayoutAnchor+.swift */ = {isa = PBXFileReference; lastKnownFileType = sourcecode.swift; path = "NSLayoutAnchor+.swift"; sourceTree = "<group>"; };
		98B4BE46BFB958F5BEA81116B5B5279F /* UIView+NSLayoutAnchor.swift */ = {isa = PBXFileReference; lastKnownFileType = sourcecode.swift; path = "UIView+NSLayoutAnchor.swift"; sourceTree = "<group>"; };
		9BC232264EA056BE9DD192A0E0CD37DA /* RatioGraphViewDelegate.swift */ = {isa = PBXFileReference; lastKnownFileType = sourcecode.swift; path = RatioGraphViewDelegate.swift; sourceTree = "<group>"; };
		9DD3AAD051DF7FFF74B2A70DEBC077F4 /* GeoConverter.swift */ = {isa = PBXFileReference; lastKnownFileType = sourcecode.swift; path = GeoConverter.swift; sourceTree = "<group>"; };
		9FB0BC76B2D4F22A9A11E837F8E6FA5B /* Base */ = {isa = PBXFileReference; lastKnownFileType = file.storyboard; name = Base; path = Base.lproj/Main.storyboard; sourceTree = "<group>"; };
		AC7653C776E1A3E19A919FF1CA3E8B01 /* FeedbackCollectionViewCell.swift */ = {isa = PBXFileReference; fileEncoding = 4; lastKnownFileType = sourcecode.swift; name = FeedbackCollectionViewCell.swift; path = FineDust/Feedback/View/FeedbackCollectionViewCell.swift; sourceTree = SOURCE_ROOT; };
		AD13F7185E86398B09AE891F1343AA5E /* CALayer+.swift */ = {isa = PBXFileReference; lastKnownFileType = sourcecode.swift; path = "CALayer+.swift"; sourceTree = "<group>"; };
		AF4AD95023734A3CADFEB5F089113191 /* ObservatoryResponse.swift */ = {isa = PBXFileReference; lastKnownFileType = sourcecode.swift; path = ObservatoryResponse.swift; sourceTree = "<group>"; };
		B059EEA2F5DED858EF5951E9018C8A75 /* FeedbackListTableViewCell.swift */ = {isa = PBXFileReference; fileEncoding = 4; lastKnownFileType = sourcecode.swift; name = FeedbackListTableViewCell.swift; path = FineDust/Feedback/View/FeedbackListTableViewCell.swift; sourceTree = SOURCE_ROOT; };
		BE68CF5C8CCE8F34FBB3ABED81BA164C /* UIImageView+.swift */ = {isa = PBXFileReference; fileEncoding = 4; lastKnownFileType = sourcecode.swift; path = "UIImageView+.swift"; sourceTree = "<group>"; };
		C0BD575BEB17D9D2493F29578956C779 /* NSLayoutDimension+.swift */ = {isa = PBXFileReference; lastKnownFileType = sourcecode.swift; path = "NSLayoutDimension+.swift"; sourceTree = "<group>"; };
		CEDC11CBF6CF397C8B884B856EB0695C /* GeoInfo.swift */ = {isa = PBXFileReference; lastKnownFileType = sourcecode.swift; path = GeoInfo.swift; sourceTree = "<group>"; };
		D13602279EADEC6C9B2D17E00176B298 /* API+FineDust.swift */ = {isa = PBXFileReference; lastKnownFileType = sourcecode.swift; path = "API+FineDust.swift"; sourceTree = "<group>"; };
		D208A0B65663B22067E6C7CE03E25453 /* AppDelegate.swift */ = {isa = PBXFileReference; lastKnownFileType = sourcecode.swift; path = AppDelegate.swift; sourceTree = "<group>"; };
		D247F6F3851E8A9D8F03470A313986A4 /* FineDust.xcdatamodel */ = {isa = PBXFileReference; lastKnownFileType = wrapper.xcdatamodel; path = FineDust.xcdatamodel; sourceTree = "<group>"; };
		DB9A6ED48D7730E8191DF882910D907E /* UIColor+.swift */ = {isa = PBXFileReference; lastKnownFileType = sourcecode.swift; path = "UIColor+.swift"; sourceTree = "<group>"; };
		DC70CCB69DBB1D392CC698DA0DC29071 /* Statistics.storyboard */ = {isa = PBXFileReference; lastKnownFileType = file.storyboard; path = Statistics.storyboard; sourceTree = "<group>"; };
		DCB3A0C58F91C851019700A53DC3C53D /* DataTerm.swift */ = {isa = PBXFileReference; lastKnownFileType = sourcecode.swift; path = DataTerm.swift; sourceTree = "<group>"; };
		E8438C43EE32ED8F13670899C1B1F531 /* FeedbackListViewController.swift */ = {isa = PBXFileReference; lastKnownFileType = sourcecode.swift; path = FeedbackListViewController.swift; sourceTree = "<group>"; };
		F4ABB05FB0A25453FC7A9EE002373931 /* Assets.xcassets */ = {isa = PBXFileReference; lastKnownFileType = folder.assetcatalog; path = Assets.xcassets; sourceTree = "<group>"; };
		FE84CBEDDE8ED4F39D8B0BA3C4F7A506 /* swiftgen.yml */ = {isa = PBXFileReference; lastKnownFileType = text; path = swiftgen.yml; sourceTree = "<group>"; };
/* End PBXFileReference section */

/* Begin PBXFrameworksBuildPhase section */
		6D2B679EF123BDF10961394D11352F24 /* Frameworks */ = {
			isa = PBXFrameworksBuildPhase;
			buildActionMask = 2147483647;
			files = (
			);
			runOnlyForDeploymentPostprocessing = 0;
		};
/* End PBXFrameworksBuildPhase section */

/* Begin PBXGroup section */
		010570675998A4B1D218BEBD271435D3 /* Statistics */ = {
			isa = PBXGroup;
			children = (
				5EF2A4B3205B6DFFF576B0628D40B3CD /* Controller */,
				2A5D5F519E02A93D262BAB837E65CA3A /* View */,
				DC70CCB69DBB1D392CC698DA0DC29071 /* Statistics.storyboard */,
			);
			path = Statistics;
			sourceTree = "<group>";
		};
		03539B93491D052777A42E866616EFFC = {
			isa = PBXGroup;
			children = (
				481AEAA395D9C3B4FF33E868D70E8D0B /* FineDust */,
				6FEB335CB38ABE1473DC1DA5339DF46B /* Frameworks */,
				249684EBDBAFA57925A702F7F2706E9E /* Products */,
				90760EFD0D5A2BDBAF4D75058A09EC0A /* .swiftlint.yml */,
				FE84CBEDDE8ED4F39D8B0BA3C4F7A506 /* swiftgen.yml */,
			);
			sourceTree = "<group>";
		};
		07A2D5AE5AA53222F7A4CD29100E6E05 /* Controller */ = {
			isa = PBXGroup;
			children = (
				384B12B899B6BF360FA830E35534B006 /* MainViewController.swift */,
			);
			path = Controller;
			sourceTree = "<group>";
		};
		10F15CFF826B6B000B3C9C0973EA612B /* Common */ = {
			isa = PBXGroup;
			children = (
				837F021C44F34498596E7FCE85A20B51 /* Common.storyboard */,
				19AF279721FAF4AB000DDF9E /* ProgressIndicator.swift */,
			);
			path = Common;
			sourceTree = "<group>";
		};
		249684EBDBAFA57925A702F7F2706E9E /* Products */ = {
			isa = PBXGroup;
			children = (
				6CB7A59C01A6BEA73951091DC6C6C60F /* FineDust.app */,
			);
			name = Products;
			sourceTree = "<group>";
		};
		2A5D5F519E02A93D262BAB837E65CA3A /* View */ = {
			isa = PBXGroup;
			children = (
				5D0F49B2B1B9455CA1580B57C0DE56C0 /* Ratio Graph */,
				333205C85D3BC78F21F3FA6B9932825F /* Value Graph */,
			);
			path = View;
			sourceTree = "<group>";
		};
		2F83400986839F304CBBA92DC52E3AD2 /* Core Data */ = {
			isa = PBXGroup;
			children = (
				17AFECFD5FB32629FADDDD4FA8975772 /* FineDust.xcdatamodeld */,
			);
			path = "Core Data";
			sourceTree = "<group>";
		};
		333205C85D3BC78F21F3FA6B9932825F /* Value Graph */ = {
			isa = PBXGroup;
			children = (
				404F34397AB2620EFA2BD9E023064BF9 /* ValueGraphView.swift */,
				78DE7E5C7B780CC106B8E11859B67759 /* ValueGraphView.xib */,
				25EFE2DF09F5F59424280903F831C1B3 /* ValueGraphViewDelegate.swift */,
			);
			path = "Value Graph";
			sourceTree = "<group>";
		};
		481AEAA395D9C3B4FF33E868D70E8D0B /* FineDust */ = {
			isa = PBXGroup;
			children = (
				10F15CFF826B6B000B3C9C0973EA612B /* Common */,
				2F83400986839F304CBBA92DC52E3AD2 /* Core Data */,
				B3C2FE06B8909518407804448A15547A /* Extension */,
				98FC53B1C8D628A70A4BDB0A2693A42F /* Feedback */,
				5D59E8FBA59418EFF9F76EB07E738D2F /* HealthKit */,
				6BD00A070861AD554C16D14235787222 /* Main */,
				8C212B1139E96B3BA74BF5B54AB9EF23 /* Model */,
				B2ACC9D9D6B0CB2A2D45D027C9177A26 /* Network */,
				99C815E84F2B6462022153ED674E25F2 /* Response */,
				010570675998A4B1D218BEBD271435D3 /* Statistics */,
				C5254E221717B2B3CDB72F67E9F3234C /* Supporting Files */,
				A9020D623D8916FA746D8E891134F78E /* SwiftGen */,
				82887C16FE58890774E3F9057F98EFDF /* Info.plist */,
			);
			path = FineDust;
			sourceTree = "<group>";
		};
		5D0F49B2B1B9455CA1580B57C0DE56C0 /* Ratio Graph */ = {
			isa = PBXGroup;
			children = (
				5C1A5681695EF53FED3A78954492680E /* RatioGraphView.swift */,
				24FFACFCD6E51584FC511AB3F6734B3C /* RatioGraphView.xib */,
				9BC232264EA056BE9DD192A0E0CD37DA /* RatioGraphViewDelegate.swift */,
			);
			path = "Ratio Graph";
			sourceTree = "<group>";
		};
		5D59E8FBA59418EFF9F76EB07E738D2F /* HealthKit */ = {
			isa = PBXGroup;
			children = (
				07EDFAF0DF8D1A91CF045DFB46C9217C /* FineDustHK.swift */,
			);
			path = HealthKit;
			sourceTree = "<group>";
		};
		5EF2A4B3205B6DFFF576B0628D40B3CD /* Controller */ = {
			isa = PBXGroup;
			children = (
				10F8F9F0BB8AECA24E182EBED21006A1 /* StatisticsViewController.swift */,
			);
			path = Controller;
			sourceTree = "<group>";
		};
		6AC19CD7DDEBD8345E7C6A3745E98017 /* Controller */ = {
			isa = PBXGroup;
			children = (
				E8438C43EE32ED8F13670899C1B1F531 /* FeedbackListViewController.swift */,
			);
			path = Controller;
			sourceTree = "<group>";
		};
		6BD00A070861AD554C16D14235787222 /* Main */ = {
			isa = PBXGroup;
			children = (
				07A2D5AE5AA53222F7A4CD29100E6E05 /* Controller */,
				6C27DD5B3B700C34D7307711A4F1A1FD /* View */,
				EE1273B4F655106F72F602D38FC779D2 /* Main.storyboard */,
			);
			path = Main;
			sourceTree = "<group>";
		};
		6C27DD5B3B700C34D7307711A4F1A1FD /* View */ = {
			isa = PBXGroup;
			children = (
			);
			path = View;
			sourceTree = "<group>";
		};
		6FEB335CB38ABE1473DC1DA5339DF46B /* Frameworks */ = {
			isa = PBXGroup;
			children = (
			);
			name = Frameworks;
			sourceTree = "<group>";
		};
		8C212B1139E96B3BA74BF5B54AB9EF23 /* Model */ = {
			isa = PBXGroup;
			children = (
				6647CE1606E3F04A904663D01E53B70C /* FineDustInfo.swift */,
				CEDC11CBF6CF397C8B884B856EB0695C /* GeoInfo.swift */,
			);
			path = Model;
			sourceTree = "<group>";
		};
		98FC53B1C8D628A70A4BDB0A2693A42F /* Feedback */ = {
			isa = PBXGroup;
			children = (
				6AC19CD7DDEBD8345E7C6A3745E98017 /* Controller */,
				C683749A4618A81E1E0F1CF2A8180BCB /* View */,
				907A79A2E70A8E037ABE9DC8A9E81490 /* Feedback.storyboard */,
			);
			path = Feedback;
			sourceTree = "<group>";
		};
		99C815E84F2B6462022153ED674E25F2 /* Response */ = {
			isa = PBXGroup;
			children = (
				DCB3A0C58F91C851019700A53DC3C53D /* DataTerm.swift */,
				6D2A9DF5E234F0ACFA0BA27369F27AB6 /* FineDustResponse.swift */,
				17E654EDC242A66C1EC19FE34A7991FF /* Grade.swift */,
				AF4AD95023734A3CADFEB5F089113191 /* ObservatoryResponse.swift */,
			);
			path = Response;
			sourceTree = "<group>";
		};
		A9020D623D8916FA746D8E891134F78E /* SwiftGen */ = {
			isa = PBXGroup;
			children = (
				51F57EA71672D592C503198144E3648E /* Assets.swift */,
				149E1E1DBA2DF694E0AE33D493CDE8F9 /* Storyboard.swift */,
			);
			path = SwiftGen;
			sourceTree = "<group>";
		};
		B2ACC9D9D6B0CB2A2D45D027C9177A26 /* Network */ = {
			isa = PBXGroup;
			children = (
				D13602279EADEC6C9B2D17E00176B298 /* API+FineDust.swift */,
				235AB303D49A333807A979D37516363E /* API.swift */,
				15B738736AAAF1EF22743A4F13EB1C98 /* Network.swift */,
			);
			path = Network;
			sourceTree = "<group>";
		};
		B3C2FE06B8909518407804448A15547A /* Extension */ = {
			isa = PBXGroup;
			children = (
				19AF278F21FAD625000DDF9E /* Notification.Name+.swift */,
				AD13F7185E86398B09AE891F1343AA5E /* CALayer+.swift */,
				804690DF390A0D47D42527A7CB7C6101 /* Date+.swift */,
				978E9708A1C5C90982083446DDFDF57E /* NSLayoutAnchor+.swift */,
				475FEB0148B502284938C322A1FCE657 /* NSLayoutConstraint+.swift */,
				C0BD575BEB17D9D2493F29578956C779 /* NSLayoutDimension+.swift */,
				5DE7F648E3F1AFEF8F2E912807BD956C /* NSObject+.swift */,
				43A9E8FB49A9FF5D6049F1AA935B3EAD /* String+.swift */,
				499FC240839E34C3B6FE55023AAF42C2 /* UIAlertController+.swift */,
				DB9A6ED48D7730E8191DF882910D907E /* UIColor+.swift */,
				BE68CF5C8CCE8F34FBB3ABED81BA164C /* UIImageView+.swift */,
				05FC303D1FA77029C0B18B8C19A66650 /* UIView+.swift */,
				98B4BE46BFB958F5BEA81116B5B5279F /* UIView+NSLayoutAnchor.swift */,
				911E3D8169E0F1D9CFF3A6A227748F01 /* UIViewController+.swift */,
			);
			path = Extension;
			sourceTree = "<group>";
		};
		C5254E221717B2B3CDB72F67E9F3234C /* Supporting Files */ = {
			isa = PBXGroup;
			children = (
				D208A0B65663B22067E6C7CE03E25453 /* AppDelegate.swift */,
				F4ABB05FB0A25453FC7A9EE002373931 /* Assets.xcassets */,
				9DD3AAD051DF7FFF74B2A70DEBC077F4 /* GeoConverter.swift */,
				D764E2C19ACD93F21236E2C52D091FFB /* LaunchScreen.storyboard */,
			);
			path = "Supporting Files";
			sourceTree = "<group>";
		};
		C683749A4618A81E1E0F1CF2A8180BCB /* View */ = {
			isa = PBXGroup;
			children = (
				AC7653C776E1A3E19A919FF1CA3E8B01 /* FeedbackCollectionViewCell.swift */,
				B059EEA2F5DED858EF5951E9018C8A75 /* FeedbackListTableViewCell.swift */,
			);
			path = View;
			sourceTree = "<group>";
		};
/* End PBXGroup section */

/* Begin PBXNativeTarget section */
		C359351F31356424279C6FAA7866E534 /* FineDust */ = {
			isa = PBXNativeTarget;
			buildConfigurationList = 8F00085DE92C2EA2B2186C1D4894EE65 /* Build configuration list for PBXNativeTarget "FineDust" */;
			buildPhases = (
				825464EA5E4F501155DA8B8D147034BC /* Sources */,
				6D2B679EF123BDF10961394D11352F24 /* Frameworks */,
				51B3C28C7598053C0285EFFA1543C4F4 /* Resources */,
				7228FB920B244F6FEED29E43DBB069BD /* ShellScript */,
			);
			buildRules = (
			);
			dependencies = (
			);
			name = FineDust;
			productName = FineDust;
			productReference = 6CB7A59C01A6BEA73951091DC6C6C60F /* FineDust.app */;
			productType = "com.apple.product-type.application";
		};
/* End PBXNativeTarget section */

/* Begin PBXProject section */
		54C4C346C97282321391D3CDFE95CBC6 /* Project object */ = {
			isa = PBXProject;
			attributes = {
				LastSwiftUpdateCheck = 1010;
				LastUpgradeCheck = 1010;
				ORGANIZATIONNAME = boostcamp3rd;
				TargetAttributes = {
					C359351F31356424279C6FAA7866E534 = {
						CreatedOnToolsVersion = 10.1;
						SystemCapabilities = {
							com.apple.BackgroundModes = {
								enabled = 0;
							};
							com.apple.HealthKit = {
								enabled = 0;
							};
						};
					};
				};
			};
			buildConfigurationList = 76AB648CF61AD2E93BA56CCC29DD2E21 /* Build configuration list for PBXProject "FineDust" */;
			compatibilityVersion = "Xcode 9.3";
			developmentRegion = en;
			hasScannedForEncodings = 0;
			knownRegions = (
				en,
				Base,
			);
			mainGroup = 03539B93491D052777A42E866616EFFC;
			productRefGroup = 249684EBDBAFA57925A702F7F2706E9E /* Products */;
			projectDirPath = "";
			projectRoot = "";
			targets = (
				C359351F31356424279C6FAA7866E534 /* FineDust */,
			);
		};
/* End PBXProject section */

/* Begin PBXResourcesBuildPhase section */
		51B3C28C7598053C0285EFFA1543C4F4 /* Resources */ = {
			isa = PBXResourcesBuildPhase;
			buildActionMask = 2147483647;
			files = (
				204D5CCDCF0215098F02993D13C3EBFE /* .swiftlint.yml in Resources */,
				740464EE62794055771F2E4C9D0035C0 /* Assets.xcassets in Resources */,
				BA45B98CB11CC8D859EBA76342CF6029 /* Common.storyboard in Resources */,
				AF73755646D309F02637E4EE66CD23C5 /* Feedback.storyboard in Resources */,
				A91D83975CED5DB65ED352B523335AB2 /* LaunchScreen.storyboard in Resources */,
				5C7A02F9CEE3F4A4A79E457AFEDCEBAF /* Main.storyboard in Resources */,
				23072DBB84A18FD77FCE8A5D0BA39883 /* RatioGraphView.xib in Resources */,
				B500997103DB43D02E812611C3454782 /* Statistics.storyboard in Resources */,
				3A89DBC74C55C2198ADB55DFFC957511 /* ValueGraphView.xib in Resources */,
				0CD1740E330718AD9F6C5C529AD7B10F /* swiftgen.yml in Resources */,
			);
			runOnlyForDeploymentPostprocessing = 0;
		};
/* End PBXResourcesBuildPhase section */

/* Begin PBXShellScriptBuildPhase section */
		7228FB920B244F6FEED29E43DBB069BD /* ShellScript */ = {
			isa = PBXShellScriptBuildPhase;
			buildActionMask = 2147483647;
			files = (
			);
			inputFileListPaths = (
			);
			inputPaths = (
			);
			outputFileListPaths = (
			);
			outputPaths = (
			);
			runOnlyForDeploymentPostprocessing = 0;
			shellPath = /bin/sh;
			shellScript = "if which swiftlint >/dev/null; then\nswiftlint\nelse\necho \"warning: SwiftLint not installed, download from https://github.com/realm/SwiftLint\"\nfi\n";
		};
/* End PBXShellScriptBuildPhase section */

/* Begin PBXSourcesBuildPhase section */
		825464EA5E4F501155DA8B8D147034BC /* Sources */ = {
			isa = PBXSourcesBuildPhase;
			buildActionMask = 2147483647;
			files = (
				F25981E03638955CA115F83012353666 /* API+FineDust.swift in Sources */,
				985C8431533A0B199E9938798F4B225C /* API.swift in Sources */,
				DCE1D84855AA9E770D56DBD295DE412E /* AppDelegate.swift in Sources */,
				761345E0591820A820DBB44A79B1FB76 /* Assets.swift in Sources */,
				0902E7B6288B1F6B38A1FA941EF9D737 /* CALayer+.swift in Sources */,
				959228DE936B1B4EB610C4992BB3F45C /* DataTerm.swift in Sources */,
				485C2BFFB3B3A55ECAA2EA3E5E665B3F /* Date+.swift in Sources */,
				204B29640C67AFB04114BBFBF8CD2FA0 /* FeedbackCollectionViewCell.swift in Sources */,
				C227239079D47CDEC9F72FAEDA56B178 /* FeedbackListTableViewCell.swift in Sources */,
				20CA4CC9EEF0809549D22652D5C0C4D4 /* FeedbackListViewController.swift in Sources */,
				F6C1234488BC54FDB5C5D472D24EDC2D /* FineDust.xcdatamodeld in Sources */,
				20BE30616C402C6AE0C7FAB843808747 /* FineDustHK.swift in Sources */,
				232662E5D1D5338B147FF05959D797E1 /* FineDustInfo.swift in Sources */,
				9B87020C83CE101BD244F0BFF6F082BE /* FineDustResponse.swift in Sources */,
				204861CD1D98F7238EA6235CF28AB641 /* GeoConverter.swift in Sources */,
				FD2BDBBAA3B5982381BFD1376572451D /* GeoInfo.swift in Sources */,
				0340ABA98AAE5B4F754E2E330CD05303 /* Grade.swift in Sources */,
				DDF20BF1181CF217DC8739371363142A /* MainViewController.swift in Sources */,
				1F8405E32EEF66BD14AAC45BD82369DD /* NSLayoutAnchor+.swift in Sources */,
				41057EA496BADCA9B72504DFC9FFA23B /* NSLayoutConstraint+.swift in Sources */,
				C33546D723737ADFD171EBB0CD18C1BF /* NSLayoutDimension+.swift in Sources */,
				2E0344EDA34A627A756BC20F9B2A791F /* NSObject+.swift in Sources */,
				BD5CD8B8D765B77C2BE845AAFB2C42B0 /* Network.swift in Sources */,
				67B90B88B78FC798FA44EB480AB2167A /* ObservatoryResponse.swift in Sources */,
				9C21C55458FC610F7CA4A5A0C74647BD /* RatioGraphView.swift in Sources */,
				19AF279021FAD625000DDF9E /* Notification.Name+.swift in Sources */,
				29A289A83A4898356104FF9E3E9EB1F9 /* RatioGraphViewDelegate.swift in Sources */,
				3D136B981C1EC99B4D6488FCAC846E16 /* StatisticsViewController.swift in Sources */,
				BFA9B24EA42B5531A4E033E71F4F8EDD /* String+.swift in Sources */,
				902AEE393C167BFDE0698F2C1236F783 /* UIAlertController+.swift in Sources */,
				A0221EFCD87D0BA93CDD31C167E4DF2E /* UIColor+.swift in Sources */,
				EF1E146C27E18234A79270C70FA9D14F /* UIImageView+.swift in Sources */,
				19AF279821FAF4AB000DDF9E /* ProgressIndicator.swift in Sources */,
				F408ED0799CF004B53F4180BE8F1CACD /* UIView+.swift in Sources */,
				78460935F8D933BB0B289AF0A2352619 /* UIView+NSLayoutAnchor.swift in Sources */,
				5FDA8F214C6E9BDDA2C64DBB2ED640BD /* UIViewController+.swift in Sources */,
				0A6CD6CC5EF0CB96915A1717214C71DB /* ValueGraphView.swift in Sources */,
				FA70CD246623C9206F4CE2C0FAD7AB47 /* ValueGraphViewDelegate.swift in Sources */,
			);
			runOnlyForDeploymentPostprocessing = 0;
		};
/* End PBXSourcesBuildPhase section */

/* Begin PBXVariantGroup section */
		D764E2C19ACD93F21236E2C52D091FFB /* LaunchScreen.storyboard */ = {
			isa = PBXVariantGroup;
			children = (
				067E449E7BAAA91C4EE4A2715980EAFD /* Base */,
			);
			name = LaunchScreen.storyboard;
			sourceTree = "<group>";
		};
		EE1273B4F655106F72F602D38FC779D2 /* Main.storyboard */ = {
			isa = PBXVariantGroup;
			children = (
				9FB0BC76B2D4F22A9A11E837F8E6FA5B /* Base */,
			);
			name = Main.storyboard;
			sourceTree = "<group>";
		};
/* End PBXVariantGroup section */

/* Begin XCBuildConfiguration section */
		0D55646CCC95D68B755CE5C9C9012C1F /* Debug */ = {
			isa = XCBuildConfiguration;
			buildSettings = {
				ALWAYS_SEARCH_USER_PATHS = NO;
				CLANG_ANALYZER_NONNULL = YES;
				CLANG_ANALYZER_NUMBER_OBJECT_CONVERSION = YES_AGGRESSIVE;
				CLANG_CXX_LANGUAGE_STANDARD = "gnu++14";
				CLANG_CXX_LIBRARY = "libc++";
				CLANG_ENABLE_MODULES = YES;
				CLANG_ENABLE_OBJC_ARC = YES;
				CLANG_ENABLE_OBJC_WEAK = YES;
				CLANG_WARN_BLOCK_CAPTURE_AUTORELEASING = YES;
				CLANG_WARN_BOOL_CONVERSION = YES;
				CLANG_WARN_COMMA = YES;
				CLANG_WARN_CONSTANT_CONVERSION = YES;
				CLANG_WARN_DEPRECATED_OBJC_IMPLEMENTATIONS = YES;
				CLANG_WARN_DIRECT_OBJC_ISA_USAGE = YES_ERROR;
				CLANG_WARN_DOCUMENTATION_COMMENTS = YES;
				CLANG_WARN_EMPTY_BODY = YES;
				CLANG_WARN_ENUM_CONVERSION = YES;
				CLANG_WARN_INFINITE_RECURSION = YES;
				CLANG_WARN_INT_CONVERSION = YES;
				CLANG_WARN_NON_LITERAL_NULL_CONVERSION = YES;
				CLANG_WARN_OBJC_IMPLICIT_RETAIN_SELF = YES;
				CLANG_WARN_OBJC_LITERAL_CONVERSION = YES;
				CLANG_WARN_OBJC_ROOT_CLASS = YES_ERROR;
				CLANG_WARN_RANGE_LOOP_ANALYSIS = YES;
				CLANG_WARN_STRICT_PROTOTYPES = YES;
				CLANG_WARN_SUSPICIOUS_MOVE = YES;
				CLANG_WARN_UNGUARDED_AVAILABILITY = YES_AGGRESSIVE;
				CLANG_WARN_UNREACHABLE_CODE = YES;
				CLANG_WARN__DUPLICATE_METHOD_MATCH = YES;
				CODE_SIGN_IDENTITY = "iPhone Developer";
				COPY_PHASE_STRIP = NO;
				DEBUG_INFORMATION_FORMAT = dwarf;
				ENABLE_STRICT_OBJC_MSGSEND = YES;
				ENABLE_TESTABILITY = YES;
				GCC_C_LANGUAGE_STANDARD = gnu11;
				GCC_DYNAMIC_NO_PIC = NO;
				GCC_NO_COMMON_BLOCKS = YES;
				GCC_OPTIMIZATION_LEVEL = 0;
				GCC_PREPROCESSOR_DEFINITIONS = (
					"DEBUG=1",
					"$(inherited)",
				);
				GCC_WARN_64_TO_32_BIT_CONVERSION = YES;
				GCC_WARN_ABOUT_RETURN_TYPE = YES_ERROR;
				GCC_WARN_UNDECLARED_SELECTOR = YES;
				GCC_WARN_UNINITIALIZED_AUTOS = YES_AGGRESSIVE;
				GCC_WARN_UNUSED_FUNCTION = YES;
				GCC_WARN_UNUSED_VARIABLE = YES;
				IPHONEOS_DEPLOYMENT_TARGET = 11.0;
				MTL_ENABLE_DEBUG_INFO = INCLUDE_SOURCE;
				MTL_FAST_MATH = YES;
				ONLY_ACTIVE_ARCH = YES;
				SDKROOT = iphoneos;
				SWIFT_ACTIVE_COMPILATION_CONDITIONS = DEBUG;
				SWIFT_OPTIMIZATION_LEVEL = "-Onone";
			};
			name = Debug;
		};
		7F6FE804E817FE0B139A95336C65A9B3 /* Release */ = {
			isa = XCBuildConfiguration;
			buildSettings = {
				ALWAYS_SEARCH_USER_PATHS = NO;
				CLANG_ANALYZER_NONNULL = YES;
				CLANG_ANALYZER_NUMBER_OBJECT_CONVERSION = YES_AGGRESSIVE;
				CLANG_CXX_LANGUAGE_STANDARD = "gnu++14";
				CLANG_CXX_LIBRARY = "libc++";
				CLANG_ENABLE_MODULES = YES;
				CLANG_ENABLE_OBJC_ARC = YES;
				CLANG_ENABLE_OBJC_WEAK = YES;
				CLANG_WARN_BLOCK_CAPTURE_AUTORELEASING = YES;
				CLANG_WARN_BOOL_CONVERSION = YES;
				CLANG_WARN_COMMA = YES;
				CLANG_WARN_CONSTANT_CONVERSION = YES;
				CLANG_WARN_DEPRECATED_OBJC_IMPLEMENTATIONS = YES;
				CLANG_WARN_DIRECT_OBJC_ISA_USAGE = YES_ERROR;
				CLANG_WARN_DOCUMENTATION_COMMENTS = YES;
				CLANG_WARN_EMPTY_BODY = YES;
				CLANG_WARN_ENUM_CONVERSION = YES;
				CLANG_WARN_INFINITE_RECURSION = YES;
				CLANG_WARN_INT_CONVERSION = YES;
				CLANG_WARN_NON_LITERAL_NULL_CONVERSION = YES;
				CLANG_WARN_OBJC_IMPLICIT_RETAIN_SELF = YES;
				CLANG_WARN_OBJC_LITERAL_CONVERSION = YES;
				CLANG_WARN_OBJC_ROOT_CLASS = YES_ERROR;
				CLANG_WARN_RANGE_LOOP_ANALYSIS = YES;
				CLANG_WARN_STRICT_PROTOTYPES = YES;
				CLANG_WARN_SUSPICIOUS_MOVE = YES;
				CLANG_WARN_UNGUARDED_AVAILABILITY = YES_AGGRESSIVE;
				CLANG_WARN_UNREACHABLE_CODE = YES;
				CLANG_WARN__DUPLICATE_METHOD_MATCH = YES;
				CODE_SIGN_IDENTITY = "iPhone Developer";
				COPY_PHASE_STRIP = NO;
				DEBUG_INFORMATION_FORMAT = "dwarf-with-dsym";
				ENABLE_NS_ASSERTIONS = NO;
				ENABLE_STRICT_OBJC_MSGSEND = YES;
				GCC_C_LANGUAGE_STANDARD = gnu11;
				GCC_NO_COMMON_BLOCKS = YES;
				GCC_WARN_64_TO_32_BIT_CONVERSION = YES;
				GCC_WARN_ABOUT_RETURN_TYPE = YES_ERROR;
				GCC_WARN_UNDECLARED_SELECTOR = YES;
				GCC_WARN_UNINITIALIZED_AUTOS = YES_AGGRESSIVE;
				GCC_WARN_UNUSED_FUNCTION = YES;
				GCC_WARN_UNUSED_VARIABLE = YES;
				IPHONEOS_DEPLOYMENT_TARGET = 11.0;
				MTL_ENABLE_DEBUG_INFO = NO;
				MTL_FAST_MATH = YES;
				SDKROOT = iphoneos;
				SWIFT_COMPILATION_MODE = wholemodule;
				SWIFT_OPTIMIZATION_LEVEL = "-O";
				VALIDATE_PRODUCT = YES;
			};
			name = Release;
		};
		DE8F4696B51F4C9747D985CC9765375B /* Release */ = {
			isa = XCBuildConfiguration;
			buildSettings = {
				ASSETCATALOG_COMPILER_APPICON_NAME = AppIcon;
				CODE_SIGN_IDENTITY = "iPhone Developer";
				CODE_SIGN_STYLE = Automatic;
				DEVELOPMENT_TEAM = H79MF628K3;
				INFOPLIST_FILE = FineDust/Info.plist;
				IPHONEOS_DEPLOYMENT_TARGET = 11.0;
				LD_RUNPATH_SEARCH_PATHS = (
					"$(inherited)",
					"@executable_path/Frameworks",
				);
				PRODUCT_BUNDLE_IDENTIFIER = kr.co.boostcamp3rd.FineDust;
				PRODUCT_NAME = "$(TARGET_NAME)";
				PROVISIONING_PROFILE_SPECIFIER = "";
				SWIFT_VERSION = 4.2;
				TARGETED_DEVICE_FAMILY = 1;
			};
			name = Release;
		};
		E56408CD67CACF8A0E4588BFF2593817 /* Debug */ = {
			isa = XCBuildConfiguration;
			buildSettings = {
				ASSETCATALOG_COMPILER_APPICON_NAME = AppIcon;
				CODE_SIGN_IDENTITY = "iPhone Developer";
				CODE_SIGN_STYLE = Automatic;
				DEVELOPMENT_TEAM = H79MF628K3;
				INFOPLIST_FILE = FineDust/Info.plist;
				IPHONEOS_DEPLOYMENT_TARGET = 11.0;
				LD_RUNPATH_SEARCH_PATHS = (
					"$(inherited)",
					"@executable_path/Frameworks",
				);
				PRODUCT_BUNDLE_IDENTIFIER = kr.co.boostcamp3rd.FineDust;
				PRODUCT_NAME = "$(TARGET_NAME)";
				PROVISIONING_PROFILE_SPECIFIER = "";
				SWIFT_VERSION = 4.2;
				TARGETED_DEVICE_FAMILY = 1;
			};
			name = Debug;
		};
/* End XCBuildConfiguration section */

/* Begin XCConfigurationList section */
		76AB648CF61AD2E93BA56CCC29DD2E21 /* Build configuration list for PBXProject "FineDust" */ = {
			isa = XCConfigurationList;
			buildConfigurations = (
				0D55646CCC95D68B755CE5C9C9012C1F /* Debug */,
				7F6FE804E817FE0B139A95336C65A9B3 /* Release */,
			);
			defaultConfigurationIsVisible = 0;
			defaultConfigurationName = Release;
		};
		8F00085DE92C2EA2B2186C1D4894EE65 /* Build configuration list for PBXNativeTarget "FineDust" */ = {
			isa = XCConfigurationList;
			buildConfigurations = (
				E56408CD67CACF8A0E4588BFF2593817 /* Debug */,
				DE8F4696B51F4C9747D985CC9765375B /* Release */,
			);
			defaultConfigurationIsVisible = 0;
			defaultConfigurationName = Release;
		};
/* End XCConfigurationList section */

/* Begin XCVersionGroup section */
		17AFECFD5FB32629FADDDD4FA8975772 /* FineDust.xcdatamodeld */ = {
			isa = XCVersionGroup;
			children = (
				D247F6F3851E8A9D8F03470A313986A4 /* FineDust.xcdatamodel */,
			);
			currentVersion = D247F6F3851E8A9D8F03470A313986A4 /* FineDust.xcdatamodel */;
			path = FineDust.xcdatamodeld;
			sourceTree = "<group>";
			versionGroupType = wrapper.xcdatamodel;
		};
/* End XCVersionGroup section */
	};
	rootObject = 54C4C346C97282321391D3CDFE95CBC6 /* Project object */;
}
